
Microsoft Visual Studio Solution File, Format Version 12.00
# Visual Studio Version 17
VisualStudioVersion = 17.0.32014.148
MinimumVisualStudioVersion = 10.0.40219.1
Project("{2150E333-8FDC-42A3-9474-1A3956D46DE8}") = "_root", "_root", "{622B2762-903D-417C-8E20-810F9ED2731F}"
	ProjectSection(SolutionItems) = preProject
		.editorconfig = .editorconfig
		.gitattributes = .gitattributes
		.gitignore = .gitignore
		common-unreleased.targets = common-unreleased.targets
		common.targets = common.targets
		LICENSE = LICENSE
		README.md = README.md
	EndProjectSection
EndProject
Project("{9A19103F-16F7-4668-BE54-9A1E7A4F7556}") = "AnimalSocialMenu", "AnimalSocialMenu\AnimalSocialMenu.csproj", "{27983CA4-BC2E-4C12-BD06-60C6BE031EB1}"
EndProject
Project("{9A19103F-16F7-4668-BE54-9A1E7A4F7556}") = "AnotherHungerMod", "AnotherHungerMod\AnotherHungerMod.csproj", "{EFFD6F85-4075-4A81-B468-C480434989EC}"
EndProject
Project("{9A19103F-16F7-4668-BE54-9A1E7A4F7556}") = "BetterMeteorites", "BetterMeteorites\BetterMeteorites.csproj", "{7014C24C-A7B8-446A-8B13-ECA54EEA1F88}"
EndProject
Project("{9A19103F-16F7-4668-BE54-9A1E7A4F7556}") = "BetterShopMenu", "BetterShopMenu\BetterShopMenu.csproj", "{F918B9A5-24CE-44F7-BCBB-0B6FFEBC1F0A}"
EndProject
Project("{9A19103F-16F7-4668-BE54-9A1E7A4F7556}") = "BugNet", "BugNet\BugNet.csproj", "{F97E01F6-8CE5-47DC-9A33-27094DD35C33}"
EndProject
Project("{9A19103F-16F7-4668-BE54-9A1E7A4F7556}") = "CarryChest", "CarryChest\CarryChest.csproj", "{3762F270-268B-4DCC-8D07-6978304E46EA}"
EndProject
Project("{9A19103F-16F7-4668-BE54-9A1E7A4F7556}") = "CombatLevelDamageScaler", "CombatLevelDamageScaler\CombatLevelDamageScaler.csproj", "{BBFD98D1-255C-41ED-AA74-E965FED1ECB2}"
EndProject
Project("{9A19103F-16F7-4668-BE54-9A1E7A4F7556}") = "ConsoleCode", "ConsoleCode\ConsoleCode.csproj", "{DAAE6853-63D4-40B1-9318-800291B1AA66}"
EndProject
Project("{9A19103F-16F7-4668-BE54-9A1E7A4F7556}") = "ContentPatcherAnimations", "ContentPatcherAnimations\ContentPatcherAnimations.csproj", "{B0BB0171-260E-40FE-95DC-4377CE916FF0}"
EndProject
Project("{9A19103F-16F7-4668-BE54-9A1E7A4F7556}") = "CookingSkill", "CookingSkill\CookingSkill.csproj", "{7B0E3C65-34BF-48E0-99F1-7B28869F3F5B}"
EndProject
Project("{9A19103F-16F7-4668-BE54-9A1E7A4F7556}") = "CustomCritters", "CustomCritters\CustomCritters.csproj", "{157AD988-F4F3-4945-BC7E-F28181B39576}"
EndProject
Project("{9A19103F-16F7-4668-BE54-9A1E7A4F7556}") = "CustomizeExterior", "CustomizeExterior\CustomizeExterior.csproj", "{CB66640E-62E0-4EFE-B2F2-5C06720275F3}"
EndProject
Project("{9A19103F-16F7-4668-BE54-9A1E7A4F7556}") = "CustomNPCFixes", "CustomNPCFixes\CustomNPCFixes.csproj", "{505F7D71-20B2-4010-AC06-79B1229A74C6}"
EndProject
Project("{9A19103F-16F7-4668-BE54-9A1E7A4F7556}") = "ExperienceBars", "ExperienceBars\ExperienceBars.csproj", "{1C3D86AA-C048-4798-BEC5-07D7269CCE53}"
EndProject
Project("{9A19103F-16F7-4668-BE54-9A1E7A4F7556}") = "ExtendedReach", "ExtendedReach\ExtendedReach.csproj", "{023C7F23-485A-4EFC-BC0B-37F0C0DEA930}"
EndProject
Project("{9A19103F-16F7-4668-BE54-9A1E7A4F7556}") = "FlowerColorPicker", "FlowerColorPicker\FlowerColorPicker.csproj", "{9002AAED-277D-40F9-A6AC-91698952124C}"
EndProject
Project("{9A19103F-16F7-4668-BE54-9A1E7A4F7556}") = "GenericModConfigMenu", "GenericModConfigMenu\GenericModConfigMenu.csproj", "{C3D5972F-CB65-4C85-8E1C-55C78A99940A}"
EndProject
Project("{9A19103F-16F7-4668-BE54-9A1E7A4F7556}") = "JsonAssets", "JsonAssets\JsonAssets.csproj", "{EEF5D802-F0A2-43B4-BD27-16B8262C4DE4}"
EndProject
Project("{9A19103F-16F7-4668-BE54-9A1E7A4F7556}") = "JumpOver", "JumpOver\JumpOver.csproj", "{16C65E62-E346-4AEA-809A-36EBC0442607}"
EndProject
Project("{9A19103F-16F7-4668-BE54-9A1E7A4F7556}") = "LuckSkill", "LuckSkill\LuckSkill.csproj", "{B0EF91AB-2DD6-4240-98D9-E965ACF79F7C}"
EndProject
Project("{9A19103F-16F7-4668-BE54-9A1E7A4F7556}") = "Magic", "Magic\Magic.csproj", "{E05A01C6-1543-4334-98DC-48E4D54AFC90}"
EndProject
Project("{9A19103F-16F7-4668-BE54-9A1E7A4F7556}") = "MoreBuildings", "MoreBuildings\MoreBuildings.csproj", "{06FA9172-30EF-41F6-95BC-175F61C8C669}"
EndProject
Project("{9A19103F-16F7-4668-BE54-9A1E7A4F7556}") = "MoreGrassStarters", "MoreGrassStarters\MoreGrassStarters.csproj", "{34EAC087-758B-4D03-B597-9623286F482D}"
EndProject
Project("{9A19103F-16F7-4668-BE54-9A1E7A4F7556}") = "MoreRings", "MoreRings\MoreRings.csproj", "{5BE81C98-3845-4DFF-ADAB-E0B57CFD044B}"
EndProject
Project("{9A19103F-16F7-4668-BE54-9A1E7A4F7556}") = "ObjectTimeLeft", "ObjectTimeLeft\ObjectTimeLeft.csproj", "{273B7946-725E-4DCF-8A8C-0D9E5B2D2EEC}"
EndProject
Project("{9A19103F-16F7-4668-BE54-9A1E7A4F7556}") = "ProfitCalculator", "ProfitCalculator\ProfitCalculator.csproj", "{F516D462-4A51-4414-BFA5-E82761AF15E5}"
EndProject
Project("{9A19103F-16F7-4668-BE54-9A1E7A4F7556}") = "RushOrders", "RushOrders\RushOrders.csproj", "{A534CA13-4195-468F-93A6-C579CCA46058}"
EndProject
Project("{9A19103F-16F7-4668-BE54-9A1E7A4F7556}") = "SleepyEye", "SleepyEye\SleepyEye.csproj", "{6E9BA154-07EB-43C8-8E5A-94247FF28556}"
EndProject
Project("{9A19103F-16F7-4668-BE54-9A1E7A4F7556}") = "SpaceCore", "SpaceCore\SpaceCore.csproj", "{BA657CB4-93ED-4C3A-A66E-86954BEB4CE6}"
EndProject
Project("{D954291E-2A0B-460D-934E-DC6B0785DB48}") = "SpaceShared", "SpaceShared\SpaceShared.shproj", "{061610A4-7D02-4F52-A921-F59ED123C2A9}"
EndProject
Project("{9A19103F-16F7-4668-BE54-9A1E7A4F7556}") = "Spenny", "Spenny\Spenny.csproj", "{1C1289BD-F40B-4343-AA8A-4F151F887463}"
EndProject
Project("{9A19103F-16F7-4668-BE54-9A1E7A4F7556}") = "Terraforming", "Terraforming\Terraforming.csproj", "{3F979F1D-6D46-45EE-9201-8A4E9864FCBF}"
EndProject
Project("{9A19103F-16F7-4668-BE54-9A1E7A4F7556}") = "TheftOfTheWinterStar", "TheftOfTheWinterStar\TheftOfTheWinterStar.csproj", "{9495A8BB-CF71-4C86-9EB4-F03247FD0E54}"
EndProject
Project("{9A19103F-16F7-4668-BE54-9A1E7A4F7556}") = "ThreeHeartDancePartner", "ThreeHeartDancePartner\ThreeHeartDancePartner.csproj", "{E1CBD6A1-F9D8-4FAA-9D5D-BB1E49682FE6}"
EndProject
Project("{9A19103F-16F7-4668-BE54-9A1E7A4F7556}") = "ThrowableAxe", "ThrowableAxe\ThrowableAxe.csproj", "{95E3B0C8-60B2-49CC-91A4-B8EA936681D4}"
EndProject
Project("{9A19103F-16F7-4668-BE54-9A1E7A4F7556}") = "MoreGiantCrops", "MoreGiantCrops\MoreGiantCrops.csproj", "{6FA9A976-C843-405F-B7A1-FC6AA3E6FAA7}"
EndProject
Project("{9A19103F-16F7-4668-BE54-9A1E7A4F7556}") = "CustomBuildings", "CustomBuildings\CustomBuildings.csproj", "{5ECB259A-6E3C-46B7-980C-E71730B34C19}"
EndProject
Project("{9A19103F-16F7-4668-BE54-9A1E7A4F7556}") = "CaveFarm", "CaveFarm\CaveFarm.csproj", "{992BE23F-A878-4788-8009-0AA9B099A707}"
EndProject
Project("{9A19103F-16F7-4668-BE54-9A1E7A4F7556}") = "FlowerRain", "FlowerRain\FlowerRain.csproj", "{0ABED0CB-F0E2-4232-A0DE-FD170537C7C8}"
EndProject
Project("{9A19103F-16F7-4668-BE54-9A1E7A4F7556}") = "ManaBar", "ManaBar\ManaBar.csproj", "{3AEB49FD-D27F-410A-8483-8BB6FC8E51C6}"
EndProject
Project("{9A19103F-16F7-4668-BE54-9A1E7A4F7556}") = "JunimosAcceptCash", "JunimosAcceptCash\JunimosAcceptCash.csproj", "{7E4024E8-392D-4A65-A659-93E8CB261FFE}"
EndProject
Project("{9A19103F-16F7-4668-BE54-9A1E7A4F7556}") = "HybridCropEngine", "HybridCropEngine\HybridCropEngine.csproj", "{20E193C9-A779-494E-83F1-B2A920551B19}"
EndProject
Project("{9A19103F-16F7-4668-BE54-9A1E7A4F7556}") = "StatueOfGenerosity", "StatueOfGenerosity\StatueOfGenerosity.csproj", "{4C8538CC-9720-4B94-BE88-F9E809B49268}"
EndProject
Project("{9A19103F-16F7-4668-BE54-9A1E7A4F7556}") = "BiggerCraftables", "BiggerCraftables\BiggerCraftables.csproj", "{13AB4923-B6DE-4872-9BB3-49E4C18F937C}"
EndProject
Project("{9A19103F-16F7-4668-BE54-9A1E7A4F7556}") = "RaftRestoration", "RaftRestoration\RaftRestoration.csproj", "{35253CA1-E09C-4078-8ABB-C05880812F7B}"
EndProject
Project("{9A19103F-16F7-4668-BE54-9A1E7A4F7556}") = "ArcadeRoom", "ArcadeRoom\ArcadeRoom.csproj", "{FA089604-D8E4-4C3F-8E70-B090E17B5548}"
EndProject
Project("{9A19103F-16F7-4668-BE54-9A1E7A4F7556}") = "LocationLayerTool", "LocationLayerTool\LocationLayerTool.csproj", "{A20DE2A2-91A8-41FD-8CB5-75D0B7FF20F9}"
EndProject
Project("{9A19103F-16F7-4668-BE54-9A1E7A4F7556}") = "BuildableLocationsFramework", "BuildableLocationsFramework\BuildableLocationsFramework.csproj", "{C5DF0500-3462-4095-AEF7-3ABC5EBFA5EA}"
EndProject
Project("{9A19103F-16F7-4668-BE54-9A1E7A4F7556}") = "SurfingFestival", "SurfingFestival\SurfingFestival.csproj", "{6258E986-4E80-483E-A0B0-07A6A9789226}"
EndProject
Project("{9A19103F-16F7-4668-BE54-9A1E7A4F7556}") = "BiggerJunimoChest", "BiggerJunimoChest\BiggerJunimoChest.csproj", "{5AD9A1BF-DC0C-4177-B362-DE4706C99780}"
EndProject
Project("{9A19103F-16F7-4668-BE54-9A1E7A4F7556}") = "MoreEnchantments", "MoreEnchantments\MoreEnchantments.csproj", "{41BBD68D-B674-4DDC-B0A4-7E189F13873A}"
EndProject
Project("{9A19103F-16F7-4668-BE54-9A1E7A4F7556}") = "PyromancersJourney", "PyromancersJourney\PyromancersJourney.csproj", "{8D7529F1-D6A7-4267-93A5-74115B598EC7}"
EndProject
Project("{9A19103F-16F7-4668-BE54-9A1E7A4F7556}") = "MultiFertilizer", "MultiFertilizer\MultiFertilizer.csproj", "{04BD21DB-896A-4811-AE3D-DE5B56E3EF44}"
EndProject
Project("{9A19103F-16F7-4668-BE54-9A1E7A4F7556}") = "Displays", "Displays\Displays.csproj", "{AC01EB5C-16CB-4541-916A-B77BE55DF69A}"
EndProject
Project("{9A19103F-16F7-4668-BE54-9A1E7A4F7556}") = "CapstoneProfessions", "CapstoneProfessions\CapstoneProfessions.csproj", "{94C0B3EB-EB7F-4113-B634-4778F7523E7B}"
EndProject
Project("{9A19103F-16F7-4668-BE54-9A1E7A4F7556}") = "PreexistingRelationship", "PreexistingRelationship\PreexistingRelationship.csproj", "{03BE86D2-DAD8-4F43-AA94-9E27B654F449}"
EndProject
Project("{2150E333-8FDC-42A3-9474-1A3956D46DE8}") = "deprecated mods", "deprecated mods", "{88541912-D5C2-4322-8079-4A949DF04384}"
EndProject
Project("{2150E333-8FDC-42A3-9474-1A3956D46DE8}") = "unreleased mods", "unreleased mods", "{8FEFBE16-BBBC-4EA0-829E-E5DCF15F0DFA}"
EndProject
Project("{2150E333-8FDC-42A3-9474-1A3956D46DE8}") = "internal", "internal", "{DED81BB3-A571-46E2-91C2-6A8B7890C7EA}"
EndProject
Project("{D954291E-2A0B-460D-934E-DC6B0785DB48}") = "SpaceSharedPatching", "SpaceSharedPatching\SpaceSharedPatching.shproj", "{A87F5D49-6246-4B14-8363-114DC9335C2C}"
EndProject
Project("{9A19103F-16F7-4668-BE54-9A1E7A4F7556}") = "DynamicGameAssets", "DynamicGameAssets\DynamicGameAssets.csproj", "{100B0E56-6FF4-48EA-97B6-6102CB68931E}"
EndProject
Project("{9A19103F-16F7-4668-BE54-9A1E7A4F7556}") = "JA_to_DGA", "JA_to_DGA\JA_to_DGA.csproj", "{E3CDA243-4E11-493B-96D8-35466ABC5AC4}"
EndProject
Project("{9A19103F-16F7-4668-BE54-9A1E7A4F7556}") = "RealtimeMinimap", "RealtimeMinimap\RealtimeMinimap.csproj", "{BE08EA2B-9860-4D20-B5B4-F3B2FF9DA8EA}"
EndProject
Project("{9A19103F-16F7-4668-BE54-9A1E7A4F7556}") = "PicturePortraits", "PicturePortraits\PicturePortraits.csproj", "{39EE1A29-BCBD-4BA5-867F-1439A9359B0E}"
EndProject
Project("{9A19103F-16F7-4668-BE54-9A1E7A4F7556}") = "SuperHopper", "SuperHopper\SuperHopper.csproj", "{D93E668B-6C2A-470C-B9D3-AB86BD3A1E99}"
EndProject
Project("{9A19103F-16F7-4668-BE54-9A1E7A4F7556}") = "DGAAutomate", "DGAAutomate\DGAAutomate.csproj", "{B6E809A4-263F-4912-905A-00175CFB8074}"
EndProject
Project("{9A19103F-16F7-4668-BE54-9A1E7A4F7556}") = "MisappliedPhysicalities", "MisappliedPhysicalities\MisappliedPhysicalities.csproj", "{43EDE3D9-2062-4F79-B581-708FFAF9D195}"
EndProject
Project("{9A19103F-16F7-4668-BE54-9A1E7A4F7556}") = "MoonMisadventures", "MoonMisadventures\MoonMisadventures.csproj", "{014B4846-0E6C-4C73-B851-0A560D36AEEE}"
EndProject
Project("{9A19103F-16F7-4668-BE54-9A1E7A4F7556}") = "ContentCode", "ContentCode\ContentCode.csproj", "{EA954A5C-AB8B-466B-9434-3E7997B3E903}"
EndProject
Project("{9A19103F-16F7-4668-BE54-9A1E7A4F7556}") = "MonstersTheFramework", "MonstersTheFramework\MonstersTheFramework.csproj", "{F7D17474-6ED6-42CF-A79B-2A96319E1875}"
EndProject
Project("{9A19103F-16F7-4668-BE54-9A1E7A4F7556}") = "ContentPatcherEditor", "ContentPatcherEditor\ContentPatcherEditor.csproj", "{34AB99B0-096E-4919-933C-A7A04D1E9F91}"
EndProject
Project("{9A19103F-16F7-4668-BE54-9A1E7A4F7556}") = "Custom_Crops", "Custom_Crops\Custom_Crops.csproj", "{695CDA6A-9398-4D71-9432-9763CC510020}"
EndProject
Project("{9A19103F-16F7-4668-BE54-9A1E7A4F7556}") = "NewGamePlus", "NewGamePlus\NewGamePlus.csproj", "{3DA3FB18-AC0C-40F4-B45B-5D13916D032A}"
EndProject
Project("{FAE04EC0-301F-11D3-BF4B-00C04F79EFBC}") = "DyeableHats", "DyeableHats\DyeableHats.csproj", "{AACF284D-8352-4727-9F9E-9916BA2266AF}"
EndProject
Global
	GlobalSection(SharedMSBuildProjectFiles) = preSolution
		SpaceSharedPatching\SpaceSharedPatching.projitems*{014b4846-0e6c-4c73-b851-0a560d36aeee}*SharedItemsImports = 5
		SpaceShared\SpaceShared.projitems*{014b4846-0e6c-4c73-b851-0a560d36aeee}*SharedItemsImports = 5
		SpaceSharedPatching\SpaceSharedPatching.projitems*{023c7f23-485a-4efc-bc0b-37f0c0dea930}*SharedItemsImports = 5
		SpaceShared\SpaceShared.projitems*{023c7f23-485a-4efc-bc0b-37f0c0dea930}*SharedItemsImports = 5
		SpaceShared\SpaceShared.projitems*{03be86d2-dad8-4f43-aa94-9e27b654f449}*SharedItemsImports = 5
		SpaceSharedPatching\SpaceSharedPatching.projitems*{04bd21db-896a-4811-ae3d-de5b56e3ef44}*SharedItemsImports = 5
		SpaceShared\SpaceShared.projitems*{04bd21db-896a-4811-ae3d-de5b56e3ef44}*SharedItemsImports = 5
		SpaceShared\SpaceShared.projitems*{061610a4-7d02-4f52-a921-f59ed123c2a9}*SharedItemsImports = 13
		SpaceSharedPatching\SpaceSharedPatching.projitems*{06fa9172-30ef-41f6-95bc-175f61c8c669}*SharedItemsImports = 5
		SpaceShared\SpaceShared.projitems*{06fa9172-30ef-41f6-95bc-175f61c8c669}*SharedItemsImports = 5
		SpaceSharedPatching\SpaceSharedPatching.projitems*{0abed0cb-f0e2-4232-a0de-fd170537c7c8}*SharedItemsImports = 5
		SpaceShared\SpaceShared.projitems*{0abed0cb-f0e2-4232-a0de-fd170537c7c8}*SharedItemsImports = 5
		SpaceSharedPatching\SpaceSharedPatching.projitems*{100b0e56-6ff4-48ea-97b6-6102cb68931e}*SharedItemsImports = 5
		SpaceShared\SpaceShared.projitems*{100b0e56-6ff4-48ea-97b6-6102cb68931e}*SharedItemsImports = 5
		SpaceSharedPatching\SpaceSharedPatching.projitems*{13ab4923-b6de-4872-9bb3-49e4c18f937c}*SharedItemsImports = 5
		SpaceShared\SpaceShared.projitems*{13ab4923-b6de-4872-9bb3-49e4c18f937c}*SharedItemsImports = 5
		SpaceShared\SpaceShared.projitems*{157ad988-f4f3-4945-bc7e-f28181b39576}*SharedItemsImports = 5
		SpaceShared\SpaceShared.projitems*{16c65e62-e346-4aea-809a-36ebc0442607}*SharedItemsImports = 5
		SpaceShared\SpaceShared.projitems*{1c1289bd-f40b-4343-aa8a-4f151f887463}*SharedItemsImports = 5
		SpaceShared\SpaceShared.projitems*{1c3d86aa-c048-4798-bec5-07d7269cce53}*SharedItemsImports = 5
		SpaceShared\SpaceShared.projitems*{20e193c9-a779-494e-83f1-b2a920551b19}*SharedItemsImports = 5
		SpaceShared\SpaceShared.projitems*{273b7946-725e-4dcf-8a8c-0d9e5b2d2eec}*SharedItemsImports = 5
		SpaceShared\SpaceShared.projitems*{27983ca4-bc2e-4c12-bd06-60c6be031eb1}*SharedItemsImports = 5
		SpaceShared\SpaceShared.projitems*{34ab99b0-096e-4919-933c-a7a04d1e9f91}*SharedItemsImports = 5
		SpaceShared\SpaceShared.projitems*{34eac087-758b-4d03-b597-9623286f482d}*SharedItemsImports = 5
		SpaceSharedPatching\SpaceSharedPatching.projitems*{35253ca1-e09c-4078-8abb-c05880812f7b}*SharedItemsImports = 5
		SpaceShared\SpaceShared.projitems*{35253ca1-e09c-4078-8abb-c05880812f7b}*SharedItemsImports = 5
		SpaceSharedPatching\SpaceSharedPatching.projitems*{3762f270-268b-4dcc-8d07-6978304e46ea}*SharedItemsImports = 5
		SpaceShared\SpaceShared.projitems*{3762f270-268b-4dcc-8d07-6978304e46ea}*SharedItemsImports = 5
		SpaceSharedPatching\SpaceSharedPatching.projitems*{39ee1a29-bcbd-4ba5-867f-1439a9359b0e}*SharedItemsImports = 5
		SpaceShared\SpaceShared.projitems*{39ee1a29-bcbd-4ba5-867f-1439a9359b0e}*SharedItemsImports = 5
		SpaceShared\SpaceShared.projitems*{3aeb49fd-d27f-410a-8483-8bb6fc8e51c6}*SharedItemsImports = 5
		SpaceShared\SpaceShared.projitems*{3da3fb18-ac0c-40f4-b45b-5d13916d032a}*SharedItemsImports = 5
		SpaceShared\SpaceShared.projitems*{3f979f1d-6d46-45ee-9201-8a4e9864fcbf}*SharedItemsImports = 5
		SpaceSharedPatching\SpaceSharedPatching.projitems*{41bbd68d-b674-4ddc-b0a4-7e189f13873a}*SharedItemsImports = 5
		SpaceShared\SpaceShared.projitems*{41bbd68d-b674-4ddc-b0a4-7e189f13873a}*SharedItemsImports = 5
		SpaceSharedPatching\SpaceSharedPatching.projitems*{43ede3d9-2062-4f79-b581-708ffaf9d195}*SharedItemsImports = 5
		SpaceShared\SpaceShared.projitems*{43ede3d9-2062-4f79-b581-708ffaf9d195}*SharedItemsImports = 5
		SpaceSharedPatching\SpaceSharedPatching.projitems*{4c8538cc-9720-4b94-be88-f9e809b49268}*SharedItemsImports = 5
		SpaceShared\SpaceShared.projitems*{4c8538cc-9720-4b94-be88-f9e809b49268}*SharedItemsImports = 5
		SpaceShared\SpaceShared.projitems*{505f7d71-20b2-4010-ac06-79b1229a74c6}*SharedItemsImports = 5
		SpaceSharedPatching\SpaceSharedPatching.projitems*{5ad9a1bf-dc0c-4177-b362-de4706c99780}*SharedItemsImports = 5
		SpaceShared\SpaceShared.projitems*{5ad9a1bf-dc0c-4177-b362-de4706c99780}*SharedItemsImports = 5
		SpaceSharedPatching\SpaceSharedPatching.projitems*{5be81c98-3845-4dff-adab-e0b57cfd044b}*SharedItemsImports = 5
		SpaceShared\SpaceShared.projitems*{5be81c98-3845-4dff-adab-e0b57cfd044b}*SharedItemsImports = 5
		SpaceSharedPatching\SpaceSharedPatching.projitems*{5ecb259a-6e3c-46b7-980c-e71730b34c19}*SharedItemsImports = 5
		SpaceShared\SpaceShared.projitems*{5ecb259a-6e3c-46b7-980c-e71730b34c19}*SharedItemsImports = 5
		SpaceSharedPatching\SpaceSharedPatching.projitems*{6258e986-4e80-483e-a0b0-07a6a9789226}*SharedItemsImports = 5
		SpaceShared\SpaceShared.projitems*{6258e986-4e80-483e-a0b0-07a6a9789226}*SharedItemsImports = 5
		SpaceShared\SpaceShared.projitems*{695cda6a-9398-4d71-9432-9763cc510020}*SharedItemsImports = 5
		SpaceShared\SpaceShared.projitems*{6e9ba154-07eb-43c8-8e5a-94247ff28556}*SharedItemsImports = 5
		SpaceSharedPatching\SpaceSharedPatching.projitems*{6fa9a976-c843-405f-b7a1-fc6aa3e6faa7}*SharedItemsImports = 5
		SpaceShared\SpaceShared.projitems*{6fa9a976-c843-405f-b7a1-fc6aa3e6faa7}*SharedItemsImports = 5
		SpaceShared\SpaceShared.projitems*{7014c24c-a7b8-446a-8b13-eca54eea1f88}*SharedItemsImports = 5
		SpaceSharedPatching\SpaceSharedPatching.projitems*{7b0e3c65-34bf-48e0-99f1-7b28869f3f5b}*SharedItemsImports = 5
		SpaceShared\SpaceShared.projitems*{7b0e3c65-34bf-48e0-99f1-7b28869f3f5b}*SharedItemsImports = 5
		SpaceShared\SpaceShared.projitems*{7e4024e8-392d-4a65-a659-93e8cb261ffe}*SharedItemsImports = 5
		SpaceShared\SpaceShared.projitems*{8d7529f1-d6a7-4267-93a5-74115b598ec7}*SharedItemsImports = 5
		SpaceShared\SpaceShared.projitems*{9002aaed-277d-40f9-a6ac-91698952124c}*SharedItemsImports = 5
		SpaceSharedPatching\SpaceSharedPatching.projitems*{9495a8bb-cf71-4c86-9eb4-f03247fd0e54}*SharedItemsImports = 5
		SpaceShared\SpaceShared.projitems*{9495a8bb-cf71-4c86-9eb4-f03247fd0e54}*SharedItemsImports = 5
		SpaceSharedPatching\SpaceSharedPatching.projitems*{94c0b3eb-eb7f-4113-b634-4778f7523e7b}*SharedItemsImports = 5
		SpaceShared\SpaceShared.projitems*{94c0b3eb-eb7f-4113-b634-4778f7523e7b}*SharedItemsImports = 5
		SpaceShared\SpaceShared.projitems*{95e3b0c8-60b2-49cc-91a4-b8ea936681d4}*SharedItemsImports = 5
		SpaceShared\SpaceShared.projitems*{992be23f-a878-4788-8009-0aa9b099a707}*SharedItemsImports = 5
		SpaceSharedPatching\SpaceSharedPatching.projitems*{a20de2a2-91a8-41fd-8cb5-75d0b7ff20f9}*SharedItemsImports = 5
		SpaceShared\SpaceShared.projitems*{a20de2a2-91a8-41fd-8cb5-75d0b7ff20f9}*SharedItemsImports = 5
		SpaceShared\SpaceShared.projitems*{a534ca13-4195-468f-93a6-c579cca46058}*SharedItemsImports = 5
		SpaceSharedPatching\SpaceSharedPatching.projitems*{a87f5d49-6246-4b14-8363-114dc9335c2c}*SharedItemsImports = 13
		SpaceShared\SpaceShared.projitems*{aacf284d-8352-4727-9f9e-9916ba2266af}*SharedItemsImports = 5
		SpaceShared\SpaceShared.projitems*{ac01eb5c-16cb-4541-916a-b77be55df69a}*SharedItemsImports = 5
		SpaceSharedPatching\SpaceSharedPatching.projitems*{b0bb0171-260e-40fe-95dc-4377ce916ff0}*SharedItemsImports = 5
		SpaceShared\SpaceShared.projitems*{b0bb0171-260e-40fe-95dc-4377ce916ff0}*SharedItemsImports = 5
		SpaceSharedPatching\SpaceSharedPatching.projitems*{b0ef91ab-2dd6-4240-98d9-e965acf79f7c}*SharedItemsImports = 5
		SpaceShared\SpaceShared.projitems*{b0ef91ab-2dd6-4240-98d9-e965acf79f7c}*SharedItemsImports = 5
		SpaceShared\SpaceShared.projitems*{b6e809a4-263f-4912-905a-00175cfb8074}*SharedItemsImports = 5
		SpaceSharedPatching\SpaceSharedPatching.projitems*{ba657cb4-93ed-4c3a-a66e-86954beb4ce6}*SharedItemsImports = 5
		SpaceShared\SpaceShared.projitems*{ba657cb4-93ed-4c3a-a66e-86954beb4ce6}*SharedItemsImports = 5
		SpaceSharedPatching\SpaceSharedPatching.projitems*{bbfd98d1-255c-41ed-aa74-e965fed1ecb2}*SharedItemsImports = 5
		SpaceShared\SpaceShared.projitems*{bbfd98d1-255c-41ed-aa74-e965fed1ecb2}*SharedItemsImports = 5
		SpaceShared\SpaceShared.projitems*{be08ea2b-9860-4d20-b5b4-f3b2ff9da8ea}*SharedItemsImports = 5
		SpaceShared\SpaceShared.projitems*{c3d5972f-cb65-4c85-8e1c-55c78a99940a}*SharedItemsImports = 5
		SpaceSharedPatching\SpaceSharedPatching.projitems*{c5df0500-3462-4095-aef7-3abc5ebfa5ea}*SharedItemsImports = 5
		SpaceShared\SpaceShared.projitems*{c5df0500-3462-4095-aef7-3abc5ebfa5ea}*SharedItemsImports = 5
		SpaceShared\SpaceShared.projitems*{cb66640e-62e0-4efe-b2f2-5c06720275f3}*SharedItemsImports = 5
		SpaceSharedPatching\SpaceSharedPatching.projitems*{d93e668b-6c2a-470c-b9d3-ab86bd3a1e99}*SharedItemsImports = 5
		SpaceShared\SpaceShared.projitems*{d93e668b-6c2a-470c-b9d3-ab86bd3a1e99}*SharedItemsImports = 5
		SpaceShared\SpaceShared.projitems*{daae6853-63d4-40b1-9318-800291b1aa66}*SharedItemsImports = 5
		SpaceShared\SpaceShared.projitems*{e05a01c6-1543-4334-98dc-48e4d54afc90}*SharedItemsImports = 5
		SpaceShared\SpaceShared.projitems*{e1cbd6a1-f9d8-4faa-9d5d-bb1e49682fe6}*SharedItemsImports = 5
		SpaceShared\SpaceShared.projitems*{e3cda243-4e11-493b-96d8-35466abc5ac4}*SharedItemsImports = 5
		SpaceShared\SpaceShared.projitems*{ea954a5c-ab8b-466b-9434-3e7997b3e903}*SharedItemsImports = 5
		SpaceSharedPatching\SpaceSharedPatching.projitems*{eef5d802-f0a2-43b4-bd27-16b8262c4de4}*SharedItemsImports = 5
		SpaceShared\SpaceShared.projitems*{eef5d802-f0a2-43b4-bd27-16b8262c4de4}*SharedItemsImports = 5
		SpaceShared\SpaceShared.projitems*{effd6f85-4075-4a81-b468-c480434989ec}*SharedItemsImports = 5
		SpaceShared\SpaceShared.projitems*{f516d462-4a51-4414-bfa5-e82761af15e5}*SharedItemsImports = 5
		SpaceShared\SpaceShared.projitems*{f7d17474-6ed6-42cf-a79b-2a96319e1875}*SharedItemsImports = 5
		SpaceShared\SpaceShared.projitems*{f918b9a5-24ce-44f7-bcbb-0b6ffebc1f0a}*SharedItemsImports = 5
		SpaceShared\SpaceShared.projitems*{f97e01f6-8ce5-47dc-9a33-27094dd35c33}*SharedItemsImports = 5
		SpaceShared\SpaceShared.projitems*{fa089604-d8e4-4c3f-8e70-b090e17b5548}*SharedItemsImports = 5
	EndGlobalSection
	GlobalSection(SolutionConfigurationPlatforms) = preSolution
		Debug|Any CPU = Debug|Any CPU
		Release|Any CPU = Release|Any CPU
	EndGlobalSection
	GlobalSection(ProjectConfigurationPlatforms) = postSolution
		{27983CA4-BC2E-4C12-BD06-60C6BE031EB1}.Debug|Any CPU.ActiveCfg = Debug|Any CPU
		{27983CA4-BC2E-4C12-BD06-60C6BE031EB1}.Debug|Any CPU.Build.0 = Debug|Any CPU
		{27983CA4-BC2E-4C12-BD06-60C6BE031EB1}.Release|Any CPU.ActiveCfg = Release|Any CPU
		{27983CA4-BC2E-4C12-BD06-60C6BE031EB1}.Release|Any CPU.Build.0 = Release|Any CPU
		{EFFD6F85-4075-4A81-B468-C480434989EC}.Debug|Any CPU.ActiveCfg = Debug|Any CPU
		{EFFD6F85-4075-4A81-B468-C480434989EC}.Debug|Any CPU.Build.0 = Debug|Any CPU
		{EFFD6F85-4075-4A81-B468-C480434989EC}.Release|Any CPU.ActiveCfg = Release|Any CPU
		{EFFD6F85-4075-4A81-B468-C480434989EC}.Release|Any CPU.Build.0 = Release|Any CPU
		{7014C24C-A7B8-446A-8B13-ECA54EEA1F88}.Debug|Any CPU.ActiveCfg = Debug|Any CPU
		{7014C24C-A7B8-446A-8B13-ECA54EEA1F88}.Debug|Any CPU.Build.0 = Debug|Any CPU
		{7014C24C-A7B8-446A-8B13-ECA54EEA1F88}.Release|Any CPU.ActiveCfg = Release|Any CPU
		{7014C24C-A7B8-446A-8B13-ECA54EEA1F88}.Release|Any CPU.Build.0 = Release|Any CPU
		{F918B9A5-24CE-44F7-BCBB-0B6FFEBC1F0A}.Debug|Any CPU.ActiveCfg = Debug|Any CPU
		{F918B9A5-24CE-44F7-BCBB-0B6FFEBC1F0A}.Debug|Any CPU.Build.0 = Debug|Any CPU
		{F918B9A5-24CE-44F7-BCBB-0B6FFEBC1F0A}.Release|Any CPU.ActiveCfg = Release|Any CPU
		{F918B9A5-24CE-44F7-BCBB-0B6FFEBC1F0A}.Release|Any CPU.Build.0 = Release|Any CPU
		{F97E01F6-8CE5-47DC-9A33-27094DD35C33}.Debug|Any CPU.ActiveCfg = Debug|Any CPU
		{F97E01F6-8CE5-47DC-9A33-27094DD35C33}.Debug|Any CPU.Build.0 = Debug|Any CPU
		{F97E01F6-8CE5-47DC-9A33-27094DD35C33}.Release|Any CPU.ActiveCfg = Release|Any CPU
		{F97E01F6-8CE5-47DC-9A33-27094DD35C33}.Release|Any CPU.Build.0 = Release|Any CPU
		{3762F270-268B-4DCC-8D07-6978304E46EA}.Debug|Any CPU.ActiveCfg = Debug|Any CPU
		{3762F270-268B-4DCC-8D07-6978304E46EA}.Debug|Any CPU.Build.0 = Debug|Any CPU
		{3762F270-268B-4DCC-8D07-6978304E46EA}.Release|Any CPU.ActiveCfg = Release|Any CPU
		{3762F270-268B-4DCC-8D07-6978304E46EA}.Release|Any CPU.Build.0 = Release|Any CPU
		{BBFD98D1-255C-41ED-AA74-E965FED1ECB2}.Debug|Any CPU.ActiveCfg = Debug|Any CPU
		{BBFD98D1-255C-41ED-AA74-E965FED1ECB2}.Debug|Any CPU.Build.0 = Debug|Any CPU
		{BBFD98D1-255C-41ED-AA74-E965FED1ECB2}.Release|Any CPU.ActiveCfg = Release|Any CPU
		{BBFD98D1-255C-41ED-AA74-E965FED1ECB2}.Release|Any CPU.Build.0 = Release|Any CPU
		{DAAE6853-63D4-40B1-9318-800291B1AA66}.Debug|Any CPU.ActiveCfg = Debug|Any CPU
		{DAAE6853-63D4-40B1-9318-800291B1AA66}.Debug|Any CPU.Build.0 = Debug|Any CPU
		{DAAE6853-63D4-40B1-9318-800291B1AA66}.Release|Any CPU.ActiveCfg = Release|Any CPU
		{DAAE6853-63D4-40B1-9318-800291B1AA66}.Release|Any CPU.Build.0 = Release|Any CPU
		{B0BB0171-260E-40FE-95DC-4377CE916FF0}.Debug|Any CPU.ActiveCfg = Debug|Any CPU
		{B0BB0171-260E-40FE-95DC-4377CE916FF0}.Debug|Any CPU.Build.0 = Debug|Any CPU
		{B0BB0171-260E-40FE-95DC-4377CE916FF0}.Release|Any CPU.ActiveCfg = Release|Any CPU
		{B0BB0171-260E-40FE-95DC-4377CE916FF0}.Release|Any CPU.Build.0 = Release|Any CPU
		{7B0E3C65-34BF-48E0-99F1-7B28869F3F5B}.Debug|Any CPU.ActiveCfg = Debug|Any CPU
		{7B0E3C65-34BF-48E0-99F1-7B28869F3F5B}.Debug|Any CPU.Build.0 = Debug|Any CPU
		{7B0E3C65-34BF-48E0-99F1-7B28869F3F5B}.Release|Any CPU.ActiveCfg = Release|Any CPU
		{7B0E3C65-34BF-48E0-99F1-7B28869F3F5B}.Release|Any CPU.Build.0 = Release|Any CPU
		{157AD988-F4F3-4945-BC7E-F28181B39576}.Debug|Any CPU.ActiveCfg = Debug|Any CPU
		{157AD988-F4F3-4945-BC7E-F28181B39576}.Debug|Any CPU.Build.0 = Debug|Any CPU
		{157AD988-F4F3-4945-BC7E-F28181B39576}.Release|Any CPU.ActiveCfg = Release|Any CPU
		{157AD988-F4F3-4945-BC7E-F28181B39576}.Release|Any CPU.Build.0 = Release|Any CPU
		{CB66640E-62E0-4EFE-B2F2-5C06720275F3}.Debug|Any CPU.ActiveCfg = Debug|Any CPU
		{CB66640E-62E0-4EFE-B2F2-5C06720275F3}.Debug|Any CPU.Build.0 = Debug|Any CPU
		{CB66640E-62E0-4EFE-B2F2-5C06720275F3}.Release|Any CPU.ActiveCfg = Release|Any CPU
		{CB66640E-62E0-4EFE-B2F2-5C06720275F3}.Release|Any CPU.Build.0 = Release|Any CPU
		{505F7D71-20B2-4010-AC06-79B1229A74C6}.Debug|Any CPU.ActiveCfg = Debug|Any CPU
		{505F7D71-20B2-4010-AC06-79B1229A74C6}.Debug|Any CPU.Build.0 = Debug|Any CPU
		{505F7D71-20B2-4010-AC06-79B1229A74C6}.Release|Any CPU.ActiveCfg = Release|Any CPU
		{505F7D71-20B2-4010-AC06-79B1229A74C6}.Release|Any CPU.Build.0 = Release|Any CPU
		{1C3D86AA-C048-4798-BEC5-07D7269CCE53}.Debug|Any CPU.ActiveCfg = Debug|Any CPU
		{1C3D86AA-C048-4798-BEC5-07D7269CCE53}.Debug|Any CPU.Build.0 = Debug|Any CPU
		{1C3D86AA-C048-4798-BEC5-07D7269CCE53}.Release|Any CPU.ActiveCfg = Release|Any CPU
		{1C3D86AA-C048-4798-BEC5-07D7269CCE53}.Release|Any CPU.Build.0 = Release|Any CPU
		{023C7F23-485A-4EFC-BC0B-37F0C0DEA930}.Debug|Any CPU.ActiveCfg = Debug|Any CPU
		{023C7F23-485A-4EFC-BC0B-37F0C0DEA930}.Debug|Any CPU.Build.0 = Debug|Any CPU
		{023C7F23-485A-4EFC-BC0B-37F0C0DEA930}.Release|Any CPU.ActiveCfg = Release|Any CPU
		{023C7F23-485A-4EFC-BC0B-37F0C0DEA930}.Release|Any CPU.Build.0 = Release|Any CPU
		{9002AAED-277D-40F9-A6AC-91698952124C}.Debug|Any CPU.ActiveCfg = Debug|Any CPU
		{9002AAED-277D-40F9-A6AC-91698952124C}.Debug|Any CPU.Build.0 = Debug|Any CPU
		{9002AAED-277D-40F9-A6AC-91698952124C}.Release|Any CPU.ActiveCfg = Release|Any CPU
		{9002AAED-277D-40F9-A6AC-91698952124C}.Release|Any CPU.Build.0 = Release|Any CPU
		{C3D5972F-CB65-4C85-8E1C-55C78A99940A}.Debug|Any CPU.ActiveCfg = Debug|Any CPU
		{C3D5972F-CB65-4C85-8E1C-55C78A99940A}.Debug|Any CPU.Build.0 = Debug|Any CPU
		{C3D5972F-CB65-4C85-8E1C-55C78A99940A}.Release|Any CPU.ActiveCfg = Release|Any CPU
		{C3D5972F-CB65-4C85-8E1C-55C78A99940A}.Release|Any CPU.Build.0 = Release|Any CPU
		{EEF5D802-F0A2-43B4-BD27-16B8262C4DE4}.Debug|Any CPU.ActiveCfg = Debug|Any CPU
		{EEF5D802-F0A2-43B4-BD27-16B8262C4DE4}.Debug|Any CPU.Build.0 = Debug|Any CPU
		{EEF5D802-F0A2-43B4-BD27-16B8262C4DE4}.Release|Any CPU.ActiveCfg = Release|Any CPU
		{EEF5D802-F0A2-43B4-BD27-16B8262C4DE4}.Release|Any CPU.Build.0 = Release|Any CPU
		{16C65E62-E346-4AEA-809A-36EBC0442607}.Debug|Any CPU.ActiveCfg = Debug|Any CPU
		{16C65E62-E346-4AEA-809A-36EBC0442607}.Debug|Any CPU.Build.0 = Debug|Any CPU
		{16C65E62-E346-4AEA-809A-36EBC0442607}.Release|Any CPU.ActiveCfg = Release|Any CPU
		{16C65E62-E346-4AEA-809A-36EBC0442607}.Release|Any CPU.Build.0 = Release|Any CPU
		{B0EF91AB-2DD6-4240-98D9-E965ACF79F7C}.Debug|Any CPU.ActiveCfg = Debug|Any CPU
		{B0EF91AB-2DD6-4240-98D9-E965ACF79F7C}.Debug|Any CPU.Build.0 = Debug|Any CPU
		{B0EF91AB-2DD6-4240-98D9-E965ACF79F7C}.Release|Any CPU.ActiveCfg = Release|Any CPU
		{B0EF91AB-2DD6-4240-98D9-E965ACF79F7C}.Release|Any CPU.Build.0 = Release|Any CPU
		{E05A01C6-1543-4334-98DC-48E4D54AFC90}.Debug|Any CPU.ActiveCfg = Debug|Any CPU
		{E05A01C6-1543-4334-98DC-48E4D54AFC90}.Debug|Any CPU.Build.0 = Debug|Any CPU
		{E05A01C6-1543-4334-98DC-48E4D54AFC90}.Release|Any CPU.ActiveCfg = Release|Any CPU
		{E05A01C6-1543-4334-98DC-48E4D54AFC90}.Release|Any CPU.Build.0 = Release|Any CPU
		{06FA9172-30EF-41F6-95BC-175F61C8C669}.Debug|Any CPU.ActiveCfg = Debug|Any CPU
		{06FA9172-30EF-41F6-95BC-175F61C8C669}.Debug|Any CPU.Build.0 = Debug|Any CPU
		{06FA9172-30EF-41F6-95BC-175F61C8C669}.Release|Any CPU.ActiveCfg = Release|Any CPU
		{06FA9172-30EF-41F6-95BC-175F61C8C669}.Release|Any CPU.Build.0 = Release|Any CPU
		{34EAC087-758B-4D03-B597-9623286F482D}.Debug|Any CPU.ActiveCfg = Debug|Any CPU
		{34EAC087-758B-4D03-B597-9623286F482D}.Debug|Any CPU.Build.0 = Debug|Any CPU
		{34EAC087-758B-4D03-B597-9623286F482D}.Release|Any CPU.ActiveCfg = Release|Any CPU
		{34EAC087-758B-4D03-B597-9623286F482D}.Release|Any CPU.Build.0 = Release|Any CPU
		{5BE81C98-3845-4DFF-ADAB-E0B57CFD044B}.Debug|Any CPU.ActiveCfg = Debug|Any CPU
		{5BE81C98-3845-4DFF-ADAB-E0B57CFD044B}.Debug|Any CPU.Build.0 = Debug|Any CPU
		{5BE81C98-3845-4DFF-ADAB-E0B57CFD044B}.Release|Any CPU.ActiveCfg = Release|Any CPU
		{5BE81C98-3845-4DFF-ADAB-E0B57CFD044B}.Release|Any CPU.Build.0 = Release|Any CPU
		{273B7946-725E-4DCF-8A8C-0D9E5B2D2EEC}.Debug|Any CPU.ActiveCfg = Debug|Any CPU
		{273B7946-725E-4DCF-8A8C-0D9E5B2D2EEC}.Debug|Any CPU.Build.0 = Debug|Any CPU
		{273B7946-725E-4DCF-8A8C-0D9E5B2D2EEC}.Release|Any CPU.ActiveCfg = Release|Any CPU
		{273B7946-725E-4DCF-8A8C-0D9E5B2D2EEC}.Release|Any CPU.Build.0 = Release|Any CPU
		{F516D462-4A51-4414-BFA5-E82761AF15E5}.Debug|Any CPU.ActiveCfg = Debug|Any CPU
		{F516D462-4A51-4414-BFA5-E82761AF15E5}.Debug|Any CPU.Build.0 = Debug|Any CPU
		{F516D462-4A51-4414-BFA5-E82761AF15E5}.Release|Any CPU.ActiveCfg = Release|Any CPU
		{F516D462-4A51-4414-BFA5-E82761AF15E5}.Release|Any CPU.Build.0 = Release|Any CPU
		{A534CA13-4195-468F-93A6-C579CCA46058}.Debug|Any CPU.ActiveCfg = Debug|Any CPU
		{A534CA13-4195-468F-93A6-C579CCA46058}.Debug|Any CPU.Build.0 = Debug|Any CPU
		{A534CA13-4195-468F-93A6-C579CCA46058}.Release|Any CPU.ActiveCfg = Release|Any CPU
		{A534CA13-4195-468F-93A6-C579CCA46058}.Release|Any CPU.Build.0 = Release|Any CPU
		{6E9BA154-07EB-43C8-8E5A-94247FF28556}.Debug|Any CPU.ActiveCfg = Debug|Any CPU
		{6E9BA154-07EB-43C8-8E5A-94247FF28556}.Debug|Any CPU.Build.0 = Debug|Any CPU
		{6E9BA154-07EB-43C8-8E5A-94247FF28556}.Release|Any CPU.ActiveCfg = Release|Any CPU
		{6E9BA154-07EB-43C8-8E5A-94247FF28556}.Release|Any CPU.Build.0 = Release|Any CPU
		{BA657CB4-93ED-4C3A-A66E-86954BEB4CE6}.Debug|Any CPU.ActiveCfg = Debug|Any CPU
		{BA657CB4-93ED-4C3A-A66E-86954BEB4CE6}.Debug|Any CPU.Build.0 = Debug|Any CPU
		{BA657CB4-93ED-4C3A-A66E-86954BEB4CE6}.Release|Any CPU.ActiveCfg = Release|Any CPU
		{BA657CB4-93ED-4C3A-A66E-86954BEB4CE6}.Release|Any CPU.Build.0 = Release|Any CPU
		{1C1289BD-F40B-4343-AA8A-4F151F887463}.Debug|Any CPU.ActiveCfg = Debug|Any CPU
		{1C1289BD-F40B-4343-AA8A-4F151F887463}.Debug|Any CPU.Build.0 = Debug|Any CPU
		{1C1289BD-F40B-4343-AA8A-4F151F887463}.Release|Any CPU.ActiveCfg = Release|Any CPU
		{1C1289BD-F40B-4343-AA8A-4F151F887463}.Release|Any CPU.Build.0 = Release|Any CPU
		{3F979F1D-6D46-45EE-9201-8A4E9864FCBF}.Debug|Any CPU.ActiveCfg = Debug|Any CPU
		{3F979F1D-6D46-45EE-9201-8A4E9864FCBF}.Debug|Any CPU.Build.0 = Debug|Any CPU
		{3F979F1D-6D46-45EE-9201-8A4E9864FCBF}.Release|Any CPU.ActiveCfg = Release|Any CPU
		{3F979F1D-6D46-45EE-9201-8A4E9864FCBF}.Release|Any CPU.Build.0 = Release|Any CPU
		{9495A8BB-CF71-4C86-9EB4-F03247FD0E54}.Debug|Any CPU.ActiveCfg = Debug|Any CPU
		{9495A8BB-CF71-4C86-9EB4-F03247FD0E54}.Debug|Any CPU.Build.0 = Debug|Any CPU
		{9495A8BB-CF71-4C86-9EB4-F03247FD0E54}.Release|Any CPU.ActiveCfg = Release|Any CPU
		{9495A8BB-CF71-4C86-9EB4-F03247FD0E54}.Release|Any CPU.Build.0 = Release|Any CPU
		{E1CBD6A1-F9D8-4FAA-9D5D-BB1E49682FE6}.Debug|Any CPU.ActiveCfg = Debug|Any CPU
		{E1CBD6A1-F9D8-4FAA-9D5D-BB1E49682FE6}.Debug|Any CPU.Build.0 = Debug|Any CPU
		{E1CBD6A1-F9D8-4FAA-9D5D-BB1E49682FE6}.Release|Any CPU.ActiveCfg = Release|Any CPU
		{E1CBD6A1-F9D8-4FAA-9D5D-BB1E49682FE6}.Release|Any CPU.Build.0 = Release|Any CPU
		{95E3B0C8-60B2-49CC-91A4-B8EA936681D4}.Debug|Any CPU.ActiveCfg = Debug|Any CPU
		{95E3B0C8-60B2-49CC-91A4-B8EA936681D4}.Debug|Any CPU.Build.0 = Debug|Any CPU
		{95E3B0C8-60B2-49CC-91A4-B8EA936681D4}.Release|Any CPU.ActiveCfg = Release|Any CPU
		{95E3B0C8-60B2-49CC-91A4-B8EA936681D4}.Release|Any CPU.Build.0 = Release|Any CPU
		{6FA9A976-C843-405F-B7A1-FC6AA3E6FAA7}.Debug|Any CPU.ActiveCfg = Debug|Any CPU
		{6FA9A976-C843-405F-B7A1-FC6AA3E6FAA7}.Debug|Any CPU.Build.0 = Debug|Any CPU
		{6FA9A976-C843-405F-B7A1-FC6AA3E6FAA7}.Release|Any CPU.ActiveCfg = Release|Any CPU
		{6FA9A976-C843-405F-B7A1-FC6AA3E6FAA7}.Release|Any CPU.Build.0 = Release|Any CPU
		{5ECB259A-6E3C-46B7-980C-E71730B34C19}.Debug|Any CPU.ActiveCfg = Debug|Any CPU
		{5ECB259A-6E3C-46B7-980C-E71730B34C19}.Debug|Any CPU.Build.0 = Debug|Any CPU
		{5ECB259A-6E3C-46B7-980C-E71730B34C19}.Release|Any CPU.ActiveCfg = Release|Any CPU
		{5ECB259A-6E3C-46B7-980C-E71730B34C19}.Release|Any CPU.Build.0 = Release|Any CPU
		{992BE23F-A878-4788-8009-0AA9B099A707}.Debug|Any CPU.ActiveCfg = Debug|Any CPU
		{992BE23F-A878-4788-8009-0AA9B099A707}.Debug|Any CPU.Build.0 = Debug|Any CPU
		{992BE23F-A878-4788-8009-0AA9B099A707}.Release|Any CPU.ActiveCfg = Release|Any CPU
		{992BE23F-A878-4788-8009-0AA9B099A707}.Release|Any CPU.Build.0 = Release|Any CPU
		{0ABED0CB-F0E2-4232-A0DE-FD170537C7C8}.Debug|Any CPU.ActiveCfg = Debug|Any CPU
		{0ABED0CB-F0E2-4232-A0DE-FD170537C7C8}.Debug|Any CPU.Build.0 = Debug|Any CPU
		{0ABED0CB-F0E2-4232-A0DE-FD170537C7C8}.Release|Any CPU.ActiveCfg = Release|Any CPU
		{0ABED0CB-F0E2-4232-A0DE-FD170537C7C8}.Release|Any CPU.Build.0 = Release|Any CPU
		{3AEB49FD-D27F-410A-8483-8BB6FC8E51C6}.Debug|Any CPU.ActiveCfg = Debug|Any CPU
		{3AEB49FD-D27F-410A-8483-8BB6FC8E51C6}.Debug|Any CPU.Build.0 = Debug|Any CPU
		{3AEB49FD-D27F-410A-8483-8BB6FC8E51C6}.Release|Any CPU.ActiveCfg = Release|Any CPU
		{3AEB49FD-D27F-410A-8483-8BB6FC8E51C6}.Release|Any CPU.Build.0 = Release|Any CPU
		{7E4024E8-392D-4A65-A659-93E8CB261FFE}.Debug|Any CPU.ActiveCfg = Debug|Any CPU
		{7E4024E8-392D-4A65-A659-93E8CB261FFE}.Debug|Any CPU.Build.0 = Debug|Any CPU
		{7E4024E8-392D-4A65-A659-93E8CB261FFE}.Release|Any CPU.ActiveCfg = Release|Any CPU
		{7E4024E8-392D-4A65-A659-93E8CB261FFE}.Release|Any CPU.Build.0 = Release|Any CPU
		{20E193C9-A779-494E-83F1-B2A920551B19}.Debug|Any CPU.ActiveCfg = Debug|Any CPU
		{20E193C9-A779-494E-83F1-B2A920551B19}.Debug|Any CPU.Build.0 = Debug|Any CPU
		{20E193C9-A779-494E-83F1-B2A920551B19}.Release|Any CPU.ActiveCfg = Release|Any CPU
		{20E193C9-A779-494E-83F1-B2A920551B19}.Release|Any CPU.Build.0 = Release|Any CPU
		{4C8538CC-9720-4B94-BE88-F9E809B49268}.Debug|Any CPU.ActiveCfg = Debug|Any CPU
		{4C8538CC-9720-4B94-BE88-F9E809B49268}.Debug|Any CPU.Build.0 = Debug|Any CPU
		{4C8538CC-9720-4B94-BE88-F9E809B49268}.Release|Any CPU.ActiveCfg = Release|Any CPU
		{4C8538CC-9720-4B94-BE88-F9E809B49268}.Release|Any CPU.Build.0 = Release|Any CPU
		{13AB4923-B6DE-4872-9BB3-49E4C18F937C}.Debug|Any CPU.ActiveCfg = Debug|Any CPU
		{13AB4923-B6DE-4872-9BB3-49E4C18F937C}.Debug|Any CPU.Build.0 = Debug|Any CPU
		{13AB4923-B6DE-4872-9BB3-49E4C18F937C}.Release|Any CPU.ActiveCfg = Release|Any CPU
		{13AB4923-B6DE-4872-9BB3-49E4C18F937C}.Release|Any CPU.Build.0 = Release|Any CPU
		{35253CA1-E09C-4078-8ABB-C05880812F7B}.Debug|Any CPU.ActiveCfg = Debug|Any CPU
		{35253CA1-E09C-4078-8ABB-C05880812F7B}.Debug|Any CPU.Build.0 = Debug|Any CPU
		{35253CA1-E09C-4078-8ABB-C05880812F7B}.Release|Any CPU.ActiveCfg = Release|Any CPU
		{35253CA1-E09C-4078-8ABB-C05880812F7B}.Release|Any CPU.Build.0 = Release|Any CPU
		{FA089604-D8E4-4C3F-8E70-B090E17B5548}.Debug|Any CPU.ActiveCfg = Debug|Any CPU
		{FA089604-D8E4-4C3F-8E70-B090E17B5548}.Debug|Any CPU.Build.0 = Debug|Any CPU
		{FA089604-D8E4-4C3F-8E70-B090E17B5548}.Release|Any CPU.ActiveCfg = Release|Any CPU
		{FA089604-D8E4-4C3F-8E70-B090E17B5548}.Release|Any CPU.Build.0 = Release|Any CPU
		{A20DE2A2-91A8-41FD-8CB5-75D0B7FF20F9}.Debug|Any CPU.ActiveCfg = Debug|Any CPU
		{A20DE2A2-91A8-41FD-8CB5-75D0B7FF20F9}.Debug|Any CPU.Build.0 = Debug|Any CPU
		{A20DE2A2-91A8-41FD-8CB5-75D0B7FF20F9}.Release|Any CPU.ActiveCfg = Release|Any CPU
		{A20DE2A2-91A8-41FD-8CB5-75D0B7FF20F9}.Release|Any CPU.Build.0 = Release|Any CPU
		{C5DF0500-3462-4095-AEF7-3ABC5EBFA5EA}.Debug|Any CPU.ActiveCfg = Debug|Any CPU
		{C5DF0500-3462-4095-AEF7-3ABC5EBFA5EA}.Debug|Any CPU.Build.0 = Debug|Any CPU
		{C5DF0500-3462-4095-AEF7-3ABC5EBFA5EA}.Release|Any CPU.ActiveCfg = Release|Any CPU
		{C5DF0500-3462-4095-AEF7-3ABC5EBFA5EA}.Release|Any CPU.Build.0 = Release|Any CPU
		{6258E986-4E80-483E-A0B0-07A6A9789226}.Debug|Any CPU.ActiveCfg = Debug|Any CPU
		{6258E986-4E80-483E-A0B0-07A6A9789226}.Debug|Any CPU.Build.0 = Debug|Any CPU
		{6258E986-4E80-483E-A0B0-07A6A9789226}.Release|Any CPU.ActiveCfg = Release|Any CPU
		{6258E986-4E80-483E-A0B0-07A6A9789226}.Release|Any CPU.Build.0 = Release|Any CPU
		{5AD9A1BF-DC0C-4177-B362-DE4706C99780}.Debug|Any CPU.ActiveCfg = Debug|Any CPU
		{5AD9A1BF-DC0C-4177-B362-DE4706C99780}.Debug|Any CPU.Build.0 = Debug|Any CPU
		{5AD9A1BF-DC0C-4177-B362-DE4706C99780}.Release|Any CPU.ActiveCfg = Release|Any CPU
		{5AD9A1BF-DC0C-4177-B362-DE4706C99780}.Release|Any CPU.Build.0 = Release|Any CPU
		{41BBD68D-B674-4DDC-B0A4-7E189F13873A}.Debug|Any CPU.ActiveCfg = Debug|Any CPU
		{41BBD68D-B674-4DDC-B0A4-7E189F13873A}.Debug|Any CPU.Build.0 = Debug|Any CPU
		{41BBD68D-B674-4DDC-B0A4-7E189F13873A}.Release|Any CPU.ActiveCfg = Release|Any CPU
		{41BBD68D-B674-4DDC-B0A4-7E189F13873A}.Release|Any CPU.Build.0 = Release|Any CPU
		{8D7529F1-D6A7-4267-93A5-74115B598EC7}.Debug|Any CPU.ActiveCfg = Debug|Any CPU
		{8D7529F1-D6A7-4267-93A5-74115B598EC7}.Debug|Any CPU.Build.0 = Debug|Any CPU
		{8D7529F1-D6A7-4267-93A5-74115B598EC7}.Release|Any CPU.ActiveCfg = Release|Any CPU
		{8D7529F1-D6A7-4267-93A5-74115B598EC7}.Release|Any CPU.Build.0 = Release|Any CPU
		{04BD21DB-896A-4811-AE3D-DE5B56E3EF44}.Debug|Any CPU.ActiveCfg = Debug|Any CPU
		{04BD21DB-896A-4811-AE3D-DE5B56E3EF44}.Debug|Any CPU.Build.0 = Debug|Any CPU
		{04BD21DB-896A-4811-AE3D-DE5B56E3EF44}.Release|Any CPU.ActiveCfg = Release|Any CPU
		{04BD21DB-896A-4811-AE3D-DE5B56E3EF44}.Release|Any CPU.Build.0 = Release|Any CPU
		{AC01EB5C-16CB-4541-916A-B77BE55DF69A}.Debug|Any CPU.ActiveCfg = Debug|Any CPU
		{AC01EB5C-16CB-4541-916A-B77BE55DF69A}.Debug|Any CPU.Build.0 = Debug|Any CPU
		{AC01EB5C-16CB-4541-916A-B77BE55DF69A}.Release|Any CPU.ActiveCfg = Release|Any CPU
		{AC01EB5C-16CB-4541-916A-B77BE55DF69A}.Release|Any CPU.Build.0 = Release|Any CPU
		{94C0B3EB-EB7F-4113-B634-4778F7523E7B}.Debug|Any CPU.ActiveCfg = Debug|Any CPU
		{94C0B3EB-EB7F-4113-B634-4778F7523E7B}.Debug|Any CPU.Build.0 = Debug|Any CPU
		{94C0B3EB-EB7F-4113-B634-4778F7523E7B}.Release|Any CPU.ActiveCfg = Release|Any CPU
		{94C0B3EB-EB7F-4113-B634-4778F7523E7B}.Release|Any CPU.Build.0 = Release|Any CPU
		{03BE86D2-DAD8-4F43-AA94-9E27B654F449}.Debug|Any CPU.ActiveCfg = Debug|Any CPU
		{03BE86D2-DAD8-4F43-AA94-9E27B654F449}.Debug|Any CPU.Build.0 = Debug|Any CPU
		{03BE86D2-DAD8-4F43-AA94-9E27B654F449}.Release|Any CPU.ActiveCfg = Release|Any CPU
		{03BE86D2-DAD8-4F43-AA94-9E27B654F449}.Release|Any CPU.Build.0 = Release|Any CPU
		{100B0E56-6FF4-48EA-97B6-6102CB68931E}.Debug|Any CPU.ActiveCfg = Debug|Any CPU
		{100B0E56-6FF4-48EA-97B6-6102CB68931E}.Debug|Any CPU.Build.0 = Debug|Any CPU
		{100B0E56-6FF4-48EA-97B6-6102CB68931E}.Release|Any CPU.ActiveCfg = Release|Any CPU
		{100B0E56-6FF4-48EA-97B6-6102CB68931E}.Release|Any CPU.Build.0 = Release|Any CPU
		{E3CDA243-4E11-493B-96D8-35466ABC5AC4}.Debug|Any CPU.ActiveCfg = Debug|Any CPU
		{E3CDA243-4E11-493B-96D8-35466ABC5AC4}.Debug|Any CPU.Build.0 = Debug|Any CPU
		{E3CDA243-4E11-493B-96D8-35466ABC5AC4}.Release|Any CPU.ActiveCfg = Release|Any CPU
		{E3CDA243-4E11-493B-96D8-35466ABC5AC4}.Release|Any CPU.Build.0 = Release|Any CPU
		{BE08EA2B-9860-4D20-B5B4-F3B2FF9DA8EA}.Debug|Any CPU.ActiveCfg = Debug|Any CPU
		{BE08EA2B-9860-4D20-B5B4-F3B2FF9DA8EA}.Debug|Any CPU.Build.0 = Debug|Any CPU
		{BE08EA2B-9860-4D20-B5B4-F3B2FF9DA8EA}.Release|Any CPU.ActiveCfg = Release|Any CPU
		{BE08EA2B-9860-4D20-B5B4-F3B2FF9DA8EA}.Release|Any CPU.Build.0 = Release|Any CPU
		{39EE1A29-BCBD-4BA5-867F-1439A9359B0E}.Debug|Any CPU.ActiveCfg = Debug|Any CPU
		{39EE1A29-BCBD-4BA5-867F-1439A9359B0E}.Debug|Any CPU.Build.0 = Debug|Any CPU
		{39EE1A29-BCBD-4BA5-867F-1439A9359B0E}.Release|Any CPU.ActiveCfg = Release|Any CPU
		{39EE1A29-BCBD-4BA5-867F-1439A9359B0E}.Release|Any CPU.Build.0 = Release|Any CPU
		{D93E668B-6C2A-470C-B9D3-AB86BD3A1E99}.Debug|Any CPU.ActiveCfg = Debug|Any CPU
		{D93E668B-6C2A-470C-B9D3-AB86BD3A1E99}.Debug|Any CPU.Build.0 = Debug|Any CPU
		{D93E668B-6C2A-470C-B9D3-AB86BD3A1E99}.Release|Any CPU.ActiveCfg = Release|Any CPU
		{D93E668B-6C2A-470C-B9D3-AB86BD3A1E99}.Release|Any CPU.Build.0 = Release|Any CPU
		{B6E809A4-263F-4912-905A-00175CFB8074}.Debug|Any CPU.ActiveCfg = Debug|Any CPU
		{B6E809A4-263F-4912-905A-00175CFB8074}.Debug|Any CPU.Build.0 = Debug|Any CPU
		{B6E809A4-263F-4912-905A-00175CFB8074}.Release|Any CPU.ActiveCfg = Release|Any CPU
		{B6E809A4-263F-4912-905A-00175CFB8074}.Release|Any CPU.Build.0 = Release|Any CPU
		{43EDE3D9-2062-4F79-B581-708FFAF9D195}.Debug|Any CPU.ActiveCfg = Debug|Any CPU
		{43EDE3D9-2062-4F79-B581-708FFAF9D195}.Debug|Any CPU.Build.0 = Debug|Any CPU
		{43EDE3D9-2062-4F79-B581-708FFAF9D195}.Release|Any CPU.ActiveCfg = Release|Any CPU
		{43EDE3D9-2062-4F79-B581-708FFAF9D195}.Release|Any CPU.Build.0 = Release|Any CPU
		{014B4846-0E6C-4C73-B851-0A560D36AEEE}.Debug|Any CPU.ActiveCfg = Debug|Any CPU
		{014B4846-0E6C-4C73-B851-0A560D36AEEE}.Debug|Any CPU.Build.0 = Debug|Any CPU
		{014B4846-0E6C-4C73-B851-0A560D36AEEE}.Release|Any CPU.ActiveCfg = Release|Any CPU
		{014B4846-0E6C-4C73-B851-0A560D36AEEE}.Release|Any CPU.Build.0 = Release|Any CPU
		{EA954A5C-AB8B-466B-9434-3E7997B3E903}.Debug|Any CPU.ActiveCfg = Debug|Any CPU
		{EA954A5C-AB8B-466B-9434-3E7997B3E903}.Debug|Any CPU.Build.0 = Debug|Any CPU
		{EA954A5C-AB8B-466B-9434-3E7997B3E903}.Release|Any CPU.ActiveCfg = Release|Any CPU
		{EA954A5C-AB8B-466B-9434-3E7997B3E903}.Release|Any CPU.Build.0 = Release|Any CPU
		{F7D17474-6ED6-42CF-A79B-2A96319E1875}.Debug|Any CPU.ActiveCfg = Debug|Any CPU
		{F7D17474-6ED6-42CF-A79B-2A96319E1875}.Debug|Any CPU.Build.0 = Debug|Any CPU
		{F7D17474-6ED6-42CF-A79B-2A96319E1875}.Release|Any CPU.ActiveCfg = Release|Any CPU
		{F7D17474-6ED6-42CF-A79B-2A96319E1875}.Release|Any CPU.Build.0 = Release|Any CPU
		{34AB99B0-096E-4919-933C-A7A04D1E9F91}.Debug|Any CPU.ActiveCfg = Debug|Any CPU
		{34AB99B0-096E-4919-933C-A7A04D1E9F91}.Debug|Any CPU.Build.0 = Debug|Any CPU
		{34AB99B0-096E-4919-933C-A7A04D1E9F91}.Release|Any CPU.ActiveCfg = Release|Any CPU
		{34AB99B0-096E-4919-933C-A7A04D1E9F91}.Release|Any CPU.Build.0 = Release|Any CPU
		{695CDA6A-9398-4D71-9432-9763CC510020}.Debug|Any CPU.ActiveCfg = Debug|Any CPU
		{695CDA6A-9398-4D71-9432-9763CC510020}.Debug|Any CPU.Build.0 = Debug|Any CPU
		{695CDA6A-9398-4D71-9432-9763CC510020}.Release|Any CPU.ActiveCfg = Release|Any CPU
		{695CDA6A-9398-4D71-9432-9763CC510020}.Release|Any CPU.Build.0 = Release|Any CPU
		{3DA3FB18-AC0C-40F4-B45B-5D13916D032A}.Debug|Any CPU.ActiveCfg = Debug|Any CPU
		{3DA3FB18-AC0C-40F4-B45B-5D13916D032A}.Debug|Any CPU.Build.0 = Debug|Any CPU
		{3DA3FB18-AC0C-40F4-B45B-5D13916D032A}.Release|Any CPU.ActiveCfg = Release|Any CPU
		{3DA3FB18-AC0C-40F4-B45B-5D13916D032A}.Release|Any CPU.Build.0 = Release|Any CPU
		{AACF284D-8352-4727-9F9E-9916BA2266AF}.Debug|Any CPU.ActiveCfg = Debug|Any CPU
		{AACF284D-8352-4727-9F9E-9916BA2266AF}.Debug|Any CPU.Build.0 = Debug|Any CPU
		{AACF284D-8352-4727-9F9E-9916BA2266AF}.Release|Any CPU.ActiveCfg = Release|Any CPU
		{AACF284D-8352-4727-9F9E-9916BA2266AF}.Release|Any CPU.Build.0 = Release|Any CPU
	EndGlobalSection
	GlobalSection(SolutionProperties) = preSolution
		HideSolutionNode = FALSE
	EndGlobalSection
	GlobalSection(NestedProjects) = preSolution
		{CB66640E-62E0-4EFE-B2F2-5C06720275F3} = {88541912-D5C2-4322-8079-4A949DF04384}
		{061610A4-7D02-4F52-A921-F59ED123C2A9} = {DED81BB3-A571-46E2-91C2-6A8B7890C7EA}
		{3F979F1D-6D46-45EE-9201-8A4E9864FCBF} = {8FEFBE16-BBBC-4EA0-829E-E5DCF15F0DFA}
		{5ECB259A-6E3C-46B7-980C-E71730B34C19} = {8FEFBE16-BBBC-4EA0-829E-E5DCF15F0DFA}
		{992BE23F-A878-4788-8009-0AA9B099A707} = {8FEFBE16-BBBC-4EA0-829E-E5DCF15F0DFA}
		{35253CA1-E09C-4078-8ABB-C05880812F7B} = {8FEFBE16-BBBC-4EA0-829E-E5DCF15F0DFA}
		{FA089604-D8E4-4C3F-8E70-B090E17B5548} = {8FEFBE16-BBBC-4EA0-829E-E5DCF15F0DFA}
		{A20DE2A2-91A8-41FD-8CB5-75D0B7FF20F9} = {8FEFBE16-BBBC-4EA0-829E-E5DCF15F0DFA}
		{C5DF0500-3462-4095-AEF7-3ABC5EBFA5EA} = {8FEFBE16-BBBC-4EA0-829E-E5DCF15F0DFA}
		{5AD9A1BF-DC0C-4177-B362-DE4706C99780} = {8FEFBE16-BBBC-4EA0-829E-E5DCF15F0DFA}
		{41BBD68D-B674-4DDC-B0A4-7E189F13873A} = {8FEFBE16-BBBC-4EA0-829E-E5DCF15F0DFA}
		{A87F5D49-6246-4B14-8363-114DC9335C2C} = {DED81BB3-A571-46E2-91C2-6A8B7890C7EA}
		{E3CDA243-4E11-493B-96D8-35466ABC5AC4} = {8FEFBE16-BBBC-4EA0-829E-E5DCF15F0DFA}
		{39EE1A29-BCBD-4BA5-867F-1439A9359B0E} = {8FEFBE16-BBBC-4EA0-829E-E5DCF15F0DFA}
		{43EDE3D9-2062-4F79-B581-708FFAF9D195} = {8FEFBE16-BBBC-4EA0-829E-E5DCF15F0DFA}
		{34AB99B0-096E-4919-933C-A7A04D1E9F91} = {8FEFBE16-BBBC-4EA0-829E-E5DCF15F0DFA}
		{695CDA6A-9398-4D71-9432-9763CC510020} = {8FEFBE16-BBBC-4EA0-829E-E5DCF15F0DFA}
	EndGlobalSection
	GlobalSection(ExtensibilityGlobals) = postSolution
		SolutionGuid = {38EB01DD-BAE8-4977-9815-463F5F434FBF}
	EndGlobalSection
EndGlobal
