
Microsoft Visual Studio Solution File, Format Version 12.00
# Visual Studio Version 17
VisualStudioVersion = 17.2.32519.379
MinimumVisualStudioVersion = 10.0.40219.1
Project("{2150E333-8FDC-42A3-9474-1A3956D46DE8}") = "_root", "_root", "{622B2762-903D-417C-8E20-810F9ED2731F}"
	ProjectSection(SolutionItems) = preProject
		.editorconfig = .editorconfig
		.gitattributes = .gitattributes
		.gitignore = .gitignore
		common.targets = common.targets
		LICENSE = LICENSE
		README.md = README.md
		spacecore.targets = spacecore.targets
	EndProjectSection
EndProject
Project("{9A19103F-16F7-4668-BE54-9A1E7A4F7556}") = "ConsoleCode", "framework\ConsoleCode\ConsoleCode.csproj", "{DAAE6853-63D4-40B1-9318-800291B1AA66}"
EndProject
Project("{9A19103F-16F7-4668-BE54-9A1E7A4F7556}") = "ExperienceBars", "cosmetic\ExperienceBars\ExperienceBars.csproj", "{1C3D86AA-C048-4798-BEC5-07D7269CCE53}"
EndProject
Project("{9A19103F-16F7-4668-BE54-9A1E7A4F7556}") = "GenericModConfigMenu", "framework\GenericModConfigMenu\GenericModConfigMenu.csproj", "{C3D5972F-CB65-4C85-8E1C-55C78A99940A}"
EndProject
Project("{9A19103F-16F7-4668-BE54-9A1E7A4F7556}") = "JsonAssets", "framework\JsonAssets\JsonAssets.csproj", "{EEF5D802-F0A2-43B4-BD27-16B8262C4DE4}"
EndProject
Project("{9A19103F-16F7-4668-BE54-9A1E7A4F7556}") = "JumpOver", "gameplay\ignorable\JumpOver\JumpOver.csproj", "{16C65E62-E346-4AEA-809A-36EBC0442607}"
EndProject
Project("{9A19103F-16F7-4668-BE54-9A1E7A4F7556}") = "RushOrders", "gameplay\ignorable\RushOrders\RushOrders.csproj", "{A534CA13-4195-468F-93A6-C579CCA46058}"
EndProject
Project("{9A19103F-16F7-4668-BE54-9A1E7A4F7556}") = "SpaceCore", "framework\SpaceCore\SpaceCore.csproj", "{BA657CB4-93ED-4C3A-A66E-86954BEB4CE6}"
EndProject
Project("{D954291E-2A0B-460D-934E-DC6B0785DB48}") = "SpaceShared", "shared\SpaceShared\SpaceShared.shproj", "{061610A4-7D02-4F52-A921-F59ED123C2A9}"
EndProject
Project("{9A19103F-16F7-4668-BE54-9A1E7A4F7556}") = "Spenny", "joke\totally-serious\Spenny\Spenny.csproj", "{1C1289BD-F40B-4343-AA8A-4F151F887463}"
EndProject
Project("{9A19103F-16F7-4668-BE54-9A1E7A4F7556}") = "TheftOfTheWinterStar", "gameplay\unavoidable\TheftOfTheWinterStar\TheftOfTheWinterStar.csproj", "{9495A8BB-CF71-4C86-9EB4-F03247FD0E54}"
EndProject
Project("{9A19103F-16F7-4668-BE54-9A1E7A4F7556}") = "ThreeHeartDancePartner", "gameplay\ignorable\ThreeHeartDancePartner\ThreeHeartDancePartner.csproj", "{E1CBD6A1-F9D8-4FAA-9D5D-BB1E49682FE6}"
EndProject
Project("{9A19103F-16F7-4668-BE54-9A1E7A4F7556}") = "CaveFarm", "gameplay\unavoidable\CaveFarm\CaveFarm.csproj", "{992BE23F-A878-4788-8009-0AA9B099A707}"
EndProject
Project("{9A19103F-16F7-4668-BE54-9A1E7A4F7556}") = "JunimosAcceptCash", "gameplay\ignorable\JunimosAcceptCash\JunimosAcceptCash.csproj", "{7E4024E8-392D-4A65-A659-93E8CB261FFE}"
EndProject
Project("{9A19103F-16F7-4668-BE54-9A1E7A4F7556}") = "HybridCropEngine", "framework\HybridCropEngine\HybridCropEngine.csproj", "{20E193C9-A779-494E-83F1-B2A920551B19}"
EndProject
Project("{9A19103F-16F7-4668-BE54-9A1E7A4F7556}") = "SurfingFestival", "gameplay\unavoidable\SurfingFestival\SurfingFestival.csproj", "{6258E986-4E80-483E-A0B0-07A6A9789226}"
EndProject
Project("{9A19103F-16F7-4668-BE54-9A1E7A4F7556}") = "PyromancersJourney", "gameplay\unavoidable\PyromancersJourney\PyromancersJourney.csproj", "{8D7529F1-D6A7-4267-93A5-74115B598EC7}"
EndProject
Project("{9A19103F-16F7-4668-BE54-9A1E7A4F7556}") = "PreexistingRelationship", "gameplay\ignorable\PreexistingRelationship\PreexistingRelationship.csproj", "{03BE86D2-DAD8-4F43-AA94-9E27B654F449}"
EndProject
Project("{2150E333-8FDC-42A3-9474-1A3956D46DE8}") = "shared", "shared", "{DED81BB3-A571-46E2-91C2-6A8B7890C7EA}"
EndProject
Project("{D954291E-2A0B-460D-934E-DC6B0785DB48}") = "SpaceSharedPatching", "shared\SpaceSharedPatching\SpaceSharedPatching.shproj", "{A87F5D49-6246-4B14-8363-114DC9335C2C}"
EndProject
Project("{9A19103F-16F7-4668-BE54-9A1E7A4F7556}") = "MisappliedPhysicalities", "gameplay\unavoidable\MisappliedPhysicalities\MisappliedPhysicalities.csproj", "{43EDE3D9-2062-4F79-B581-708FFAF9D195}"
EndProject
Project("{9A19103F-16F7-4668-BE54-9A1E7A4F7556}") = "MoonMisadventures", "gameplay\unavoidable\MoonMisadventures\MoonMisadventures.csproj", "{014B4846-0E6C-4C73-B851-0A560D36AEEE}"
EndProject
Project("{9A19103F-16F7-4668-BE54-9A1E7A4F7556}") = "Stardew3D", "gameplay\overhaul\Stardew3D\Stardew3D.csproj", "{6389BF24-DF2F-4864-915C-E0145C66CEB5}"
EndProject
Project("{9A19103F-16F7-4668-BE54-9A1E7A4F7556}") = "StardewVR", "gameplay\overhaul\StardewVR\StardewVR.csproj", "{F4C3F08E-C3E3-4371-BF55-911E1EDE9864}"
EndProject
Project("{9A19103F-16F7-4668-BE54-9A1E7A4F7556}") = "CombatOverhaulMod", "gameplay\overhaul\CombatOverhaulMod\CombatOverhaulMod.csproj", "{FB07A4CD-4BCC-45D7-BCA5-C686A45B8D6F}"
EndProject
Project("{9A19103F-16F7-4668-BE54-9A1E7A4F7556}") = "NewGamePlus", "gameplay\ignorable\NewGamePlus\NewGamePlus.csproj", "{3DA3FB18-AC0C-40F4-B45B-5D13916D032A}"
EndProject
Project("{9A19103F-16F7-4668-BE54-9A1E7A4F7556}") = "RaiseJunimos", "gameplay\unavoidable\RaiseJunimos\RaiseJunimos.csproj", "{CB5BB6E2-D963-4A27-A3B9-1E4BB068983B}"
EndProject
Project("{9A19103F-16F7-4668-BE54-9A1E7A4F7556}") = "FloodedValleyFarm", "gameplay\unavoidable\FloodedValleyFarm\FloodedValleyFarm.csproj", "{EF733B78-4F0A-46D4-8529-923EEBBFA4DA}"
EndProject
Project("{9A19103F-16F7-4668-BE54-9A1E7A4F7556}") = "GradientHairColors", "cosmetic\GradientHairColors\GradientHairColors.csproj", "{1E295971-F8E9-45D6-BDF5-DE76675753FA}"
EndProject
Project("{9A19103F-16F7-4668-BE54-9A1E7A4F7556}") = "DimensionalPockets", "gameplay\ignorable\DimensionalPockets\DimensionalPockets.csproj", "{3D194335-89D4-4B5F-82FD-4E326EB2E8BB}"
EndProject
Project("{9A19103F-16F7-4668-BE54-9A1E7A4F7556}") = "GiantOmelet", "gameplay\unavoidable\GiantOmelet\GiantOmelet.csproj", "{A3C45306-E621-41F3-9389-E0EA0E4EB934}"
EndProject
Project("{9A19103F-16F7-4668-BE54-9A1E7A4F7556}") = "SpennyLite", "joke\totally-serious\SpennyLite\SpennyLite.csproj", "{49163859-5988-47F6-A6A1-D8753959FA99}"
EndProject
Project("{9A19103F-16F7-4668-BE54-9A1E7A4F7556}") = "SharingIsCaring", "joke\SharingIsCaring\SharingIsCaring.csproj", "{DB4253B3-B91A-4AFA-9CF1-158B0BF332DA}"
EndProject
Project("{9A19103F-16F7-4668-BE54-9A1E7A4F7556}") = "SizableFish", "cosmetic\SizableFish\SizableFish.csproj", "{ACC60F95-9CA3-4970-AB47-8D76B76B8EDC}"
EndProject
Project("{9A19103F-16F7-4668-BE54-9A1E7A4F7556}") = "LewisNightmare", "gameplay\unavoidable\LewisNightmare\LewisNightmare.csproj", "{AA841829-B357-403E-B185-C57DB2C97A52}"
EndProject
Project("{9A19103F-16F7-4668-BE54-9A1E7A4F7556}") = "SkillTraining", "gameplay\ignorable\SkillTraining\SkillTraining.csproj", "{5932C333-624B-44B3-AA0D-8955EDB8463E}"
EndProject
Project("{9A19103F-16F7-4668-BE54-9A1E7A4F7556}") = "CavernMadness", "gameplay\unavoidable\CavernMadness\CavernMadness.csproj", "{9AE07EA1-4287-4344-AA71-50A4FC7D9567}"
EndProject
Project("{9A19103F-16F7-4668-BE54-9A1E7A4F7556}") = "SpennyDeluxe", "joke\totally-serious\SpennyDeluxe\SpennyDeluxe.csproj", "{4FD1E284-556C-426D-90D7-DD9A431CE9B2}"
EndProject
Project("{9A19103F-16F7-4668-BE54-9A1E7A4F7556}") = "PersistentMines", "gameplay\unavoidable\PersistentMines\PersistentMines.csproj", "{5FB98F6C-15E8-489E-8A87-6E975219B46C}"
EndProject
Project("{9A19103F-16F7-4668-BE54-9A1E7A4F7556}") = "DeepSeaFishing", "gameplay\unavoidable\DeepSeaFishing\DeepSeaFishing.csproj", "{17716B42-EF3B-4FAF-9A42-AF54C00B7824}"
EndProject
Project("{9A19103F-16F7-4668-BE54-9A1E7A4F7556}") = "FlourFestival", "gameplay\unavoidable\FlourFestival\FlourFestival.csproj", "{47AE89F2-87FC-4786-8855-9A2C3B51F943}"
EndProject
Project("{9A19103F-16F7-4668-BE54-9A1E7A4F7556}") = "UnhingedMayoJar", "joke\UnhingedMayoCode\UnhingedMayoJar.csproj", "{DDCEC28F-BB1F-4350-9785-62EF5DD55B39}"
EndProject
Project("{9A19103F-16F7-4668-BE54-9A1E7A4F7556}") = "Satchels", "gameplay\ignorable\Satchels\Satchels.csproj", "{B008B8AF-D4D0-485B-95DA-E35A0E7966F6}"
EndProject
Project("{9A19103F-16F7-4668-BE54-9A1E7A4F7556}") = "MayoRain", "joke\MayoRain\MayoRain.csproj", "{942A7169-9AB4-46F6-B535-ABBB3969E86A}"
EndProject
Project("{9A19103F-16F7-4668-BE54-9A1E7A4F7556}") = "MayoHats", "joke\MayoHats\MayoHats.csproj", "{08E2E2A4-2CE6-4B8B-9BB0-79573808B0D3}"
EndProject
Project("{9A19103F-16F7-4668-BE54-9A1E7A4F7556}") = "BlahajBlast", "gameplay\unavoidable\BlahajBlast\BlahajBlast.csproj", "{3A3AA540-7855-4CD6-BBE1-5AFD180F2C11}"
EndProject
Project("{9A19103F-16F7-4668-BE54-9A1E7A4F7556}") = "RiverlandsFeatureAddition", "joke\RiverlandsFeatureAddition\RiverlandsFeatureAddition.csproj", "{234B37B7-3B0B-4FDE-A031-D107531426D8}"
EndProject
Project("{9A19103F-16F7-4668-BE54-9A1E7A4F7556}") = "JsonShuffle", "joke\JsonShuffle\JsonShuffle.csproj", "{0884A1F5-27D4-4B46-84D2-4CC5DBF174BA}"
EndProject
Project("{9A19103F-16F7-4668-BE54-9A1E7A4F7556}") = "SkyFarm", "gameplay\overhaul\SkyFarm\SkyFarm.csproj", "{DA0C48E3-B8D2-4B6E-A0C5-FD46EFE5A993}"
EndProject
Project("{9A19103F-16F7-4668-BE54-9A1E7A4F7556}") = "AngrySeagulls", "gameplay\unavoidable\AngrySeagulls\AngrySeagulls.csproj", "{7AFF4906-055F-45BC-9261-661837400A90}"
EndProject
Project("{9A19103F-16F7-4668-BE54-9A1E7A4F7556}") = "RandomCatsInEvents", "joke\totally-serious\RandomCatsInEvents\RandomCatsInEvents.csproj", "{64261209-46FE-48C6-AC18-D11EE3EC8FBE}"
EndProject
Project("{2150E333-8FDC-42A3-9474-1A3956D46DE8}") = "ContentEngine", "ContentEngine", "{FE6CEF8B-35BD-4367-8EE2-B2B25629AC09}"
EndProject
Project("{9A19103F-16F7-4668-BE54-9A1E7A4F7556}") = "SpaceCore.Content.Parser", "ContentEngine\SpaceCore.Content.Parser\SpaceCore.Content.Parser.csproj", "{A742128A-23FA-411A-8D8C-9B50144CB480}"
EndProject
Project("{9A19103F-16F7-4668-BE54-9A1E7A4F7556}") = "SpaceCore.Content.Engine", "ContentEngine\SpaceCore.Content.Engine\SpaceCore.Content.Engine.csproj", "{8C47A513-A4E8-4F12-9BF8-AFD89066B249}"
EndProject
Project("{9A19103F-16F7-4668-BE54-9A1E7A4F7556}") = "SpaceCore.Content.LanguageServer", "ContentEngine\SpaceCore.Content.LanguageServer\SpaceCore.Content.LanguageServer.csproj", "{AF7D55CC-3614-47E2-B73A-88CD48C72CA4}"
EndProject
Project("{D954291E-2A0B-460D-934E-DC6B0785DB48}") = "SpaceShared.Common", "shared\SpaceShared.Common\SpaceShared.Common.shproj", "{BC6A8A34-68FF-413C-9532-B4AF2A93641E}"
EndProject
Project("{FAE04EC0-301F-11D3-BF4B-00C04F79EFBC}") = "SpaceCore.Content.VisualStudio", "ContentEngine\SpaceCore.Content.VisualStudio\SpaceCore.Content.VisualStudio.csproj", "{299A22F4-6AF1-4242-9FC3-8A029A8F868B}"
	ProjectSection(ProjectDependencies) = postProject
		{AF7D55CC-3614-47E2-B73A-88CD48C72CA4} = {AF7D55CC-3614-47E2-B73A-88CD48C72CA4}
	EndProjectSection
EndProject
Project("{9A19103F-16F7-4668-BE54-9A1E7A4F7556}") = "YarnEvents", "framework\YarnEvents\YarnEvents.csproj", "{9049ED3A-495D-4E6A-B325-35E57CE1BF90}"
EndProject
Project("{9A19103F-16F7-4668-BE54-9A1E7A4F7556}") = "Potioncraft", "gameplay\unavoidable\Potioncraft\Potioncraft.csproj", "{CF639A6A-C97F-4409-BE34-53E60D2092CC}"
EndProject
Project("{9A19103F-16F7-4668-BE54-9A1E7A4F7556}") = "AutocorrectValley", "joke\AutocorrectValley\AutocorrectValley.csproj", "{5D370D5B-BC5A-457A-9A44-5AE4BC8F2770}"
EndProject
Project("{2150E333-8FDC-42A3-9474-1A3956D46DE8}") = "ignorable", "ignorable", "{91429750-5E13-44B2-9218-021BEAE09383}"
EndProject
Project("{2150E333-8FDC-42A3-9474-1A3956D46DE8}") = "framework", "framework", "{DE939B0F-F62A-46AC-B0A6-5CB21058C4CA}"
EndProject
Project("{2150E333-8FDC-42A3-9474-1A3956D46DE8}") = "joke", "joke", "{AEB44E3A-E748-4A61-9050-380B1593A1F1}"
EndProject
Project("{2150E333-8FDC-42A3-9474-1A3956D46DE8}") = "totally-serious", "totally-serious", "{572E2D19-8547-4E7C-9D32-39C2A8D75127}"
EndProject
Project("{2150E333-8FDC-42A3-9474-1A3956D46DE8}") = "cosmetic", "cosmetic", "{7892201E-A326-4061-B6DF-AC72CC65AAFE}"
EndProject
Project("{2150E333-8FDC-42A3-9474-1A3956D46DE8}") = "unavoidable", "unavoidable", "{BBD97D85-DE65-4C2B-82A0-7123ABBE31BE}"
EndProject
Project("{2150E333-8FDC-42A3-9474-1A3956D46DE8}") = "overhaul", "overhaul", "{5A14999C-F469-489D-B418-937F2FE1BD1B}"
EndProject
Project("{2150E333-8FDC-42A3-9474-1A3956D46DE8}") = "_external", "_external", "{48C95E7E-96A8-4484-8545-BEBF93E2D591}"
	ProjectSection(SolutionItems) = preProject
		_external\Directory.Build.targets = _external\Directory.Build.targets
	EndProjectSection
EndProject
Project("{FAE04EC0-301F-11D3-BF4B-00C04F79EFBC}") = "MonoScene.Pipeline.GLTF", "_external\MonoScene\src\MonoScene.Pipeline.GLTF\MonoScene.Pipeline.GLTF.csproj", "{9CBDB5F4-852B-AF7D-099B-61413A29B079}"
EndProject
Project("{FAE04EC0-301F-11D3-BF4B-00C04F79EFBC}") = "MonoScene.Runtime.Scene3D", "_external\MonoScene\src\MonoScene.Runtime.Scene3D\MonoScene.Runtime.Scene3D.csproj", "{7966B86B-E895-AF54-272D-DA5CA67CCF0E}"
EndProject
Project("{FAE04EC0-301F-11D3-BF4B-00C04F79EFBC}") = "MonoScene.Pipeline", "_external\MonoScene\src\MonoScene.Pipeline\MonoScene.Pipeline.csproj", "{CA5827D9-4BB3-0D74-A75E-AA09FD0F8A94}"
EndProject
Project("{FAE04EC0-301F-11D3-BF4B-00C04F79EFBC}") = "MonoScene.Runtime.Model3D", "_external\MonoScene\src\MonoScene.Runtime.Model3D\MonoScene.Runtime.Model3D.csproj", "{AEA5E1FD-389F-A54A-A26F-CE801CF73666}"
EndProject
Project("{FAE04EC0-301F-11D3-BF4B-00C04F79EFBC}") = "MonoScene.Runtime.Effects.Classic", "_external\MonoScene\src\MonoScene.Runtime.Effects.Classic\MonoScene.Runtime.Effects.Classic.csproj", "{E571F1E7-BDB4-305E-6569-F7BFB54820B3}"
EndProject
Project("{FAE04EC0-301F-11D3-BF4B-00C04F79EFBC}") = "MonoScene.Runtime.Effects.PBR", "_external\MonoScene\src\MonoScene.Runtime.Effects.PBR\MonoScene.Runtime.Effects.PBR.csproj", "{95B2CD08-3F19-9CF2-E3A2-758B2A6A5A2F}"
EndProject
Project("{FAE04EC0-301F-11D3-BF4B-00C04F79EFBC}") = "MonoScene.Runtime.Content", "_external\MonoScene\src\MonoScene.Runtime.Content\MonoScene.Runtime.Content.csproj", "{DC6AD54A-215D-3595-AADD-965F841D8F20}"
EndProject
Project("{2150E333-8FDC-42A3-9474-1A3956D46DE8}") = "MonoScene", "MonoScene", "{29A4BAB1-CBEA-4E77-8BB9-051D982F7EF9}"
EndProject
Project("{FAE04EC0-301F-11D3-BF4B-00C04F79EFBC}") = "SpaceShared.SourceGenerator", "shared\SpaceShared.SourceGenerator\SpaceShared.SourceGenerator.csproj", "{42A4650C-128E-4AE5-A5DC-573AE0BAE6EB}"
EndProject
Project("{D954291E-2A0B-460D-934E-DC6B0785DB48}") = "SpaceShared.Mods.SourceGen", "shared\SpaceShared.Mods.SourceGen\SpaceShared.Mods.SourceGen.shproj", "{BF148476-41CE-4B5C-9B53-087CB894E469}"
EndProject
Project("{2150E333-8FDC-42A3-9474-1A3956D46DE8}") = "_external_helpers", "_external_helpers", "{CBEBE054-EB3B-4228-9994-F7D3ABFE34E3}"
	ProjectSection(SolutionItems) = preProject
		_external_helpers\Directory.Build.targets = _external_helpers\Directory.Build.targets
	EndProjectSection
EndProject
Project("{FAE04EC0-301F-11D3-BF4B-00C04F79EFBC}") = "MonoGamePolyfill", "_external_helpers\MonoGamePolyfill\MonoGamePolyfill.csproj", "{0A03B5F7-4FB4-BB9F-0988-10D5181E00F6}"
EndProject
Project("{2150E333-8FDC-42A3-9474-1A3956D46DE8}") = "gameplay", "gameplay", "{02EA681E-C7D8-13C7-8484-4AC65E1B71E8}"
EndProject
Global
	GlobalSection(SolutionConfigurationPlatforms) = preSolution
		Debug|Any CPU = Debug|Any CPU
		Debug|arm64 = Debug|arm64
		Debug|x86 = Debug|x86
		Release|Any CPU = Release|Any CPU
		Release|arm64 = Release|arm64
		Release|x86 = Release|x86
	EndGlobalSection
	GlobalSection(ProjectConfigurationPlatforms) = postSolution
		{DAAE6853-63D4-40B1-9318-800291B1AA66}.Debug|Any CPU.ActiveCfg = Debug|Any CPU
		{DAAE6853-63D4-40B1-9318-800291B1AA66}.Debug|Any CPU.Build.0 = Debug|Any CPU
		{DAAE6853-63D4-40B1-9318-800291B1AA66}.Debug|arm64.ActiveCfg = Debug|Any CPU
		{DAAE6853-63D4-40B1-9318-800291B1AA66}.Debug|x86.ActiveCfg = Debug|Any CPU
		{DAAE6853-63D4-40B1-9318-800291B1AA66}.Release|Any CPU.ActiveCfg = Release|Any CPU
		{DAAE6853-63D4-40B1-9318-800291B1AA66}.Release|Any CPU.Build.0 = Release|Any CPU
		{DAAE6853-63D4-40B1-9318-800291B1AA66}.Release|arm64.ActiveCfg = Release|Any CPU
		{DAAE6853-63D4-40B1-9318-800291B1AA66}.Release|x86.ActiveCfg = Release|Any CPU
		{1C3D86AA-C048-4798-BEC5-07D7269CCE53}.Debug|Any CPU.ActiveCfg = Debug|Any CPU
		{1C3D86AA-C048-4798-BEC5-07D7269CCE53}.Debug|Any CPU.Build.0 = Debug|Any CPU
		{1C3D86AA-C048-4798-BEC5-07D7269CCE53}.Debug|arm64.ActiveCfg = Debug|Any CPU
		{1C3D86AA-C048-4798-BEC5-07D7269CCE53}.Debug|x86.ActiveCfg = Debug|Any CPU
		{1C3D86AA-C048-4798-BEC5-07D7269CCE53}.Release|Any CPU.ActiveCfg = Release|Any CPU
		{1C3D86AA-C048-4798-BEC5-07D7269CCE53}.Release|Any CPU.Build.0 = Release|Any CPU
		{1C3D86AA-C048-4798-BEC5-07D7269CCE53}.Release|arm64.ActiveCfg = Release|Any CPU
		{1C3D86AA-C048-4798-BEC5-07D7269CCE53}.Release|x86.ActiveCfg = Release|Any CPU
		{C3D5972F-CB65-4C85-8E1C-55C78A99940A}.Debug|Any CPU.ActiveCfg = Debug|Any CPU
		{C3D5972F-CB65-4C85-8E1C-55C78A99940A}.Debug|Any CPU.Build.0 = Debug|Any CPU
		{C3D5972F-CB65-4C85-8E1C-55C78A99940A}.Debug|arm64.ActiveCfg = Debug|Any CPU
		{C3D5972F-CB65-4C85-8E1C-55C78A99940A}.Debug|x86.ActiveCfg = Debug|Any CPU
		{C3D5972F-CB65-4C85-8E1C-55C78A99940A}.Release|Any CPU.ActiveCfg = Release|Any CPU
		{C3D5972F-CB65-4C85-8E1C-55C78A99940A}.Release|Any CPU.Build.0 = Release|Any CPU
		{C3D5972F-CB65-4C85-8E1C-55C78A99940A}.Release|arm64.ActiveCfg = Release|Any CPU
		{C3D5972F-CB65-4C85-8E1C-55C78A99940A}.Release|x86.ActiveCfg = Release|Any CPU
		{EEF5D802-F0A2-43B4-BD27-16B8262C4DE4}.Debug|Any CPU.ActiveCfg = Debug|Any CPU
		{EEF5D802-F0A2-43B4-BD27-16B8262C4DE4}.Debug|Any CPU.Build.0 = Debug|Any CPU
		{EEF5D802-F0A2-43B4-BD27-16B8262C4DE4}.Debug|arm64.ActiveCfg = Debug|Any CPU
		{EEF5D802-F0A2-43B4-BD27-16B8262C4DE4}.Debug|x86.ActiveCfg = Debug|Any CPU
		{EEF5D802-F0A2-43B4-BD27-16B8262C4DE4}.Release|Any CPU.ActiveCfg = Release|Any CPU
		{EEF5D802-F0A2-43B4-BD27-16B8262C4DE4}.Release|Any CPU.Build.0 = Release|Any CPU
		{EEF5D802-F0A2-43B4-BD27-16B8262C4DE4}.Release|arm64.ActiveCfg = Release|Any CPU
		{EEF5D802-F0A2-43B4-BD27-16B8262C4DE4}.Release|x86.ActiveCfg = Release|Any CPU
		{16C65E62-E346-4AEA-809A-36EBC0442607}.Debug|Any CPU.ActiveCfg = Debug|Any CPU
		{16C65E62-E346-4AEA-809A-36EBC0442607}.Debug|Any CPU.Build.0 = Debug|Any CPU
		{16C65E62-E346-4AEA-809A-36EBC0442607}.Debug|arm64.ActiveCfg = Debug|Any CPU
		{16C65E62-E346-4AEA-809A-36EBC0442607}.Debug|x86.ActiveCfg = Debug|Any CPU
		{16C65E62-E346-4AEA-809A-36EBC0442607}.Release|Any CPU.ActiveCfg = Release|Any CPU
		{16C65E62-E346-4AEA-809A-36EBC0442607}.Release|Any CPU.Build.0 = Release|Any CPU
		{16C65E62-E346-4AEA-809A-36EBC0442607}.Release|arm64.ActiveCfg = Release|Any CPU
		{16C65E62-E346-4AEA-809A-36EBC0442607}.Release|x86.ActiveCfg = Release|Any CPU
		{A534CA13-4195-468F-93A6-C579CCA46058}.Debug|Any CPU.ActiveCfg = Debug|Any CPU
		{A534CA13-4195-468F-93A6-C579CCA46058}.Debug|Any CPU.Build.0 = Debug|Any CPU
		{A534CA13-4195-468F-93A6-C579CCA46058}.Debug|arm64.ActiveCfg = Debug|Any CPU
		{A534CA13-4195-468F-93A6-C579CCA46058}.Debug|x86.ActiveCfg = Debug|Any CPU
		{A534CA13-4195-468F-93A6-C579CCA46058}.Release|Any CPU.ActiveCfg = Release|Any CPU
		{A534CA13-4195-468F-93A6-C579CCA46058}.Release|Any CPU.Build.0 = Release|Any CPU
		{A534CA13-4195-468F-93A6-C579CCA46058}.Release|arm64.ActiveCfg = Release|Any CPU
		{A534CA13-4195-468F-93A6-C579CCA46058}.Release|x86.ActiveCfg = Release|Any CPU
		{BA657CB4-93ED-4C3A-A66E-86954BEB4CE6}.Debug|Any CPU.ActiveCfg = Debug|Any CPU
		{BA657CB4-93ED-4C3A-A66E-86954BEB4CE6}.Debug|Any CPU.Build.0 = Debug|Any CPU
		{BA657CB4-93ED-4C3A-A66E-86954BEB4CE6}.Debug|arm64.ActiveCfg = Debug|Any CPU
		{BA657CB4-93ED-4C3A-A66E-86954BEB4CE6}.Debug|arm64.Build.0 = Debug|Any CPU
		{BA657CB4-93ED-4C3A-A66E-86954BEB4CE6}.Debug|x86.ActiveCfg = Debug|Any CPU
		{BA657CB4-93ED-4C3A-A66E-86954BEB4CE6}.Debug|x86.Build.0 = Debug|Any CPU
		{BA657CB4-93ED-4C3A-A66E-86954BEB4CE6}.Release|Any CPU.ActiveCfg = Release|Any CPU
		{BA657CB4-93ED-4C3A-A66E-86954BEB4CE6}.Release|Any CPU.Build.0 = Release|Any CPU
		{BA657CB4-93ED-4C3A-A66E-86954BEB4CE6}.Release|arm64.ActiveCfg = Release|Any CPU
		{BA657CB4-93ED-4C3A-A66E-86954BEB4CE6}.Release|arm64.Build.0 = Release|Any CPU
		{BA657CB4-93ED-4C3A-A66E-86954BEB4CE6}.Release|x86.ActiveCfg = Release|Any CPU
		{BA657CB4-93ED-4C3A-A66E-86954BEB4CE6}.Release|x86.Build.0 = Release|Any CPU
		{1C1289BD-F40B-4343-AA8A-4F151F887463}.Debug|Any CPU.ActiveCfg = Debug|Any CPU
		{1C1289BD-F40B-4343-AA8A-4F151F887463}.Debug|Any CPU.Build.0 = Debug|Any CPU
		{1C1289BD-F40B-4343-AA8A-4F151F887463}.Debug|arm64.ActiveCfg = Debug|Any CPU
		{1C1289BD-F40B-4343-AA8A-4F151F887463}.Debug|x86.ActiveCfg = Debug|Any CPU
		{1C1289BD-F40B-4343-AA8A-4F151F887463}.Release|Any CPU.ActiveCfg = Release|Any CPU
		{1C1289BD-F40B-4343-AA8A-4F151F887463}.Release|Any CPU.Build.0 = Release|Any CPU
		{1C1289BD-F40B-4343-AA8A-4F151F887463}.Release|arm64.ActiveCfg = Release|Any CPU
		{1C1289BD-F40B-4343-AA8A-4F151F887463}.Release|x86.ActiveCfg = Release|Any CPU
		{9495A8BB-CF71-4C86-9EB4-F03247FD0E54}.Debug|Any CPU.ActiveCfg = Debug|Any CPU
		{9495A8BB-CF71-4C86-9EB4-F03247FD0E54}.Debug|Any CPU.Build.0 = Debug|Any CPU
		{9495A8BB-CF71-4C86-9EB4-F03247FD0E54}.Debug|arm64.ActiveCfg = Debug|Any CPU
		{9495A8BB-CF71-4C86-9EB4-F03247FD0E54}.Debug|x86.ActiveCfg = Debug|Any CPU
		{9495A8BB-CF71-4C86-9EB4-F03247FD0E54}.Release|Any CPU.ActiveCfg = Release|Any CPU
		{9495A8BB-CF71-4C86-9EB4-F03247FD0E54}.Release|Any CPU.Build.0 = Release|Any CPU
		{9495A8BB-CF71-4C86-9EB4-F03247FD0E54}.Release|arm64.ActiveCfg = Release|Any CPU
		{9495A8BB-CF71-4C86-9EB4-F03247FD0E54}.Release|x86.ActiveCfg = Release|Any CPU
		{E1CBD6A1-F9D8-4FAA-9D5D-BB1E49682FE6}.Debug|Any CPU.ActiveCfg = Debug|Any CPU
		{E1CBD6A1-F9D8-4FAA-9D5D-BB1E49682FE6}.Debug|Any CPU.Build.0 = Debug|Any CPU
		{E1CBD6A1-F9D8-4FAA-9D5D-BB1E49682FE6}.Debug|arm64.ActiveCfg = Debug|Any CPU
		{E1CBD6A1-F9D8-4FAA-9D5D-BB1E49682FE6}.Debug|x86.ActiveCfg = Debug|Any CPU
		{E1CBD6A1-F9D8-4FAA-9D5D-BB1E49682FE6}.Release|Any CPU.ActiveCfg = Release|Any CPU
		{E1CBD6A1-F9D8-4FAA-9D5D-BB1E49682FE6}.Release|Any CPU.Build.0 = Release|Any CPU
		{E1CBD6A1-F9D8-4FAA-9D5D-BB1E49682FE6}.Release|arm64.ActiveCfg = Release|Any CPU
		{E1CBD6A1-F9D8-4FAA-9D5D-BB1E49682FE6}.Release|x86.ActiveCfg = Release|Any CPU
		{992BE23F-A878-4788-8009-0AA9B099A707}.Debug|Any CPU.ActiveCfg = Debug|Any CPU
		{992BE23F-A878-4788-8009-0AA9B099A707}.Debug|Any CPU.Build.0 = Debug|Any CPU
		{992BE23F-A878-4788-8009-0AA9B099A707}.Debug|arm64.ActiveCfg = Debug|Any CPU
		{992BE23F-A878-4788-8009-0AA9B099A707}.Debug|x86.ActiveCfg = Debug|Any CPU
		{992BE23F-A878-4788-8009-0AA9B099A707}.Release|Any CPU.ActiveCfg = Release|Any CPU
		{992BE23F-A878-4788-8009-0AA9B099A707}.Release|Any CPU.Build.0 = Release|Any CPU
		{992BE23F-A878-4788-8009-0AA9B099A707}.Release|arm64.ActiveCfg = Release|Any CPU
		{992BE23F-A878-4788-8009-0AA9B099A707}.Release|x86.ActiveCfg = Release|Any CPU
		{7E4024E8-392D-4A65-A659-93E8CB261FFE}.Debug|Any CPU.ActiveCfg = Debug|Any CPU
		{7E4024E8-392D-4A65-A659-93E8CB261FFE}.Debug|Any CPU.Build.0 = Debug|Any CPU
		{7E4024E8-392D-4A65-A659-93E8CB261FFE}.Debug|arm64.ActiveCfg = Debug|Any CPU
		{7E4024E8-392D-4A65-A659-93E8CB261FFE}.Debug|x86.ActiveCfg = Debug|Any CPU
		{7E4024E8-392D-4A65-A659-93E8CB261FFE}.Release|Any CPU.ActiveCfg = Release|Any CPU
		{7E4024E8-392D-4A65-A659-93E8CB261FFE}.Release|Any CPU.Build.0 = Release|Any CPU
		{7E4024E8-392D-4A65-A659-93E8CB261FFE}.Release|arm64.ActiveCfg = Release|Any CPU
		{7E4024E8-392D-4A65-A659-93E8CB261FFE}.Release|x86.ActiveCfg = Release|Any CPU
		{20E193C9-A779-494E-83F1-B2A920551B19}.Debug|Any CPU.ActiveCfg = Debug|Any CPU
		{20E193C9-A779-494E-83F1-B2A920551B19}.Debug|Any CPU.Build.0 = Debug|Any CPU
		{20E193C9-A779-494E-83F1-B2A920551B19}.Debug|arm64.ActiveCfg = Debug|Any CPU
		{20E193C9-A779-494E-83F1-B2A920551B19}.Debug|x86.ActiveCfg = Debug|Any CPU
		{20E193C9-A779-494E-83F1-B2A920551B19}.Release|Any CPU.ActiveCfg = Release|Any CPU
		{20E193C9-A779-494E-83F1-B2A920551B19}.Release|Any CPU.Build.0 = Release|Any CPU
		{20E193C9-A779-494E-83F1-B2A920551B19}.Release|arm64.ActiveCfg = Release|Any CPU
		{20E193C9-A779-494E-83F1-B2A920551B19}.Release|x86.ActiveCfg = Release|Any CPU
		{6258E986-4E80-483E-A0B0-07A6A9789226}.Debug|Any CPU.ActiveCfg = Debug|Any CPU
		{6258E986-4E80-483E-A0B0-07A6A9789226}.Debug|Any CPU.Build.0 = Debug|Any CPU
		{6258E986-4E80-483E-A0B0-07A6A9789226}.Debug|arm64.ActiveCfg = Debug|Any CPU
		{6258E986-4E80-483E-A0B0-07A6A9789226}.Debug|x86.ActiveCfg = Debug|Any CPU
		{6258E986-4E80-483E-A0B0-07A6A9789226}.Release|Any CPU.ActiveCfg = Release|Any CPU
		{6258E986-4E80-483E-A0B0-07A6A9789226}.Release|Any CPU.Build.0 = Release|Any CPU
		{6258E986-4E80-483E-A0B0-07A6A9789226}.Release|arm64.ActiveCfg = Release|Any CPU
		{6258E986-4E80-483E-A0B0-07A6A9789226}.Release|x86.ActiveCfg = Release|Any CPU
		{8D7529F1-D6A7-4267-93A5-74115B598EC7}.Debug|Any CPU.ActiveCfg = Debug|Any CPU
		{8D7529F1-D6A7-4267-93A5-74115B598EC7}.Debug|Any CPU.Build.0 = Debug|Any CPU
		{8D7529F1-D6A7-4267-93A5-74115B598EC7}.Debug|arm64.ActiveCfg = Debug|Any CPU
		{8D7529F1-D6A7-4267-93A5-74115B598EC7}.Debug|x86.ActiveCfg = Debug|Any CPU
		{8D7529F1-D6A7-4267-93A5-74115B598EC7}.Release|Any CPU.ActiveCfg = Release|Any CPU
		{8D7529F1-D6A7-4267-93A5-74115B598EC7}.Release|Any CPU.Build.0 = Release|Any CPU
		{8D7529F1-D6A7-4267-93A5-74115B598EC7}.Release|arm64.ActiveCfg = Release|Any CPU
		{8D7529F1-D6A7-4267-93A5-74115B598EC7}.Release|x86.ActiveCfg = Release|Any CPU
		{03BE86D2-DAD8-4F43-AA94-9E27B654F449}.Debug|Any CPU.ActiveCfg = Debug|Any CPU
		{03BE86D2-DAD8-4F43-AA94-9E27B654F449}.Debug|Any CPU.Build.0 = Debug|Any CPU
		{03BE86D2-DAD8-4F43-AA94-9E27B654F449}.Debug|arm64.ActiveCfg = Debug|Any CPU
		{03BE86D2-DAD8-4F43-AA94-9E27B654F449}.Debug|x86.ActiveCfg = Debug|Any CPU
		{03BE86D2-DAD8-4F43-AA94-9E27B654F449}.Release|Any CPU.ActiveCfg = Release|Any CPU
		{03BE86D2-DAD8-4F43-AA94-9E27B654F449}.Release|Any CPU.Build.0 = Release|Any CPU
		{03BE86D2-DAD8-4F43-AA94-9E27B654F449}.Release|arm64.ActiveCfg = Release|Any CPU
		{03BE86D2-DAD8-4F43-AA94-9E27B654F449}.Release|x86.ActiveCfg = Release|Any CPU
		{43EDE3D9-2062-4F79-B581-708FFAF9D195}.Debug|Any CPU.ActiveCfg = Debug|Any CPU
		{43EDE3D9-2062-4F79-B581-708FFAF9D195}.Debug|Any CPU.Build.0 = Debug|Any CPU
		{43EDE3D9-2062-4F79-B581-708FFAF9D195}.Debug|arm64.ActiveCfg = Debug|Any CPU
		{43EDE3D9-2062-4F79-B581-708FFAF9D195}.Debug|x86.ActiveCfg = Debug|Any CPU
		{43EDE3D9-2062-4F79-B581-708FFAF9D195}.Release|Any CPU.ActiveCfg = Release|Any CPU
		{43EDE3D9-2062-4F79-B581-708FFAF9D195}.Release|Any CPU.Build.0 = Release|Any CPU
		{43EDE3D9-2062-4F79-B581-708FFAF9D195}.Release|arm64.ActiveCfg = Release|Any CPU
		{43EDE3D9-2062-4F79-B581-708FFAF9D195}.Release|x86.ActiveCfg = Release|Any CPU
		{014B4846-0E6C-4C73-B851-0A560D36AEEE}.Debug|Any CPU.ActiveCfg = Debug|Any CPU
		{014B4846-0E6C-4C73-B851-0A560D36AEEE}.Debug|Any CPU.Build.0 = Debug|Any CPU
		{014B4846-0E6C-4C73-B851-0A560D36AEEE}.Debug|arm64.ActiveCfg = Debug|Any CPU
		{014B4846-0E6C-4C73-B851-0A560D36AEEE}.Debug|x86.ActiveCfg = Debug|Any CPU
		{014B4846-0E6C-4C73-B851-0A560D36AEEE}.Release|Any CPU.ActiveCfg = Release|Any CPU
		{014B4846-0E6C-4C73-B851-0A560D36AEEE}.Release|Any CPU.Build.0 = Release|Any CPU
		{014B4846-0E6C-4C73-B851-0A560D36AEEE}.Release|arm64.ActiveCfg = Release|Any CPU
		{014B4846-0E6C-4C73-B851-0A560D36AEEE}.Release|x86.ActiveCfg = Release|Any CPU
		{6389BF24-DF2F-4864-915C-E0145C66CEB5}.Debug|Any CPU.ActiveCfg = Debug|Any CPU
		{6389BF24-DF2F-4864-915C-E0145C66CEB5}.Debug|Any CPU.Build.0 = Debug|Any CPU
		{6389BF24-DF2F-4864-915C-E0145C66CEB5}.Debug|arm64.ActiveCfg = Debug|Any CPU
		{6389BF24-DF2F-4864-915C-E0145C66CEB5}.Debug|x86.ActiveCfg = Debug|Any CPU
		{6389BF24-DF2F-4864-915C-E0145C66CEB5}.Release|Any CPU.ActiveCfg = Release|Any CPU
		{6389BF24-DF2F-4864-915C-E0145C66CEB5}.Release|Any CPU.Build.0 = Release|Any CPU
		{6389BF24-DF2F-4864-915C-E0145C66CEB5}.Release|arm64.ActiveCfg = Release|Any CPU
		{6389BF24-DF2F-4864-915C-E0145C66CEB5}.Release|x86.ActiveCfg = Release|Any CPU
		{F4C3F08E-C3E3-4371-BF55-911E1EDE9864}.Debug|Any CPU.ActiveCfg = Debug|Any CPU
		{F4C3F08E-C3E3-4371-BF55-911E1EDE9864}.Debug|Any CPU.Build.0 = Debug|Any CPU
		{F4C3F08E-C3E3-4371-BF55-911E1EDE9864}.Debug|arm64.ActiveCfg = Debug|Any CPU
		{F4C3F08E-C3E3-4371-BF55-911E1EDE9864}.Debug|x86.ActiveCfg = Debug|Any CPU
		{F4C3F08E-C3E3-4371-BF55-911E1EDE9864}.Release|Any CPU.ActiveCfg = Release|Any CPU
		{F4C3F08E-C3E3-4371-BF55-911E1EDE9864}.Release|Any CPU.Build.0 = Release|Any CPU
		{F4C3F08E-C3E3-4371-BF55-911E1EDE9864}.Release|arm64.ActiveCfg = Release|Any CPU
		{F4C3F08E-C3E3-4371-BF55-911E1EDE9864}.Release|x86.ActiveCfg = Release|Any CPU
		{FB07A4CD-4BCC-45D7-BCA5-C686A45B8D6F}.Debug|Any CPU.ActiveCfg = Debug|Any CPU
		{FB07A4CD-4BCC-45D7-BCA5-C686A45B8D6F}.Debug|Any CPU.Build.0 = Debug|Any CPU
		{FB07A4CD-4BCC-45D7-BCA5-C686A45B8D6F}.Debug|arm64.ActiveCfg = Debug|Any CPU
		{FB07A4CD-4BCC-45D7-BCA5-C686A45B8D6F}.Debug|x86.ActiveCfg = Debug|Any CPU
		{FB07A4CD-4BCC-45D7-BCA5-C686A45B8D6F}.Release|Any CPU.ActiveCfg = Release|Any CPU
		{FB07A4CD-4BCC-45D7-BCA5-C686A45B8D6F}.Release|Any CPU.Build.0 = Release|Any CPU
		{FB07A4CD-4BCC-45D7-BCA5-C686A45B8D6F}.Release|arm64.ActiveCfg = Release|Any CPU
		{FB07A4CD-4BCC-45D7-BCA5-C686A45B8D6F}.Release|x86.ActiveCfg = Release|Any CPU
		{3DA3FB18-AC0C-40F4-B45B-5D13916D032A}.Debug|Any CPU.ActiveCfg = Debug|Any CPU
		{3DA3FB18-AC0C-40F4-B45B-5D13916D032A}.Debug|Any CPU.Build.0 = Debug|Any CPU
		{3DA3FB18-AC0C-40F4-B45B-5D13916D032A}.Debug|arm64.ActiveCfg = Debug|Any CPU
		{3DA3FB18-AC0C-40F4-B45B-5D13916D032A}.Debug|x86.ActiveCfg = Debug|Any CPU
		{3DA3FB18-AC0C-40F4-B45B-5D13916D032A}.Release|Any CPU.ActiveCfg = Release|Any CPU
		{3DA3FB18-AC0C-40F4-B45B-5D13916D032A}.Release|Any CPU.Build.0 = Release|Any CPU
		{3DA3FB18-AC0C-40F4-B45B-5D13916D032A}.Release|arm64.ActiveCfg = Release|Any CPU
		{3DA3FB18-AC0C-40F4-B45B-5D13916D032A}.Release|x86.ActiveCfg = Release|Any CPU
		{CB5BB6E2-D963-4A27-A3B9-1E4BB068983B}.Debug|Any CPU.ActiveCfg = Debug|Any CPU
		{CB5BB6E2-D963-4A27-A3B9-1E4BB068983B}.Debug|Any CPU.Build.0 = Debug|Any CPU
		{CB5BB6E2-D963-4A27-A3B9-1E4BB068983B}.Debug|arm64.ActiveCfg = Debug|Any CPU
		{CB5BB6E2-D963-4A27-A3B9-1E4BB068983B}.Debug|x86.ActiveCfg = Debug|Any CPU
		{CB5BB6E2-D963-4A27-A3B9-1E4BB068983B}.Release|Any CPU.ActiveCfg = Release|Any CPU
		{CB5BB6E2-D963-4A27-A3B9-1E4BB068983B}.Release|Any CPU.Build.0 = Release|Any CPU
		{CB5BB6E2-D963-4A27-A3B9-1E4BB068983B}.Release|arm64.ActiveCfg = Release|Any CPU
		{CB5BB6E2-D963-4A27-A3B9-1E4BB068983B}.Release|x86.ActiveCfg = Release|Any CPU
		{EF733B78-4F0A-46D4-8529-923EEBBFA4DA}.Debug|Any CPU.ActiveCfg = Debug|Any CPU
		{EF733B78-4F0A-46D4-8529-923EEBBFA4DA}.Debug|Any CPU.Build.0 = Debug|Any CPU
		{EF733B78-4F0A-46D4-8529-923EEBBFA4DA}.Debug|arm64.ActiveCfg = Debug|Any CPU
		{EF733B78-4F0A-46D4-8529-923EEBBFA4DA}.Debug|x86.ActiveCfg = Debug|Any CPU
		{EF733B78-4F0A-46D4-8529-923EEBBFA4DA}.Release|Any CPU.ActiveCfg = Release|Any CPU
		{EF733B78-4F0A-46D4-8529-923EEBBFA4DA}.Release|Any CPU.Build.0 = Release|Any CPU
		{EF733B78-4F0A-46D4-8529-923EEBBFA4DA}.Release|arm64.ActiveCfg = Release|Any CPU
		{EF733B78-4F0A-46D4-8529-923EEBBFA4DA}.Release|x86.ActiveCfg = Release|Any CPU
		{1E295971-F8E9-45D6-BDF5-DE76675753FA}.Debug|Any CPU.ActiveCfg = Debug|Any CPU
		{1E295971-F8E9-45D6-BDF5-DE76675753FA}.Debug|Any CPU.Build.0 = Debug|Any CPU
		{1E295971-F8E9-45D6-BDF5-DE76675753FA}.Debug|arm64.ActiveCfg = Debug|Any CPU
		{1E295971-F8E9-45D6-BDF5-DE76675753FA}.Debug|x86.ActiveCfg = Debug|Any CPU
		{1E295971-F8E9-45D6-BDF5-DE76675753FA}.Release|Any CPU.ActiveCfg = Release|Any CPU
		{1E295971-F8E9-45D6-BDF5-DE76675753FA}.Release|Any CPU.Build.0 = Release|Any CPU
		{1E295971-F8E9-45D6-BDF5-DE76675753FA}.Release|arm64.ActiveCfg = Release|Any CPU
		{1E295971-F8E9-45D6-BDF5-DE76675753FA}.Release|x86.ActiveCfg = Release|Any CPU
		{3D194335-89D4-4B5F-82FD-4E326EB2E8BB}.Debug|Any CPU.ActiveCfg = Debug|Any CPU
		{3D194335-89D4-4B5F-82FD-4E326EB2E8BB}.Debug|Any CPU.Build.0 = Debug|Any CPU
		{3D194335-89D4-4B5F-82FD-4E326EB2E8BB}.Debug|arm64.ActiveCfg = Debug|Any CPU
		{3D194335-89D4-4B5F-82FD-4E326EB2E8BB}.Debug|x86.ActiveCfg = Debug|Any CPU
		{3D194335-89D4-4B5F-82FD-4E326EB2E8BB}.Release|Any CPU.ActiveCfg = Release|Any CPU
		{3D194335-89D4-4B5F-82FD-4E326EB2E8BB}.Release|Any CPU.Build.0 = Release|Any CPU
		{3D194335-89D4-4B5F-82FD-4E326EB2E8BB}.Release|arm64.ActiveCfg = Release|Any CPU
		{3D194335-89D4-4B5F-82FD-4E326EB2E8BB}.Release|x86.ActiveCfg = Release|Any CPU
		{A3C45306-E621-41F3-9389-E0EA0E4EB934}.Debug|Any CPU.ActiveCfg = Debug|Any CPU
		{A3C45306-E621-41F3-9389-E0EA0E4EB934}.Debug|Any CPU.Build.0 = Debug|Any CPU
		{A3C45306-E621-41F3-9389-E0EA0E4EB934}.Debug|arm64.ActiveCfg = Debug|Any CPU
		{A3C45306-E621-41F3-9389-E0EA0E4EB934}.Debug|x86.ActiveCfg = Debug|Any CPU
		{A3C45306-E621-41F3-9389-E0EA0E4EB934}.Release|Any CPU.ActiveCfg = Release|Any CPU
		{A3C45306-E621-41F3-9389-E0EA0E4EB934}.Release|Any CPU.Build.0 = Release|Any CPU
		{A3C45306-E621-41F3-9389-E0EA0E4EB934}.Release|arm64.ActiveCfg = Release|Any CPU
		{A3C45306-E621-41F3-9389-E0EA0E4EB934}.Release|x86.ActiveCfg = Release|Any CPU
		{49163859-5988-47F6-A6A1-D8753959FA99}.Debug|Any CPU.ActiveCfg = Debug|Any CPU
		{49163859-5988-47F6-A6A1-D8753959FA99}.Debug|Any CPU.Build.0 = Debug|Any CPU
		{49163859-5988-47F6-A6A1-D8753959FA99}.Debug|arm64.ActiveCfg = Debug|Any CPU
		{49163859-5988-47F6-A6A1-D8753959FA99}.Debug|x86.ActiveCfg = Debug|Any CPU
		{49163859-5988-47F6-A6A1-D8753959FA99}.Release|Any CPU.ActiveCfg = Release|Any CPU
		{49163859-5988-47F6-A6A1-D8753959FA99}.Release|Any CPU.Build.0 = Release|Any CPU
		{49163859-5988-47F6-A6A1-D8753959FA99}.Release|arm64.ActiveCfg = Release|Any CPU
		{49163859-5988-47F6-A6A1-D8753959FA99}.Release|x86.ActiveCfg = Release|Any CPU
		{DB4253B3-B91A-4AFA-9CF1-158B0BF332DA}.Debug|Any CPU.ActiveCfg = Debug|Any CPU
		{DB4253B3-B91A-4AFA-9CF1-158B0BF332DA}.Debug|Any CPU.Build.0 = Debug|Any CPU
		{DB4253B3-B91A-4AFA-9CF1-158B0BF332DA}.Debug|arm64.ActiveCfg = Debug|Any CPU
		{DB4253B3-B91A-4AFA-9CF1-158B0BF332DA}.Debug|x86.ActiveCfg = Debug|Any CPU
		{DB4253B3-B91A-4AFA-9CF1-158B0BF332DA}.Release|Any CPU.ActiveCfg = Release|Any CPU
		{DB4253B3-B91A-4AFA-9CF1-158B0BF332DA}.Release|Any CPU.Build.0 = Release|Any CPU
		{DB4253B3-B91A-4AFA-9CF1-158B0BF332DA}.Release|arm64.ActiveCfg = Release|Any CPU
		{DB4253B3-B91A-4AFA-9CF1-158B0BF332DA}.Release|x86.ActiveCfg = Release|Any CPU
		{ACC60F95-9CA3-4970-AB47-8D76B76B8EDC}.Debug|Any CPU.ActiveCfg = Debug|Any CPU
		{ACC60F95-9CA3-4970-AB47-8D76B76B8EDC}.Debug|Any CPU.Build.0 = Debug|Any CPU
		{ACC60F95-9CA3-4970-AB47-8D76B76B8EDC}.Debug|arm64.ActiveCfg = Debug|Any CPU
		{ACC60F95-9CA3-4970-AB47-8D76B76B8EDC}.Debug|x86.ActiveCfg = Debug|Any CPU
		{ACC60F95-9CA3-4970-AB47-8D76B76B8EDC}.Release|Any CPU.ActiveCfg = Release|Any CPU
		{ACC60F95-9CA3-4970-AB47-8D76B76B8EDC}.Release|Any CPU.Build.0 = Release|Any CPU
		{ACC60F95-9CA3-4970-AB47-8D76B76B8EDC}.Release|arm64.ActiveCfg = Release|Any CPU
		{ACC60F95-9CA3-4970-AB47-8D76B76B8EDC}.Release|x86.ActiveCfg = Release|Any CPU
		{AA841829-B357-403E-B185-C57DB2C97A52}.Debug|Any CPU.ActiveCfg = Debug|Any CPU
		{AA841829-B357-403E-B185-C57DB2C97A52}.Debug|Any CPU.Build.0 = Debug|Any CPU
		{AA841829-B357-403E-B185-C57DB2C97A52}.Debug|arm64.ActiveCfg = Debug|Any CPU
		{AA841829-B357-403E-B185-C57DB2C97A52}.Debug|x86.ActiveCfg = Debug|Any CPU
		{AA841829-B357-403E-B185-C57DB2C97A52}.Release|Any CPU.ActiveCfg = Release|Any CPU
		{AA841829-B357-403E-B185-C57DB2C97A52}.Release|Any CPU.Build.0 = Release|Any CPU
		{AA841829-B357-403E-B185-C57DB2C97A52}.Release|arm64.ActiveCfg = Release|Any CPU
		{AA841829-B357-403E-B185-C57DB2C97A52}.Release|x86.ActiveCfg = Release|Any CPU
		{5932C333-624B-44B3-AA0D-8955EDB8463E}.Debug|Any CPU.ActiveCfg = Debug|Any CPU
		{5932C333-624B-44B3-AA0D-8955EDB8463E}.Debug|Any CPU.Build.0 = Debug|Any CPU
		{5932C333-624B-44B3-AA0D-8955EDB8463E}.Debug|arm64.ActiveCfg = Debug|Any CPU
		{5932C333-624B-44B3-AA0D-8955EDB8463E}.Debug|x86.ActiveCfg = Debug|Any CPU
		{5932C333-624B-44B3-AA0D-8955EDB8463E}.Release|Any CPU.ActiveCfg = Release|Any CPU
		{5932C333-624B-44B3-AA0D-8955EDB8463E}.Release|Any CPU.Build.0 = Release|Any CPU
		{5932C333-624B-44B3-AA0D-8955EDB8463E}.Release|arm64.ActiveCfg = Release|Any CPU
		{5932C333-624B-44B3-AA0D-8955EDB8463E}.Release|x86.ActiveCfg = Release|Any CPU
		{9AE07EA1-4287-4344-AA71-50A4FC7D9567}.Debug|Any CPU.ActiveCfg = Debug|Any CPU
		{9AE07EA1-4287-4344-AA71-50A4FC7D9567}.Debug|Any CPU.Build.0 = Debug|Any CPU
		{9AE07EA1-4287-4344-AA71-50A4FC7D9567}.Debug|arm64.ActiveCfg = Debug|Any CPU
		{9AE07EA1-4287-4344-AA71-50A4FC7D9567}.Debug|x86.ActiveCfg = Debug|Any CPU
		{9AE07EA1-4287-4344-AA71-50A4FC7D9567}.Release|Any CPU.ActiveCfg = Release|Any CPU
		{9AE07EA1-4287-4344-AA71-50A4FC7D9567}.Release|Any CPU.Build.0 = Release|Any CPU
		{9AE07EA1-4287-4344-AA71-50A4FC7D9567}.Release|arm64.ActiveCfg = Release|Any CPU
		{9AE07EA1-4287-4344-AA71-50A4FC7D9567}.Release|x86.ActiveCfg = Release|Any CPU
		{4FD1E284-556C-426D-90D7-DD9A431CE9B2}.Debug|Any CPU.ActiveCfg = Debug|Any CPU
		{4FD1E284-556C-426D-90D7-DD9A431CE9B2}.Debug|Any CPU.Build.0 = Debug|Any CPU
		{4FD1E284-556C-426D-90D7-DD9A431CE9B2}.Debug|arm64.ActiveCfg = Debug|Any CPU
		{4FD1E284-556C-426D-90D7-DD9A431CE9B2}.Debug|x86.ActiveCfg = Debug|Any CPU
		{4FD1E284-556C-426D-90D7-DD9A431CE9B2}.Release|Any CPU.ActiveCfg = Release|Any CPU
		{4FD1E284-556C-426D-90D7-DD9A431CE9B2}.Release|Any CPU.Build.0 = Release|Any CPU
		{4FD1E284-556C-426D-90D7-DD9A431CE9B2}.Release|arm64.ActiveCfg = Release|Any CPU
		{4FD1E284-556C-426D-90D7-DD9A431CE9B2}.Release|x86.ActiveCfg = Release|Any CPU
		{5FB98F6C-15E8-489E-8A87-6E975219B46C}.Debug|Any CPU.ActiveCfg = Debug|Any CPU
		{5FB98F6C-15E8-489E-8A87-6E975219B46C}.Debug|Any CPU.Build.0 = Debug|Any CPU
		{5FB98F6C-15E8-489E-8A87-6E975219B46C}.Debug|arm64.ActiveCfg = Debug|Any CPU
		{5FB98F6C-15E8-489E-8A87-6E975219B46C}.Debug|x86.ActiveCfg = Debug|Any CPU
		{5FB98F6C-15E8-489E-8A87-6E975219B46C}.Release|Any CPU.ActiveCfg = Release|Any CPU
		{5FB98F6C-15E8-489E-8A87-6E975219B46C}.Release|Any CPU.Build.0 = Release|Any CPU
		{5FB98F6C-15E8-489E-8A87-6E975219B46C}.Release|arm64.ActiveCfg = Release|Any CPU
		{5FB98F6C-15E8-489E-8A87-6E975219B46C}.Release|x86.ActiveCfg = Release|Any CPU
		{17716B42-EF3B-4FAF-9A42-AF54C00B7824}.Debug|Any CPU.ActiveCfg = Debug|Any CPU
		{17716B42-EF3B-4FAF-9A42-AF54C00B7824}.Debug|Any CPU.Build.0 = Debug|Any CPU
		{17716B42-EF3B-4FAF-9A42-AF54C00B7824}.Debug|arm64.ActiveCfg = Debug|Any CPU
		{17716B42-EF3B-4FAF-9A42-AF54C00B7824}.Debug|x86.ActiveCfg = Debug|Any CPU
		{17716B42-EF3B-4FAF-9A42-AF54C00B7824}.Release|Any CPU.ActiveCfg = Release|Any CPU
		{17716B42-EF3B-4FAF-9A42-AF54C00B7824}.Release|Any CPU.Build.0 = Release|Any CPU
		{17716B42-EF3B-4FAF-9A42-AF54C00B7824}.Release|arm64.ActiveCfg = Release|Any CPU
		{17716B42-EF3B-4FAF-9A42-AF54C00B7824}.Release|x86.ActiveCfg = Release|Any CPU
		{47AE89F2-87FC-4786-8855-9A2C3B51F943}.Debug|Any CPU.ActiveCfg = Debug|Any CPU
		{47AE89F2-87FC-4786-8855-9A2C3B51F943}.Debug|Any CPU.Build.0 = Debug|Any CPU
		{47AE89F2-87FC-4786-8855-9A2C3B51F943}.Debug|arm64.ActiveCfg = Debug|Any CPU
		{47AE89F2-87FC-4786-8855-9A2C3B51F943}.Debug|x86.ActiveCfg = Debug|Any CPU
		{47AE89F2-87FC-4786-8855-9A2C3B51F943}.Release|Any CPU.ActiveCfg = Release|Any CPU
		{47AE89F2-87FC-4786-8855-9A2C3B51F943}.Release|Any CPU.Build.0 = Release|Any CPU
		{47AE89F2-87FC-4786-8855-9A2C3B51F943}.Release|arm64.ActiveCfg = Release|Any CPU
		{47AE89F2-87FC-4786-8855-9A2C3B51F943}.Release|x86.ActiveCfg = Release|Any CPU
		{DDCEC28F-BB1F-4350-9785-62EF5DD55B39}.Debug|Any CPU.ActiveCfg = Debug|Any CPU
		{DDCEC28F-BB1F-4350-9785-62EF5DD55B39}.Debug|Any CPU.Build.0 = Debug|Any CPU
		{DDCEC28F-BB1F-4350-9785-62EF5DD55B39}.Debug|arm64.ActiveCfg = Debug|Any CPU
		{DDCEC28F-BB1F-4350-9785-62EF5DD55B39}.Debug|x86.ActiveCfg = Debug|Any CPU
		{DDCEC28F-BB1F-4350-9785-62EF5DD55B39}.Release|Any CPU.ActiveCfg = Release|Any CPU
		{DDCEC28F-BB1F-4350-9785-62EF5DD55B39}.Release|Any CPU.Build.0 = Release|Any CPU
		{DDCEC28F-BB1F-4350-9785-62EF5DD55B39}.Release|arm64.ActiveCfg = Release|Any CPU
		{DDCEC28F-BB1F-4350-9785-62EF5DD55B39}.Release|x86.ActiveCfg = Release|Any CPU
		{B008B8AF-D4D0-485B-95DA-E35A0E7966F6}.Debug|Any CPU.ActiveCfg = Debug|Any CPU
		{B008B8AF-D4D0-485B-95DA-E35A0E7966F6}.Debug|Any CPU.Build.0 = Debug|Any CPU
		{B008B8AF-D4D0-485B-95DA-E35A0E7966F6}.Debug|arm64.ActiveCfg = Debug|Any CPU
		{B008B8AF-D4D0-485B-95DA-E35A0E7966F6}.Debug|x86.ActiveCfg = Debug|Any CPU
		{B008B8AF-D4D0-485B-95DA-E35A0E7966F6}.Release|Any CPU.ActiveCfg = Release|Any CPU
		{B008B8AF-D4D0-485B-95DA-E35A0E7966F6}.Release|Any CPU.Build.0 = Release|Any CPU
		{B008B8AF-D4D0-485B-95DA-E35A0E7966F6}.Release|arm64.ActiveCfg = Release|Any CPU
		{B008B8AF-D4D0-485B-95DA-E35A0E7966F6}.Release|x86.ActiveCfg = Release|Any CPU
		{942A7169-9AB4-46F6-B535-ABBB3969E86A}.Debug|Any CPU.ActiveCfg = Debug|Any CPU
		{942A7169-9AB4-46F6-B535-ABBB3969E86A}.Debug|Any CPU.Build.0 = Debug|Any CPU
		{942A7169-9AB4-46F6-B535-ABBB3969E86A}.Debug|arm64.ActiveCfg = Debug|Any CPU
		{942A7169-9AB4-46F6-B535-ABBB3969E86A}.Debug|x86.ActiveCfg = Debug|Any CPU
		{942A7169-9AB4-46F6-B535-ABBB3969E86A}.Release|Any CPU.ActiveCfg = Release|Any CPU
		{942A7169-9AB4-46F6-B535-ABBB3969E86A}.Release|Any CPU.Build.0 = Release|Any CPU
		{942A7169-9AB4-46F6-B535-ABBB3969E86A}.Release|arm64.ActiveCfg = Release|Any CPU
		{942A7169-9AB4-46F6-B535-ABBB3969E86A}.Release|x86.ActiveCfg = Release|Any CPU
		{08E2E2A4-2CE6-4B8B-9BB0-79573808B0D3}.Debug|Any CPU.ActiveCfg = Debug|Any CPU
		{08E2E2A4-2CE6-4B8B-9BB0-79573808B0D3}.Debug|Any CPU.Build.0 = Debug|Any CPU
		{08E2E2A4-2CE6-4B8B-9BB0-79573808B0D3}.Debug|arm64.ActiveCfg = Debug|Any CPU
		{08E2E2A4-2CE6-4B8B-9BB0-79573808B0D3}.Debug|x86.ActiveCfg = Debug|Any CPU
		{08E2E2A4-2CE6-4B8B-9BB0-79573808B0D3}.Release|Any CPU.ActiveCfg = Release|Any CPU
		{08E2E2A4-2CE6-4B8B-9BB0-79573808B0D3}.Release|Any CPU.Build.0 = Release|Any CPU
		{08E2E2A4-2CE6-4B8B-9BB0-79573808B0D3}.Release|arm64.ActiveCfg = Release|Any CPU
		{08E2E2A4-2CE6-4B8B-9BB0-79573808B0D3}.Release|x86.ActiveCfg = Release|Any CPU
		{3A3AA540-7855-4CD6-BBE1-5AFD180F2C11}.Debug|Any CPU.ActiveCfg = Debug|Any CPU
		{3A3AA540-7855-4CD6-BBE1-5AFD180F2C11}.Debug|Any CPU.Build.0 = Debug|Any CPU
		{3A3AA540-7855-4CD6-BBE1-5AFD180F2C11}.Debug|arm64.ActiveCfg = Debug|Any CPU
		{3A3AA540-7855-4CD6-BBE1-5AFD180F2C11}.Debug|x86.ActiveCfg = Debug|Any CPU
		{3A3AA540-7855-4CD6-BBE1-5AFD180F2C11}.Release|Any CPU.ActiveCfg = Release|Any CPU
		{3A3AA540-7855-4CD6-BBE1-5AFD180F2C11}.Release|Any CPU.Build.0 = Release|Any CPU
		{3A3AA540-7855-4CD6-BBE1-5AFD180F2C11}.Release|arm64.ActiveCfg = Release|Any CPU
		{3A3AA540-7855-4CD6-BBE1-5AFD180F2C11}.Release|x86.ActiveCfg = Release|Any CPU
		{234B37B7-3B0B-4FDE-A031-D107531426D8}.Debug|Any CPU.ActiveCfg = Debug|Any CPU
		{234B37B7-3B0B-4FDE-A031-D107531426D8}.Debug|Any CPU.Build.0 = Debug|Any CPU
		{234B37B7-3B0B-4FDE-A031-D107531426D8}.Debug|arm64.ActiveCfg = Debug|Any CPU
		{234B37B7-3B0B-4FDE-A031-D107531426D8}.Debug|x86.ActiveCfg = Debug|Any CPU
		{234B37B7-3B0B-4FDE-A031-D107531426D8}.Release|Any CPU.ActiveCfg = Release|Any CPU
		{234B37B7-3B0B-4FDE-A031-D107531426D8}.Release|Any CPU.Build.0 = Release|Any CPU
		{234B37B7-3B0B-4FDE-A031-D107531426D8}.Release|arm64.ActiveCfg = Release|Any CPU
		{234B37B7-3B0B-4FDE-A031-D107531426D8}.Release|x86.ActiveCfg = Release|Any CPU
		{0884A1F5-27D4-4B46-84D2-4CC5DBF174BA}.Debug|Any CPU.ActiveCfg = Debug|Any CPU
		{0884A1F5-27D4-4B46-84D2-4CC5DBF174BA}.Debug|Any CPU.Build.0 = Debug|Any CPU
		{0884A1F5-27D4-4B46-84D2-4CC5DBF174BA}.Debug|arm64.ActiveCfg = Debug|Any CPU
		{0884A1F5-27D4-4B46-84D2-4CC5DBF174BA}.Debug|x86.ActiveCfg = Debug|Any CPU
		{0884A1F5-27D4-4B46-84D2-4CC5DBF174BA}.Release|Any CPU.ActiveCfg = Release|Any CPU
		{0884A1F5-27D4-4B46-84D2-4CC5DBF174BA}.Release|Any CPU.Build.0 = Release|Any CPU
		{0884A1F5-27D4-4B46-84D2-4CC5DBF174BA}.Release|arm64.ActiveCfg = Release|Any CPU
		{0884A1F5-27D4-4B46-84D2-4CC5DBF174BA}.Release|x86.ActiveCfg = Release|Any CPU
		{DA0C48E3-B8D2-4B6E-A0C5-FD46EFE5A993}.Debug|Any CPU.ActiveCfg = Debug|Any CPU
		{DA0C48E3-B8D2-4B6E-A0C5-FD46EFE5A993}.Debug|Any CPU.Build.0 = Debug|Any CPU
		{DA0C48E3-B8D2-4B6E-A0C5-FD46EFE5A993}.Debug|arm64.ActiveCfg = Debug|Any CPU
		{DA0C48E3-B8D2-4B6E-A0C5-FD46EFE5A993}.Debug|x86.ActiveCfg = Debug|Any CPU
		{DA0C48E3-B8D2-4B6E-A0C5-FD46EFE5A993}.Release|Any CPU.ActiveCfg = Release|Any CPU
		{DA0C48E3-B8D2-4B6E-A0C5-FD46EFE5A993}.Release|Any CPU.Build.0 = Release|Any CPU
		{DA0C48E3-B8D2-4B6E-A0C5-FD46EFE5A993}.Release|arm64.ActiveCfg = Release|Any CPU
		{DA0C48E3-B8D2-4B6E-A0C5-FD46EFE5A993}.Release|x86.ActiveCfg = Release|Any CPU
		{7AFF4906-055F-45BC-9261-661837400A90}.Debug|Any CPU.ActiveCfg = Debug|Any CPU
		{7AFF4906-055F-45BC-9261-661837400A90}.Debug|Any CPU.Build.0 = Debug|Any CPU
		{7AFF4906-055F-45BC-9261-661837400A90}.Debug|arm64.ActiveCfg = Debug|Any CPU
		{7AFF4906-055F-45BC-9261-661837400A90}.Debug|x86.ActiveCfg = Debug|Any CPU
		{7AFF4906-055F-45BC-9261-661837400A90}.Release|Any CPU.ActiveCfg = Release|Any CPU
		{7AFF4906-055F-45BC-9261-661837400A90}.Release|Any CPU.Build.0 = Release|Any CPU
		{7AFF4906-055F-45BC-9261-661837400A90}.Release|arm64.ActiveCfg = Release|Any CPU
		{7AFF4906-055F-45BC-9261-661837400A90}.Release|x86.ActiveCfg = Release|Any CPU
		{64261209-46FE-48C6-AC18-D11EE3EC8FBE}.Debug|Any CPU.ActiveCfg = Debug|Any CPU
		{64261209-46FE-48C6-AC18-D11EE3EC8FBE}.Debug|Any CPU.Build.0 = Debug|Any CPU
		{64261209-46FE-48C6-AC18-D11EE3EC8FBE}.Debug|arm64.ActiveCfg = Debug|Any CPU
		{64261209-46FE-48C6-AC18-D11EE3EC8FBE}.Debug|x86.ActiveCfg = Debug|Any CPU
		{64261209-46FE-48C6-AC18-D11EE3EC8FBE}.Release|Any CPU.ActiveCfg = Release|Any CPU
		{64261209-46FE-48C6-AC18-D11EE3EC8FBE}.Release|Any CPU.Build.0 = Release|Any CPU
		{64261209-46FE-48C6-AC18-D11EE3EC8FBE}.Release|arm64.ActiveCfg = Release|Any CPU
		{64261209-46FE-48C6-AC18-D11EE3EC8FBE}.Release|x86.ActiveCfg = Release|Any CPU
		{A742128A-23FA-411A-8D8C-9B50144CB480}.Debug|Any CPU.ActiveCfg = Debug|Any CPU
		{A742128A-23FA-411A-8D8C-9B50144CB480}.Debug|Any CPU.Build.0 = Debug|Any CPU
		{A742128A-23FA-411A-8D8C-9B50144CB480}.Debug|arm64.ActiveCfg = Debug|Any CPU
		{A742128A-23FA-411A-8D8C-9B50144CB480}.Debug|arm64.Build.0 = Debug|Any CPU
		{A742128A-23FA-411A-8D8C-9B50144CB480}.Debug|x86.ActiveCfg = Debug|Any CPU
		{A742128A-23FA-411A-8D8C-9B50144CB480}.Debug|x86.Build.0 = Debug|Any CPU
		{A742128A-23FA-411A-8D8C-9B50144CB480}.Release|Any CPU.ActiveCfg = Release|Any CPU
		{A742128A-23FA-411A-8D8C-9B50144CB480}.Release|Any CPU.Build.0 = Release|Any CPU
		{A742128A-23FA-411A-8D8C-9B50144CB480}.Release|arm64.ActiveCfg = Release|Any CPU
		{A742128A-23FA-411A-8D8C-9B50144CB480}.Release|arm64.Build.0 = Release|Any CPU
		{A742128A-23FA-411A-8D8C-9B50144CB480}.Release|x86.ActiveCfg = Release|Any CPU
		{A742128A-23FA-411A-8D8C-9B50144CB480}.Release|x86.Build.0 = Release|Any CPU
		{8C47A513-A4E8-4F12-9BF8-AFD89066B249}.Debug|Any CPU.ActiveCfg = Debug|Any CPU
		{8C47A513-A4E8-4F12-9BF8-AFD89066B249}.Debug|Any CPU.Build.0 = Debug|Any CPU
		{8C47A513-A4E8-4F12-9BF8-AFD89066B249}.Debug|arm64.ActiveCfg = Debug|Any CPU
		{8C47A513-A4E8-4F12-9BF8-AFD89066B249}.Debug|arm64.Build.0 = Debug|Any CPU
		{8C47A513-A4E8-4F12-9BF8-AFD89066B249}.Debug|x86.ActiveCfg = Debug|Any CPU
		{8C47A513-A4E8-4F12-9BF8-AFD89066B249}.Debug|x86.Build.0 = Debug|Any CPU
		{8C47A513-A4E8-4F12-9BF8-AFD89066B249}.Release|Any CPU.ActiveCfg = Release|Any CPU
		{8C47A513-A4E8-4F12-9BF8-AFD89066B249}.Release|Any CPU.Build.0 = Release|Any CPU
		{8C47A513-A4E8-4F12-9BF8-AFD89066B249}.Release|arm64.ActiveCfg = Release|Any CPU
		{8C47A513-A4E8-4F12-9BF8-AFD89066B249}.Release|arm64.Build.0 = Release|Any CPU
		{8C47A513-A4E8-4F12-9BF8-AFD89066B249}.Release|x86.ActiveCfg = Release|Any CPU
		{8C47A513-A4E8-4F12-9BF8-AFD89066B249}.Release|x86.Build.0 = Release|Any CPU
		{AF7D55CC-3614-47E2-B73A-88CD48C72CA4}.Debug|Any CPU.ActiveCfg = Debug|Any CPU
		{AF7D55CC-3614-47E2-B73A-88CD48C72CA4}.Debug|Any CPU.Build.0 = Debug|Any CPU
		{AF7D55CC-3614-47E2-B73A-88CD48C72CA4}.Debug|arm64.ActiveCfg = Debug|Any CPU
		{AF7D55CC-3614-47E2-B73A-88CD48C72CA4}.Debug|arm64.Build.0 = Debug|Any CPU
		{AF7D55CC-3614-47E2-B73A-88CD48C72CA4}.Debug|x86.ActiveCfg = Debug|Any CPU
		{AF7D55CC-3614-47E2-B73A-88CD48C72CA4}.Debug|x86.Build.0 = Debug|Any CPU
		{AF7D55CC-3614-47E2-B73A-88CD48C72CA4}.Release|Any CPU.ActiveCfg = Release|Any CPU
		{AF7D55CC-3614-47E2-B73A-88CD48C72CA4}.Release|Any CPU.Build.0 = Release|Any CPU
		{AF7D55CC-3614-47E2-B73A-88CD48C72CA4}.Release|arm64.ActiveCfg = Release|Any CPU
		{AF7D55CC-3614-47E2-B73A-88CD48C72CA4}.Release|arm64.Build.0 = Release|Any CPU
		{AF7D55CC-3614-47E2-B73A-88CD48C72CA4}.Release|x86.ActiveCfg = Release|Any CPU
		{AF7D55CC-3614-47E2-B73A-88CD48C72CA4}.Release|x86.Build.0 = Release|Any CPU
		{299A22F4-6AF1-4242-9FC3-8A029A8F868B}.Debug|Any CPU.ActiveCfg = Debug|Any CPU
		{299A22F4-6AF1-4242-9FC3-8A029A8F868B}.Debug|Any CPU.Build.0 = Debug|Any CPU
		{299A22F4-6AF1-4242-9FC3-8A029A8F868B}.Debug|arm64.ActiveCfg = Debug|arm64
		{299A22F4-6AF1-4242-9FC3-8A029A8F868B}.Debug|arm64.Build.0 = Debug|arm64
		{299A22F4-6AF1-4242-9FC3-8A029A8F868B}.Debug|x86.ActiveCfg = Debug|x86
		{299A22F4-6AF1-4242-9FC3-8A029A8F868B}.Debug|x86.Build.0 = Debug|x86
		{299A22F4-6AF1-4242-9FC3-8A029A8F868B}.Release|Any CPU.ActiveCfg = Release|Any CPU
		{299A22F4-6AF1-4242-9FC3-8A029A8F868B}.Release|Any CPU.Build.0 = Release|Any CPU
		{299A22F4-6AF1-4242-9FC3-8A029A8F868B}.Release|arm64.ActiveCfg = Release|arm64
		{299A22F4-6AF1-4242-9FC3-8A029A8F868B}.Release|arm64.Build.0 = Release|arm64
		{299A22F4-6AF1-4242-9FC3-8A029A8F868B}.Release|x86.ActiveCfg = Release|x86
		{299A22F4-6AF1-4242-9FC3-8A029A8F868B}.Release|x86.Build.0 = Release|x86
		{9049ED3A-495D-4E6A-B325-35E57CE1BF90}.Debug|Any CPU.ActiveCfg = Debug|Any CPU
		{9049ED3A-495D-4E6A-B325-35E57CE1BF90}.Debug|Any CPU.Build.0 = Debug|Any CPU
		{9049ED3A-495D-4E6A-B325-35E57CE1BF90}.Debug|arm64.ActiveCfg = Debug|Any CPU
		{9049ED3A-495D-4E6A-B325-35E57CE1BF90}.Debug|arm64.Build.0 = Debug|Any CPU
		{9049ED3A-495D-4E6A-B325-35E57CE1BF90}.Debug|x86.ActiveCfg = Debug|Any CPU
		{9049ED3A-495D-4E6A-B325-35E57CE1BF90}.Debug|x86.Build.0 = Debug|Any CPU
		{9049ED3A-495D-4E6A-B325-35E57CE1BF90}.Release|Any CPU.ActiveCfg = Release|Any CPU
		{9049ED3A-495D-4E6A-B325-35E57CE1BF90}.Release|Any CPU.Build.0 = Release|Any CPU
		{9049ED3A-495D-4E6A-B325-35E57CE1BF90}.Release|arm64.ActiveCfg = Release|Any CPU
		{9049ED3A-495D-4E6A-B325-35E57CE1BF90}.Release|arm64.Build.0 = Release|Any CPU
		{9049ED3A-495D-4E6A-B325-35E57CE1BF90}.Release|x86.ActiveCfg = Release|Any CPU
		{9049ED3A-495D-4E6A-B325-35E57CE1BF90}.Release|x86.Build.0 = Release|Any CPU
		{CF639A6A-C97F-4409-BE34-53E60D2092CC}.Debug|Any CPU.ActiveCfg = Debug|Any CPU
		{CF639A6A-C97F-4409-BE34-53E60D2092CC}.Debug|Any CPU.Build.0 = Debug|Any CPU
		{CF639A6A-C97F-4409-BE34-53E60D2092CC}.Debug|arm64.ActiveCfg = Debug|Any CPU
		{CF639A6A-C97F-4409-BE34-53E60D2092CC}.Debug|arm64.Build.0 = Debug|Any CPU
		{CF639A6A-C97F-4409-BE34-53E60D2092CC}.Debug|x86.ActiveCfg = Debug|Any CPU
		{CF639A6A-C97F-4409-BE34-53E60D2092CC}.Debug|x86.Build.0 = Debug|Any CPU
		{CF639A6A-C97F-4409-BE34-53E60D2092CC}.Release|Any CPU.ActiveCfg = Release|Any CPU
		{CF639A6A-C97F-4409-BE34-53E60D2092CC}.Release|Any CPU.Build.0 = Release|Any CPU
		{CF639A6A-C97F-4409-BE34-53E60D2092CC}.Release|arm64.ActiveCfg = Release|Any CPU
		{CF639A6A-C97F-4409-BE34-53E60D2092CC}.Release|arm64.Build.0 = Release|Any CPU
		{CF639A6A-C97F-4409-BE34-53E60D2092CC}.Release|x86.ActiveCfg = Release|Any CPU
		{CF639A6A-C97F-4409-BE34-53E60D2092CC}.Release|x86.Build.0 = Release|Any CPU
		{5D370D5B-BC5A-457A-9A44-5AE4BC8F2770}.Debug|Any CPU.ActiveCfg = Debug|Any CPU
		{5D370D5B-BC5A-457A-9A44-5AE4BC8F2770}.Debug|Any CPU.Build.0 = Debug|Any CPU
		{5D370D5B-BC5A-457A-9A44-5AE4BC8F2770}.Debug|arm64.ActiveCfg = Debug|Any CPU
		{5D370D5B-BC5A-457A-9A44-5AE4BC8F2770}.Debug|arm64.Build.0 = Debug|Any CPU
		{5D370D5B-BC5A-457A-9A44-5AE4BC8F2770}.Debug|x86.ActiveCfg = Debug|Any CPU
		{5D370D5B-BC5A-457A-9A44-5AE4BC8F2770}.Debug|x86.Build.0 = Debug|Any CPU
		{5D370D5B-BC5A-457A-9A44-5AE4BC8F2770}.Release|Any CPU.ActiveCfg = Release|Any CPU
		{5D370D5B-BC5A-457A-9A44-5AE4BC8F2770}.Release|Any CPU.Build.0 = Release|Any CPU
		{5D370D5B-BC5A-457A-9A44-5AE4BC8F2770}.Release|arm64.ActiveCfg = Release|Any CPU
		{5D370D5B-BC5A-457A-9A44-5AE4BC8F2770}.Release|arm64.Build.0 = Release|Any CPU
		{5D370D5B-BC5A-457A-9A44-5AE4BC8F2770}.Release|x86.ActiveCfg = Release|Any CPU
		{5D370D5B-BC5A-457A-9A44-5AE4BC8F2770}.Release|x86.Build.0 = Release|Any CPU
		{9CBDB5F4-852B-AF7D-099B-61413A29B079}.Debug|Any CPU.ActiveCfg = Debug|Any CPU
		{9CBDB5F4-852B-AF7D-099B-61413A29B079}.Debug|Any CPU.Build.0 = Debug|Any CPU
		{9CBDB5F4-852B-AF7D-099B-61413A29B079}.Debug|arm64.ActiveCfg = Debug|Any CPU
		{9CBDB5F4-852B-AF7D-099B-61413A29B079}.Debug|arm64.Build.0 = Debug|Any CPU
		{9CBDB5F4-852B-AF7D-099B-61413A29B079}.Debug|x86.ActiveCfg = Debug|Any CPU
		{9CBDB5F4-852B-AF7D-099B-61413A29B079}.Debug|x86.Build.0 = Debug|Any CPU
		{9CBDB5F4-852B-AF7D-099B-61413A29B079}.Release|Any CPU.ActiveCfg = Release|Any CPU
		{9CBDB5F4-852B-AF7D-099B-61413A29B079}.Release|Any CPU.Build.0 = Release|Any CPU
		{9CBDB5F4-852B-AF7D-099B-61413A29B079}.Release|arm64.ActiveCfg = Release|Any CPU
		{9CBDB5F4-852B-AF7D-099B-61413A29B079}.Release|arm64.Build.0 = Release|Any CPU
		{9CBDB5F4-852B-AF7D-099B-61413A29B079}.Release|x86.ActiveCfg = Release|Any CPU
		{9CBDB5F4-852B-AF7D-099B-61413A29B079}.Release|x86.Build.0 = Release|Any CPU
		{7966B86B-E895-AF54-272D-DA5CA67CCF0E}.Debug|Any CPU.ActiveCfg = Debug|Any CPU
		{7966B86B-E895-AF54-272D-DA5CA67CCF0E}.Debug|Any CPU.Build.0 = Debug|Any CPU
		{7966B86B-E895-AF54-272D-DA5CA67CCF0E}.Debug|arm64.ActiveCfg = Debug|Any CPU
		{7966B86B-E895-AF54-272D-DA5CA67CCF0E}.Debug|arm64.Build.0 = Debug|Any CPU
		{7966B86B-E895-AF54-272D-DA5CA67CCF0E}.Debug|x86.ActiveCfg = Debug|Any CPU
		{7966B86B-E895-AF54-272D-DA5CA67CCF0E}.Debug|x86.Build.0 = Debug|Any CPU
		{7966B86B-E895-AF54-272D-DA5CA67CCF0E}.Release|Any CPU.ActiveCfg = Release|Any CPU
		{7966B86B-E895-AF54-272D-DA5CA67CCF0E}.Release|Any CPU.Build.0 = Release|Any CPU
		{7966B86B-E895-AF54-272D-DA5CA67CCF0E}.Release|arm64.ActiveCfg = Release|Any CPU
		{7966B86B-E895-AF54-272D-DA5CA67CCF0E}.Release|arm64.Build.0 = Release|Any CPU
		{7966B86B-E895-AF54-272D-DA5CA67CCF0E}.Release|x86.ActiveCfg = Release|Any CPU
		{7966B86B-E895-AF54-272D-DA5CA67CCF0E}.Release|x86.Build.0 = Release|Any CPU
		{CA5827D9-4BB3-0D74-A75E-AA09FD0F8A94}.Debug|Any CPU.ActiveCfg = Debug|Any CPU
		{CA5827D9-4BB3-0D74-A75E-AA09FD0F8A94}.Debug|Any CPU.Build.0 = Debug|Any CPU
		{CA5827D9-4BB3-0D74-A75E-AA09FD0F8A94}.Debug|arm64.ActiveCfg = Debug|Any CPU
		{CA5827D9-4BB3-0D74-A75E-AA09FD0F8A94}.Debug|arm64.Build.0 = Debug|Any CPU
		{CA5827D9-4BB3-0D74-A75E-AA09FD0F8A94}.Debug|x86.ActiveCfg = Debug|Any CPU
		{CA5827D9-4BB3-0D74-A75E-AA09FD0F8A94}.Debug|x86.Build.0 = Debug|Any CPU
		{CA5827D9-4BB3-0D74-A75E-AA09FD0F8A94}.Release|Any CPU.ActiveCfg = Release|Any CPU
		{CA5827D9-4BB3-0D74-A75E-AA09FD0F8A94}.Release|Any CPU.Build.0 = Release|Any CPU
		{CA5827D9-4BB3-0D74-A75E-AA09FD0F8A94}.Release|arm64.ActiveCfg = Release|Any CPU
		{CA5827D9-4BB3-0D74-A75E-AA09FD0F8A94}.Release|arm64.Build.0 = Release|Any CPU
		{CA5827D9-4BB3-0D74-A75E-AA09FD0F8A94}.Release|x86.ActiveCfg = Release|Any CPU
		{CA5827D9-4BB3-0D74-A75E-AA09FD0F8A94}.Release|x86.Build.0 = Release|Any CPU
		{AEA5E1FD-389F-A54A-A26F-CE801CF73666}.Debug|Any CPU.ActiveCfg = Debug|Any CPU
		{AEA5E1FD-389F-A54A-A26F-CE801CF73666}.Debug|Any CPU.Build.0 = Debug|Any CPU
		{AEA5E1FD-389F-A54A-A26F-CE801CF73666}.Debug|arm64.ActiveCfg = Debug|Any CPU
		{AEA5E1FD-389F-A54A-A26F-CE801CF73666}.Debug|arm64.Build.0 = Debug|Any CPU
		{AEA5E1FD-389F-A54A-A26F-CE801CF73666}.Debug|x86.ActiveCfg = Debug|Any CPU
		{AEA5E1FD-389F-A54A-A26F-CE801CF73666}.Debug|x86.Build.0 = Debug|Any CPU
		{AEA5E1FD-389F-A54A-A26F-CE801CF73666}.Release|Any CPU.ActiveCfg = Release|Any CPU
		{AEA5E1FD-389F-A54A-A26F-CE801CF73666}.Release|Any CPU.Build.0 = Release|Any CPU
		{AEA5E1FD-389F-A54A-A26F-CE801CF73666}.Release|arm64.ActiveCfg = Release|Any CPU
		{AEA5E1FD-389F-A54A-A26F-CE801CF73666}.Release|arm64.Build.0 = Release|Any CPU
		{AEA5E1FD-389F-A54A-A26F-CE801CF73666}.Release|x86.ActiveCfg = Release|Any CPU
		{AEA5E1FD-389F-A54A-A26F-CE801CF73666}.Release|x86.Build.0 = Release|Any CPU
		{E571F1E7-BDB4-305E-6569-F7BFB54820B3}.Debug|Any CPU.ActiveCfg = Debug|Any CPU
		{E571F1E7-BDB4-305E-6569-F7BFB54820B3}.Debug|Any CPU.Build.0 = Debug|Any CPU
		{E571F1E7-BDB4-305E-6569-F7BFB54820B3}.Debug|arm64.ActiveCfg = Debug|Any CPU
		{E571F1E7-BDB4-305E-6569-F7BFB54820B3}.Debug|arm64.Build.0 = Debug|Any CPU
		{E571F1E7-BDB4-305E-6569-F7BFB54820B3}.Debug|x86.ActiveCfg = Debug|Any CPU
		{E571F1E7-BDB4-305E-6569-F7BFB54820B3}.Debug|x86.Build.0 = Debug|Any CPU
		{E571F1E7-BDB4-305E-6569-F7BFB54820B3}.Release|Any CPU.ActiveCfg = Release|Any CPU
		{E571F1E7-BDB4-305E-6569-F7BFB54820B3}.Release|Any CPU.Build.0 = Release|Any CPU
		{E571F1E7-BDB4-305E-6569-F7BFB54820B3}.Release|arm64.ActiveCfg = Release|Any CPU
		{E571F1E7-BDB4-305E-6569-F7BFB54820B3}.Release|arm64.Build.0 = Release|Any CPU
		{E571F1E7-BDB4-305E-6569-F7BFB54820B3}.Release|x86.ActiveCfg = Release|Any CPU
		{E571F1E7-BDB4-305E-6569-F7BFB54820B3}.Release|x86.Build.0 = Release|Any CPU
		{95B2CD08-3F19-9CF2-E3A2-758B2A6A5A2F}.Debug|Any CPU.ActiveCfg = Debug|Any CPU
		{95B2CD08-3F19-9CF2-E3A2-758B2A6A5A2F}.Debug|Any CPU.Build.0 = Debug|Any CPU
		{95B2CD08-3F19-9CF2-E3A2-758B2A6A5A2F}.Debug|arm64.ActiveCfg = Debug|Any CPU
		{95B2CD08-3F19-9CF2-E3A2-758B2A6A5A2F}.Debug|arm64.Build.0 = Debug|Any CPU
		{95B2CD08-3F19-9CF2-E3A2-758B2A6A5A2F}.Debug|x86.ActiveCfg = Debug|Any CPU
		{95B2CD08-3F19-9CF2-E3A2-758B2A6A5A2F}.Debug|x86.Build.0 = Debug|Any CPU
		{95B2CD08-3F19-9CF2-E3A2-758B2A6A5A2F}.Release|Any CPU.ActiveCfg = Release|Any CPU
		{95B2CD08-3F19-9CF2-E3A2-758B2A6A5A2F}.Release|Any CPU.Build.0 = Release|Any CPU
		{95B2CD08-3F19-9CF2-E3A2-758B2A6A5A2F}.Release|arm64.ActiveCfg = Release|Any CPU
		{95B2CD08-3F19-9CF2-E3A2-758B2A6A5A2F}.Release|arm64.Build.0 = Release|Any CPU
		{95B2CD08-3F19-9CF2-E3A2-758B2A6A5A2F}.Release|x86.ActiveCfg = Release|Any CPU
		{95B2CD08-3F19-9CF2-E3A2-758B2A6A5A2F}.Release|x86.Build.0 = Release|Any CPU
		{DC6AD54A-215D-3595-AADD-965F841D8F20}.Debug|Any CPU.ActiveCfg = Debug|Any CPU
		{DC6AD54A-215D-3595-AADD-965F841D8F20}.Debug|Any CPU.Build.0 = Debug|Any CPU
		{DC6AD54A-215D-3595-AADD-965F841D8F20}.Debug|arm64.ActiveCfg = Debug|Any CPU
		{DC6AD54A-215D-3595-AADD-965F841D8F20}.Debug|arm64.Build.0 = Debug|Any CPU
		{DC6AD54A-215D-3595-AADD-965F841D8F20}.Debug|x86.ActiveCfg = Debug|Any CPU
		{DC6AD54A-215D-3595-AADD-965F841D8F20}.Debug|x86.Build.0 = Debug|Any CPU
		{DC6AD54A-215D-3595-AADD-965F841D8F20}.Release|Any CPU.ActiveCfg = Release|Any CPU
		{DC6AD54A-215D-3595-AADD-965F841D8F20}.Release|Any CPU.Build.0 = Release|Any CPU
		{DC6AD54A-215D-3595-AADD-965F841D8F20}.Release|arm64.ActiveCfg = Release|Any CPU
		{DC6AD54A-215D-3595-AADD-965F841D8F20}.Release|arm64.Build.0 = Release|Any CPU
		{DC6AD54A-215D-3595-AADD-965F841D8F20}.Release|x86.ActiveCfg = Release|Any CPU
		{DC6AD54A-215D-3595-AADD-965F841D8F20}.Release|x86.Build.0 = Release|Any CPU
		{42A4650C-128E-4AE5-A5DC-573AE0BAE6EB}.Debug|Any CPU.ActiveCfg = Debug|Any CPU
		{42A4650C-128E-4AE5-A5DC-573AE0BAE6EB}.Debug|Any CPU.Build.0 = Debug|Any CPU
		{42A4650C-128E-4AE5-A5DC-573AE0BAE6EB}.Debug|arm64.ActiveCfg = Debug|Any CPU
		{42A4650C-128E-4AE5-A5DC-573AE0BAE6EB}.Debug|arm64.Build.0 = Debug|Any CPU
		{42A4650C-128E-4AE5-A5DC-573AE0BAE6EB}.Debug|x86.ActiveCfg = Debug|Any CPU
		{42A4650C-128E-4AE5-A5DC-573AE0BAE6EB}.Debug|x86.Build.0 = Debug|Any CPU
		{42A4650C-128E-4AE5-A5DC-573AE0BAE6EB}.Release|Any CPU.ActiveCfg = Release|Any CPU
		{42A4650C-128E-4AE5-A5DC-573AE0BAE6EB}.Release|Any CPU.Build.0 = Release|Any CPU
		{42A4650C-128E-4AE5-A5DC-573AE0BAE6EB}.Release|arm64.ActiveCfg = Release|Any CPU
		{42A4650C-128E-4AE5-A5DC-573AE0BAE6EB}.Release|arm64.Build.0 = Release|Any CPU
		{42A4650C-128E-4AE5-A5DC-573AE0BAE6EB}.Release|x86.ActiveCfg = Release|Any CPU
		{42A4650C-128E-4AE5-A5DC-573AE0BAE6EB}.Release|x86.Build.0 = Release|Any CPU
		{0A03B5F7-4FB4-BB9F-0988-10D5181E00F6}.Debug|Any CPU.ActiveCfg = Debug|Any CPU
		{0A03B5F7-4FB4-BB9F-0988-10D5181E00F6}.Debug|Any CPU.Build.0 = Debug|Any CPU
		{0A03B5F7-4FB4-BB9F-0988-10D5181E00F6}.Debug|arm64.ActiveCfg = Debug|Any CPU
		{0A03B5F7-4FB4-BB9F-0988-10D5181E00F6}.Debug|arm64.Build.0 = Debug|Any CPU
		{0A03B5F7-4FB4-BB9F-0988-10D5181E00F6}.Debug|x86.ActiveCfg = Debug|Any CPU
		{0A03B5F7-4FB4-BB9F-0988-10D5181E00F6}.Debug|x86.Build.0 = Debug|Any CPU
		{0A03B5F7-4FB4-BB9F-0988-10D5181E00F6}.Release|Any CPU.ActiveCfg = Release|Any CPU
		{0A03B5F7-4FB4-BB9F-0988-10D5181E00F6}.Release|Any CPU.Build.0 = Release|Any CPU
		{0A03B5F7-4FB4-BB9F-0988-10D5181E00F6}.Release|arm64.ActiveCfg = Release|Any CPU
		{0A03B5F7-4FB4-BB9F-0988-10D5181E00F6}.Release|arm64.Build.0 = Release|Any CPU
		{0A03B5F7-4FB4-BB9F-0988-10D5181E00F6}.Release|x86.ActiveCfg = Release|Any CPU
		{0A03B5F7-4FB4-BB9F-0988-10D5181E00F6}.Release|x86.Build.0 = Release|Any CPU
	EndGlobalSection
	GlobalSection(SolutionProperties) = preSolution
		HideSolutionNode = FALSE
	EndGlobalSection
	GlobalSection(NestedProjects) = preSolution
		{DAAE6853-63D4-40B1-9318-800291B1AA66} = {DE939B0F-F62A-46AC-B0A6-5CB21058C4CA}
		{1C3D86AA-C048-4798-BEC5-07D7269CCE53} = {7892201E-A326-4061-B6DF-AC72CC65AAFE}
		{C3D5972F-CB65-4C85-8E1C-55C78A99940A} = {DE939B0F-F62A-46AC-B0A6-5CB21058C4CA}
		{EEF5D802-F0A2-43B4-BD27-16B8262C4DE4} = {DE939B0F-F62A-46AC-B0A6-5CB21058C4CA}
		{16C65E62-E346-4AEA-809A-36EBC0442607} = {91429750-5E13-44B2-9218-021BEAE09383}
		{A534CA13-4195-468F-93A6-C579CCA46058} = {91429750-5E13-44B2-9218-021BEAE09383}
		{BA657CB4-93ED-4C3A-A66E-86954BEB4CE6} = {DE939B0F-F62A-46AC-B0A6-5CB21058C4CA}
		{061610A4-7D02-4F52-A921-F59ED123C2A9} = {DED81BB3-A571-46E2-91C2-6A8B7890C7EA}
		{1C1289BD-F40B-4343-AA8A-4F151F887463} = {572E2D19-8547-4E7C-9D32-39C2A8D75127}
		{9495A8BB-CF71-4C86-9EB4-F03247FD0E54} = {BBD97D85-DE65-4C2B-82A0-7123ABBE31BE}
		{E1CBD6A1-F9D8-4FAA-9D5D-BB1E49682FE6} = {91429750-5E13-44B2-9218-021BEAE09383}
		{992BE23F-A878-4788-8009-0AA9B099A707} = {91429750-5E13-44B2-9218-021BEAE09383}
		{7E4024E8-392D-4A65-A659-93E8CB261FFE} = {91429750-5E13-44B2-9218-021BEAE09383}
		{20E193C9-A779-494E-83F1-B2A920551B19} = {DE939B0F-F62A-46AC-B0A6-5CB21058C4CA}
		{6258E986-4E80-483E-A0B0-07A6A9789226} = {BBD97D85-DE65-4C2B-82A0-7123ABBE31BE}
		{8D7529F1-D6A7-4267-93A5-74115B598EC7} = {BBD97D85-DE65-4C2B-82A0-7123ABBE31BE}
		{03BE86D2-DAD8-4F43-AA94-9E27B654F449} = {91429750-5E13-44B2-9218-021BEAE09383}
		{A87F5D49-6246-4B14-8363-114DC9335C2C} = {DED81BB3-A571-46E2-91C2-6A8B7890C7EA}
		{43EDE3D9-2062-4F79-B581-708FFAF9D195} = {BBD97D85-DE65-4C2B-82A0-7123ABBE31BE}
		{014B4846-0E6C-4C73-B851-0A560D36AEEE} = {BBD97D85-DE65-4C2B-82A0-7123ABBE31BE}
		{6389BF24-DF2F-4864-915C-E0145C66CEB5} = {5A14999C-F469-489D-B418-937F2FE1BD1B}
		{F4C3F08E-C3E3-4371-BF55-911E1EDE9864} = {5A14999C-F469-489D-B418-937F2FE1BD1B}
		{FB07A4CD-4BCC-45D7-BCA5-C686A45B8D6F} = {5A14999C-F469-489D-B418-937F2FE1BD1B}
		{3DA3FB18-AC0C-40F4-B45B-5D13916D032A} = {91429750-5E13-44B2-9218-021BEAE09383}
		{CB5BB6E2-D963-4A27-A3B9-1E4BB068983B} = {BBD97D85-DE65-4C2B-82A0-7123ABBE31BE}
		{EF733B78-4F0A-46D4-8529-923EEBBFA4DA} = {91429750-5E13-44B2-9218-021BEAE09383}
		{1E295971-F8E9-45D6-BDF5-DE76675753FA} = {7892201E-A326-4061-B6DF-AC72CC65AAFE}
		{3D194335-89D4-4B5F-82FD-4E326EB2E8BB} = {91429750-5E13-44B2-9218-021BEAE09383}
		{A3C45306-E621-41F3-9389-E0EA0E4EB934} = {BBD97D85-DE65-4C2B-82A0-7123ABBE31BE}
		{49163859-5988-47F6-A6A1-D8753959FA99} = {572E2D19-8547-4E7C-9D32-39C2A8D75127}
		{DB4253B3-B91A-4AFA-9CF1-158B0BF332DA} = {AEB44E3A-E748-4A61-9050-380B1593A1F1}
		{ACC60F95-9CA3-4970-AB47-8D76B76B8EDC} = {7892201E-A326-4061-B6DF-AC72CC65AAFE}
		{AA841829-B357-403E-B185-C57DB2C97A52} = {BBD97D85-DE65-4C2B-82A0-7123ABBE31BE}
		{5932C333-624B-44B3-AA0D-8955EDB8463E} = {91429750-5E13-44B2-9218-021BEAE09383}
		{9AE07EA1-4287-4344-AA71-50A4FC7D9567} = {BBD97D85-DE65-4C2B-82A0-7123ABBE31BE}
		{4FD1E284-556C-426D-90D7-DD9A431CE9B2} = {572E2D19-8547-4E7C-9D32-39C2A8D75127}
		{5FB98F6C-15E8-489E-8A87-6E975219B46C} = {BBD97D85-DE65-4C2B-82A0-7123ABBE31BE}
		{17716B42-EF3B-4FAF-9A42-AF54C00B7824} = {BBD97D85-DE65-4C2B-82A0-7123ABBE31BE}
		{47AE89F2-87FC-4786-8855-9A2C3B51F943} = {BBD97D85-DE65-4C2B-82A0-7123ABBE31BE}
		{DDCEC28F-BB1F-4350-9785-62EF5DD55B39} = {AEB44E3A-E748-4A61-9050-380B1593A1F1}
		{B008B8AF-D4D0-485B-95DA-E35A0E7966F6} = {91429750-5E13-44B2-9218-021BEAE09383}
		{942A7169-9AB4-46F6-B535-ABBB3969E86A} = {AEB44E3A-E748-4A61-9050-380B1593A1F1}
		{08E2E2A4-2CE6-4B8B-9BB0-79573808B0D3} = {AEB44E3A-E748-4A61-9050-380B1593A1F1}
		{3A3AA540-7855-4CD6-BBE1-5AFD180F2C11} = {BBD97D85-DE65-4C2B-82A0-7123ABBE31BE}
		{234B37B7-3B0B-4FDE-A031-D107531426D8} = {AEB44E3A-E748-4A61-9050-380B1593A1F1}
		{0884A1F5-27D4-4B46-84D2-4CC5DBF174BA} = {AEB44E3A-E748-4A61-9050-380B1593A1F1}
		{DA0C48E3-B8D2-4B6E-A0C5-FD46EFE5A993} = {5A14999C-F469-489D-B418-937F2FE1BD1B}
		{7AFF4906-055F-45BC-9261-661837400A90} = {BBD97D85-DE65-4C2B-82A0-7123ABBE31BE}
		{64261209-46FE-48C6-AC18-D11EE3EC8FBE} = {572E2D19-8547-4E7C-9D32-39C2A8D75127}
		{A742128A-23FA-411A-8D8C-9B50144CB480} = {FE6CEF8B-35BD-4367-8EE2-B2B25629AC09}
		{8C47A513-A4E8-4F12-9BF8-AFD89066B249} = {FE6CEF8B-35BD-4367-8EE2-B2B25629AC09}
		{AF7D55CC-3614-47E2-B73A-88CD48C72CA4} = {FE6CEF8B-35BD-4367-8EE2-B2B25629AC09}
		{BC6A8A34-68FF-413C-9532-B4AF2A93641E} = {DED81BB3-A571-46E2-91C2-6A8B7890C7EA}
		{299A22F4-6AF1-4242-9FC3-8A029A8F868B} = {FE6CEF8B-35BD-4367-8EE2-B2B25629AC09}
		{9049ED3A-495D-4E6A-B325-35E57CE1BF90} = {DE939B0F-F62A-46AC-B0A6-5CB21058C4CA}
		{CF639A6A-C97F-4409-BE34-53E60D2092CC} = {BBD97D85-DE65-4C2B-82A0-7123ABBE31BE}
		{5D370D5B-BC5A-457A-9A44-5AE4BC8F2770} = {AEB44E3A-E748-4A61-9050-380B1593A1F1}
		{91429750-5E13-44B2-9218-021BEAE09383} = {02EA681E-C7D8-13C7-8484-4AC65E1B71E8}
		{572E2D19-8547-4E7C-9D32-39C2A8D75127} = {AEB44E3A-E748-4A61-9050-380B1593A1F1}
		{BBD97D85-DE65-4C2B-82A0-7123ABBE31BE} = {02EA681E-C7D8-13C7-8484-4AC65E1B71E8}
		{5A14999C-F469-489D-B418-937F2FE1BD1B} = {02EA681E-C7D8-13C7-8484-4AC65E1B71E8}
		{9CBDB5F4-852B-AF7D-099B-61413A29B079} = {29A4BAB1-CBEA-4E77-8BB9-051D982F7EF9}
		{7966B86B-E895-AF54-272D-DA5CA67CCF0E} = {29A4BAB1-CBEA-4E77-8BB9-051D982F7EF9}
		{CA5827D9-4BB3-0D74-A75E-AA09FD0F8A94} = {29A4BAB1-CBEA-4E77-8BB9-051D982F7EF9}
		{AEA5E1FD-389F-A54A-A26F-CE801CF73666} = {29A4BAB1-CBEA-4E77-8BB9-051D982F7EF9}
		{E571F1E7-BDB4-305E-6569-F7BFB54820B3} = {29A4BAB1-CBEA-4E77-8BB9-051D982F7EF9}
		{95B2CD08-3F19-9CF2-E3A2-758B2A6A5A2F} = {29A4BAB1-CBEA-4E77-8BB9-051D982F7EF9}
		{DC6AD54A-215D-3595-AADD-965F841D8F20} = {29A4BAB1-CBEA-4E77-8BB9-051D982F7EF9}
		{29A4BAB1-CBEA-4E77-8BB9-051D982F7EF9} = {48C95E7E-96A8-4484-8545-BEBF93E2D591}
		{42A4650C-128E-4AE5-A5DC-573AE0BAE6EB} = {DED81BB3-A571-46E2-91C2-6A8B7890C7EA}
		{BF148476-41CE-4B5C-9B53-087CB894E469} = {DED81BB3-A571-46E2-91C2-6A8B7890C7EA}
		{0A03B5F7-4FB4-BB9F-0988-10D5181E00F6} = {CBEBE054-EB3B-4228-9994-F7D3ABFE34E3}
	EndGlobalSection
	GlobalSection(ExtensibilityGlobals) = postSolution
		SolutionGuid = {38EB01DD-BAE8-4977-9815-463F5F434FBF}
	EndGlobalSection
	GlobalSection(SharedMSBuildProjectFiles) = preSolution
		shared\SpaceShared\SpaceShared.projitems*{061610a4-7d02-4f52-a921-f59ed123c2a9}*SharedItemsImports = 13
		shared\SpaceShared.Common\SpaceShared.Common.projitems*{6389bf24-df2f-4864-915c-e0145c66ceb5}*SharedItemsImports = 5
		shared\SpaceShared.Mods.SourceGen\SpaceShared.SourceGenCommon.projitems*{6389bf24-df2f-4864-915c-e0145c66ceb5}*SharedItemsImports = 5
		shared\SpaceSharedPatching\SpaceSharedPatching.projitems*{6389bf24-df2f-4864-915c-e0145c66ceb5}*SharedItemsImports = 5
		shared\SpaceShared\SpaceShared.projitems*{6389bf24-df2f-4864-915c-e0145c66ceb5}*SharedItemsImports = 5
		shared\SpaceShared.Common\SpaceShared.Common.projitems*{8c47a513-a4e8-4f12-9bf8-afd89066b249}*SharedItemsImports = 5
		SpaceShared.Common\SpaceShared.Common.projitems*{9049ed3a-495d-4e6a-b325-35e57ce1bf90}*SharedItemsImports = 5
		SpaceShared.Mods.SourceGen\SpaceShared.SourceGenCommon.projitems*{9049ed3a-495d-4e6a-b325-35e57ce1bf90}*SharedItemsImports = 5
		SpaceShared\SpaceShared.projitems*{9049ed3a-495d-4e6a-b325-35e57ce1bf90}*SharedItemsImports = 5
		shared\SpaceSharedPatching\SpaceSharedPatching.projitems*{a87f5d49-6246-4b14-8363-114dc9335c2c}*SharedItemsImports = 13
		shared\SpaceShared.Common\SpaceShared.Common.projitems*{ba657cb4-93ed-4c3a-a66e-86954beb4ce6}*SharedItemsImports = 5
		shared\SpaceShared.Mods.SourceGen\SpaceShared.SourceGenCommon.projitems*{ba657cb4-93ed-4c3a-a66e-86954beb4ce6}*SharedItemsImports = 5
		shared\SpaceSharedPatching\SpaceSharedPatching.projitems*{ba657cb4-93ed-4c3a-a66e-86954beb4ce6}*SharedItemsImports = 5
		shared\SpaceShared\SpaceShared.projitems*{ba657cb4-93ed-4c3a-a66e-86954beb4ce6}*SharedItemsImports = 5
		shared\SpaceShared.Common\SpaceShared.Common.projitems*{bc6a8a34-68ff-413c-9532-b4af2a93641e}*SharedItemsImports = 13
		shared\SpaceShared.Mods.SourceGen\SpaceShared.SourceGenCommon.projitems*{bf148476-41ce-4b5c-9b53-087cb894e469}*SharedItemsImports = 13
		shared\SpaceShared.Common\SpaceShared.Common.projitems*{c3d5972f-cb65-4c85-8e1c-55c78a99940a}*SharedItemsImports = 5
		shared\SpaceShared.Mods.SourceGen\SpaceShared.SourceGenCommon.projitems*{c3d5972f-cb65-4c85-8e1c-55c78a99940a}*SharedItemsImports = 5
		shared\SpaceShared\SpaceShared.projitems*{c3d5972f-cb65-4c85-8e1c-55c78a99940a}*SharedItemsImports = 5
		shared\SpaceShared.Common\SpaceShared.Common.projitems*{daae6853-63d4-40b1-9318-800291b1aa66}*SharedItemsImports = 5
		shared\SpaceShared.Mods.SourceGen\SpaceShared.SourceGenCommon.projitems*{daae6853-63d4-40b1-9318-800291b1aa66}*SharedItemsImports = 5
		shared\SpaceShared\SpaceShared.projitems*{daae6853-63d4-40b1-9318-800291b1aa66}*SharedItemsImports = 5
		shared\SpaceShared.Common\SpaceShared.Common.projitems*{f4c3f08e-c3e3-4371-bf55-911e1ede9864}*SharedItemsImports = 5
		shared\SpaceShared.Mods.SourceGen\SpaceShared.SourceGenCommon.projitems*{f4c3f08e-c3e3-4371-bf55-911e1ede9864}*SharedItemsImports = 5
		shared\SpaceSharedPatching\SpaceSharedPatching.projitems*{f4c3f08e-c3e3-4371-bf55-911e1ede9864}*SharedItemsImports = 5
		shared\SpaceShared\SpaceShared.projitems*{f4c3f08e-c3e3-4371-bf55-911e1ede9864}*SharedItemsImports = 5
	EndGlobalSection
EndGlobal
