
Microsoft Visual Studio Solution File, Format Version 12.00
# Visual Studio 15
VisualStudioVersion = 15.0.27703.2042
MinimumVisualStudioVersion = 10.0.40219.1
Project("{2150E333-8FDC-42A3-9474-1A3956D46DE8}") = ".root", ".root", "{E0242685-15E6-4A07-999C-2E8CA1933C1F}"
	ProjectSection(SolutionItems) = preProject
		.gitattributes = .gitattributes
		.gitignore = .gitignore
		mod-list.txt = mod-list.txt
		README.md = README.md
	EndProjectSection
EndProject
Project("{FAE04EC0-301F-11D3-BF4B-00C04F79EFBC}") = "BetterShopMenu", "BetterShopMenu\BetterShopMenu.csproj", "{62DD1937-1AFD-4EB9-B5E6-F1C0A9860A33}"
EndProject
Project("{FAE04EC0-301F-11D3-BF4B-00C04F79EFBC}") = "BiggerBackpack", "BiggerBackpack\BiggerBackpack.csproj", "{78E48279-65FB-4C18-A511-3B51ED68386B}"
EndProject
Project("{FAE04EC0-301F-11D3-BF4B-00C04F79EFBC}") = "Bow", "Bow\Bow.csproj", "{2BB75A79-9EEB-4C00-9CE7-F8E53397DC7B}"
EndProject
Project("{FAE04EC0-301F-11D3-BF4B-00C04F79EFBC}") = "CarryChest", "CarryChest\CarryChest.csproj", "{218D2AAC-1C05-4D68-8EFB-7B244A1F2606}"
EndProject
Project("{FAE04EC0-301F-11D3-BF4B-00C04F79EFBC}") = "Cobalt", "Cobalt\Cobalt.csproj", "{E4ABA12F-F8B7-4135-9AE3-9BA9CD021BA4}"
EndProject
Project("{FAE04EC0-301F-11D3-BF4B-00C04F79EFBC}") = "ColorfulChests", "ColorfulChests\ColorfulChests.csproj", "{C7809541-4784-4917-A6C3-3F322578D986}"
EndProject
Project("{FAE04EC0-301F-11D3-BF4B-00C04F79EFBC}") = "ConsoleCode", "ConsoleCode\ConsoleCode.csproj", "{DAAE6853-63D4-40B1-9318-800291B1AA66}"
EndProject
Project("{FAE04EC0-301F-11D3-BF4B-00C04F79EFBC}") = "CookingSkill", "CookingSkill\CookingSkill.csproj", "{7B0E3C65-34BF-48E0-99F1-7B28869F3F5B}"
EndProject
Project("{FAE04EC0-301F-11D3-BF4B-00C04F79EFBC}") = "CustomCritters", "CustomCritters\CustomCritters.csproj", "{157AD988-F4F3-4945-BC7E-F28181B39576}"
EndProject
Project("{FAE04EC0-301F-11D3-BF4B-00C04F79EFBC}") = "CustomCrops", "CustomCrops\CustomCrops.csproj", "{D0593DC7-3FA9-4870-9738-24C72D6C621A}"
EndProject
Project("{FAE04EC0-301F-11D3-BF4B-00C04F79EFBC}") = "CustomFarmTypes", "CustomFarmTypes\CustomFarmTypes.csproj", "{66156D0E-7898-48DB-9368-83A864B5EC74}"
EndProject
Project("{FAE04EC0-301F-11D3-BF4B-00C04F79EFBC}") = "CustomizeExterior", "CustomizeExterior\CustomizeExterior.csproj", "{CB66640E-62E0-4EFE-B2F2-5C06720275F3}"
EndProject
Project("{FAE04EC0-301F-11D3-BF4B-00C04F79EFBC}") = "ExperienceBars", "ExperienceBars\ExperienceBars.csproj", "{1C3D86AA-C048-4798-BEC5-07D7269CCE53}"
EndProject
Project("{FAE04EC0-301F-11D3-BF4B-00C04F79EFBC}") = "EventRemembrance", "EventRemembrance\EventRemembrance\EventRemembrance.csproj", "{D4A26528-42F7-4BE5-B08F-FCF367A593E4}"
EndProject
Project("{FAE04EC0-301F-11D3-BF4B-00C04F79EFBC}") = "ExtendedReach", "ExtendedReach\ExtendedReach.csproj", "{023C7F23-485A-4EFC-BC0B-37F0C0DEA930}"
EndProject
Project("{FAE04EC0-301F-11D3-BF4B-00C04F79EFBC}") = "FlowerColorPicker", "FlowerColorPicker\FlowerColorPicker.csproj", "{9002AAED-277D-40F9-A6AC-91698952124C}"
EndProject
Project("{FAE04EC0-301F-11D3-BF4B-00C04F79EFBC}") = "JsonAssets", "JsonAssets\JsonAssets.csproj", "{EEF5D802-F0A2-43B4-BD27-16B8262C4DE4}"
EndProject
Project("{FAE04EC0-301F-11D3-BF4B-00C04F79EFBC}") = "JumpOver", "JumpOver\JumpOver.csproj", "{16C65E62-E346-4AEA-809A-36EBC0442607}"
EndProject
Project("{FAE04EC0-301F-11D3-BF4B-00C04F79EFBC}") = "LuckSkill", "LuckSkill\LuckSkill.csproj", "{B0EF91AB-2DD6-4240-98D9-E965ACF79F7C}"
EndProject
Project("{FAE04EC0-301F-11D3-BF4B-00C04F79EFBC}") = "Magic", "Magic\Magic.csproj", "{E05A01C6-1543-4334-98DC-48E4D54AFC90}"
EndProject
Project("{FAE04EC0-301F-11D3-BF4B-00C04F79EFBC}") = "MapImageExporter", "MapImageExporter\MapImageExporter.csproj", "{3A1EDFB2-9CB9-4B27-B463-71C5521CA2DB}"
EndProject
Project("{FAE04EC0-301F-11D3-BF4B-00C04F79EFBC}") = "MoreBuildings", "MoreBuildings\MoreBuildings.csproj", "{06FA9172-30EF-41F6-95BC-175F61C8C669}"
EndProject
Project("{FAE04EC0-301F-11D3-BF4B-00C04F79EFBC}") = "MoreRings", "MoreRings\MoreRings.csproj", "{5BE81C98-3845-4DFF-ADAB-E0B57CFD044B}"
EndProject
Project("{FAE04EC0-301F-11D3-BF4B-00C04F79EFBC}") = "ObjectTimeLeft", "ObjectTimeLeft\ObjectTimeLeft.csproj", "{273B7946-725E-4DCF-8A8C-0D9E5B2D2EEC}"
EndProject
Project("{FAE04EC0-301F-11D3-BF4B-00C04F79EFBC}") = "RushOrders", "RushOrders\RushOrders.csproj", "{A534CA13-4195-468F-93A6-C579CCA46058}"
EndProject
Project("{FAE04EC0-301F-11D3-BF4B-00C04F79EFBC}") = "SeedCatalogue", "SeedCatalogue\SeedCatalogue.csproj", "{0069E22A-8331-464C-8843-3ECA4C826B13}"
EndProject
Project("{FAE04EC0-301F-11D3-BF4B-00C04F79EFBC}") = "ShipAnywhere", "ShipAnywhere\ShipAnywhere.csproj", "{EF05B96F-3776-488C-A283-79F55BACAD34}"
EndProject
Project("{FAE04EC0-301F-11D3-BF4B-00C04F79EFBC}") = "SleepyEye", "SleepyEye\SleepyEye.csproj", "{6E9BA154-07EB-43C8-8E5A-94247FF28556}"
EndProject
Project("{FAE04EC0-301F-11D3-BF4B-00C04F79EFBC}") = "SpaceCore", "SpaceCore_SDV\SpaceCore.csproj", "{BA657CB4-93ED-4C3A-A66E-86954BEB4CE6}"
EndProject
Project("{FAE04EC0-301F-11D3-BF4B-00C04F79EFBC}") = "Spenny", "Spenny\Spenny.csproj", "{1C1289BD-F40B-4343-AA8A-4F151F887463}"
EndProject
Project("{FAE04EC0-301F-11D3-BF4B-00C04F79EFBC}") = "StardewValleyMP", "StardewValleyMP\StardewValleyMP.csproj", "{F28843B1-B7D5-4FA1-976D-ED40908167E3}"
EndProject
Project("{FAE04EC0-301F-11D3-BF4B-00C04F79EFBC}") = "ThreeHeartDancePartner", "ThreeHeartDancePartner\ThreeHeartDancePartner.csproj", "{E1CBD6A1-F9D8-4FAA-9D5D-BB1E49682FE6}"
EndProject
Project("{FAE04EC0-301F-11D3-BF4B-00C04F79EFBC}") = "ToolGeodes", "ToolGeodes\ToolGeodes.csproj", "{B6405042-723E-40D3-BF94-51D93C16B076}"
EndProject
Project("{FAE04EC0-301F-11D3-BF4B-00C04F79EFBC}") = "MoreGrassStarters", "MoreGrassStarters\MoreGrassStarters.csproj", "{34EAC087-758B-4D03-B597-9623286F482D}"
EndProject
Project("{FAE04EC0-301F-11D3-BF4B-00C04F79EFBC}") = "MoreMachines", "MoreMachines\MoreMachines.csproj", "{2F72F9E0-8F3B-492D-B9A6-36E68F5A34ED}"
EndProject
Project("{2150E333-8FDC-42A3-9474-1A3956D46DE8}") = "archived", "archived", "{F17372E6-ACE5-4175-9A9F-C9A4C4EBA5B8}"
EndProject
Project("{FAE04EC0-301F-11D3-BF4B-00C04F79EFBC}") = "Tiled.Net", "Tiled.Net\Tiled.Net\Tiled.Net.csproj", "{28AA2641-4E18-415D-B0AF-6BBE3846E50B}"
EndProject
Project("{FAE04EC0-301F-11D3-BF4B-00C04F79EFBC}") = "AnimalSocialMenu", "AnimalSocialMenu\AnimalSocialMenu.csproj", "{A4B257C6-803A-4CC8-82F9-86AB0FDFDC28}"
EndProject
Project("{FAE04EC0-301F-11D3-BF4B-00C04F79EFBC}") = "AnotherHungerMod", "AnotherHungerMod\AnotherHungerMod.csproj", "{EE693FDC-A9B6-447B-A647-B0BD78137C65}"
EndProject
Project("{FAE04EC0-301F-11D3-BF4B-00C04F79EFBC}") = "ProfitCalculator", "StardewProfitCalculator\ProfitCalculator.csproj", "{F516D462-4A51-4414-BFA5-E82761AF15E5}"
EndProject
Project("{FAE04EC0-301F-11D3-BF4B-00C04F79EFBC}") = "CustomNPCFixes", "CustomNPCFixes\CustomNPCFixes.csproj", "{505F7D71-20B2-4010-AC06-79B1229A74C6}"
EndProject
Project("{FAE04EC0-301F-11D3-BF4B-00C04F79EFBC}") = "ContentPatcherAnimations", "ContentPatcherAnimations\ContentPatcherAnimations.csproj", "{B0BB0171-260E-40FE-95DC-4377CE916FF0}"
EndProject
Project("{FAE04EC0-301F-11D3-BF4B-00C04F79EFBC}") = "CombatLevelDamageScaler", "CombatLevelDamageScaler\CombatLevelDamageScaler.csproj", "{BBFD98D1-255C-41ED-AA74-E965FED1ECB2}"
EndProject
Global
	GlobalSection(SolutionConfigurationPlatforms) = preSolution
		Debug|Any CPU = Debug|Any CPU
		Debug|x86 = Debug|x86
		Release|Any CPU = Release|Any CPU
		Release|x86 = Release|x86
	EndGlobalSection
	GlobalSection(ProjectConfigurationPlatforms) = postSolution
		{62DD1937-1AFD-4EB9-B5E6-F1C0A9860A33}.Debug|Any CPU.ActiveCfg = Debug|Any CPU
		{62DD1937-1AFD-4EB9-B5E6-F1C0A9860A33}.Debug|Any CPU.Build.0 = Debug|Any CPU
		{62DD1937-1AFD-4EB9-B5E6-F1C0A9860A33}.Debug|x86.ActiveCfg = Debug|Any CPU
		{62DD1937-1AFD-4EB9-B5E6-F1C0A9860A33}.Debug|x86.Build.0 = Debug|Any CPU
		{62DD1937-1AFD-4EB9-B5E6-F1C0A9860A33}.Release|Any CPU.ActiveCfg = Release|Any CPU
		{62DD1937-1AFD-4EB9-B5E6-F1C0A9860A33}.Release|Any CPU.Build.0 = Release|Any CPU
		{62DD1937-1AFD-4EB9-B5E6-F1C0A9860A33}.Release|x86.ActiveCfg = Release|Any CPU
		{62DD1937-1AFD-4EB9-B5E6-F1C0A9860A33}.Release|x86.Build.0 = Release|Any CPU
		{78E48279-65FB-4C18-A511-3B51ED68386B}.Debug|Any CPU.ActiveCfg = Debug|Any CPU
		{78E48279-65FB-4C18-A511-3B51ED68386B}.Debug|Any CPU.Build.0 = Debug|Any CPU
		{78E48279-65FB-4C18-A511-3B51ED68386B}.Debug|x86.ActiveCfg = Debug|Any CPU
		{78E48279-65FB-4C18-A511-3B51ED68386B}.Debug|x86.Build.0 = Debug|Any CPU
		{78E48279-65FB-4C18-A511-3B51ED68386B}.Release|Any CPU.ActiveCfg = Release|Any CPU
		{78E48279-65FB-4C18-A511-3B51ED68386B}.Release|Any CPU.Build.0 = Release|Any CPU
		{78E48279-65FB-4C18-A511-3B51ED68386B}.Release|x86.ActiveCfg = Release|Any CPU
		{78E48279-65FB-4C18-A511-3B51ED68386B}.Release|x86.Build.0 = Release|Any CPU
		{2BB75A79-9EEB-4C00-9CE7-F8E53397DC7B}.Debug|Any CPU.ActiveCfg = Debug|Any CPU
		{2BB75A79-9EEB-4C00-9CE7-F8E53397DC7B}.Debug|Any CPU.Build.0 = Debug|Any CPU
		{2BB75A79-9EEB-4C00-9CE7-F8E53397DC7B}.Debug|x86.ActiveCfg = Debug|Any CPU
		{2BB75A79-9EEB-4C00-9CE7-F8E53397DC7B}.Debug|x86.Build.0 = Debug|Any CPU
		{2BB75A79-9EEB-4C00-9CE7-F8E53397DC7B}.Release|Any CPU.ActiveCfg = Release|Any CPU
		{2BB75A79-9EEB-4C00-9CE7-F8E53397DC7B}.Release|Any CPU.Build.0 = Release|Any CPU
		{2BB75A79-9EEB-4C00-9CE7-F8E53397DC7B}.Release|x86.ActiveCfg = Release|Any CPU
		{2BB75A79-9EEB-4C00-9CE7-F8E53397DC7B}.Release|x86.Build.0 = Release|Any CPU
		{218D2AAC-1C05-4D68-8EFB-7B244A1F2606}.Debug|Any CPU.ActiveCfg = Debug|Any CPU
		{218D2AAC-1C05-4D68-8EFB-7B244A1F2606}.Debug|Any CPU.Build.0 = Debug|Any CPU
		{218D2AAC-1C05-4D68-8EFB-7B244A1F2606}.Debug|x86.ActiveCfg = Debug|Any CPU
		{218D2AAC-1C05-4D68-8EFB-7B244A1F2606}.Debug|x86.Build.0 = Debug|Any CPU
		{218D2AAC-1C05-4D68-8EFB-7B244A1F2606}.Release|Any CPU.ActiveCfg = Release|Any CPU
		{218D2AAC-1C05-4D68-8EFB-7B244A1F2606}.Release|Any CPU.Build.0 = Release|Any CPU
		{218D2AAC-1C05-4D68-8EFB-7B244A1F2606}.Release|x86.ActiveCfg = Release|Any CPU
		{218D2AAC-1C05-4D68-8EFB-7B244A1F2606}.Release|x86.Build.0 = Release|Any CPU
		{E4ABA12F-F8B7-4135-9AE3-9BA9CD021BA4}.Debug|Any CPU.ActiveCfg = Debug|Any CPU
		{E4ABA12F-F8B7-4135-9AE3-9BA9CD021BA4}.Debug|Any CPU.Build.0 = Debug|Any CPU
		{E4ABA12F-F8B7-4135-9AE3-9BA9CD021BA4}.Debug|x86.ActiveCfg = Debug|Any CPU
		{E4ABA12F-F8B7-4135-9AE3-9BA9CD021BA4}.Debug|x86.Build.0 = Debug|Any CPU
		{E4ABA12F-F8B7-4135-9AE3-9BA9CD021BA4}.Release|Any CPU.ActiveCfg = Release|Any CPU
		{E4ABA12F-F8B7-4135-9AE3-9BA9CD021BA4}.Release|Any CPU.Build.0 = Release|Any CPU
		{E4ABA12F-F8B7-4135-9AE3-9BA9CD021BA4}.Release|x86.ActiveCfg = Release|Any CPU
		{E4ABA12F-F8B7-4135-9AE3-9BA9CD021BA4}.Release|x86.Build.0 = Release|Any CPU
		{C7809541-4784-4917-A6C3-3F322578D986}.Debug|Any CPU.ActiveCfg = Debug|Any CPU
		{C7809541-4784-4917-A6C3-3F322578D986}.Debug|Any CPU.Build.0 = Debug|Any CPU
		{C7809541-4784-4917-A6C3-3F322578D986}.Debug|x86.ActiveCfg = Debug|Any CPU
		{C7809541-4784-4917-A6C3-3F322578D986}.Debug|x86.Build.0 = Debug|Any CPU
		{C7809541-4784-4917-A6C3-3F322578D986}.Release|Any CPU.ActiveCfg = Release|Any CPU
		{C7809541-4784-4917-A6C3-3F322578D986}.Release|Any CPU.Build.0 = Release|Any CPU
		{C7809541-4784-4917-A6C3-3F322578D986}.Release|x86.ActiveCfg = Release|Any CPU
		{C7809541-4784-4917-A6C3-3F322578D986}.Release|x86.Build.0 = Release|Any CPU
		{DAAE6853-63D4-40B1-9318-800291B1AA66}.Debug|Any CPU.ActiveCfg = Debug|Any CPU
		{DAAE6853-63D4-40B1-9318-800291B1AA66}.Debug|Any CPU.Build.0 = Debug|Any CPU
		{DAAE6853-63D4-40B1-9318-800291B1AA66}.Debug|x86.ActiveCfg = Debug|Any CPU
		{DAAE6853-63D4-40B1-9318-800291B1AA66}.Debug|x86.Build.0 = Debug|Any CPU
		{DAAE6853-63D4-40B1-9318-800291B1AA66}.Release|Any CPU.ActiveCfg = Release|Any CPU
		{DAAE6853-63D4-40B1-9318-800291B1AA66}.Release|Any CPU.Build.0 = Release|Any CPU
		{DAAE6853-63D4-40B1-9318-800291B1AA66}.Release|x86.ActiveCfg = Release|Any CPU
		{DAAE6853-63D4-40B1-9318-800291B1AA66}.Release|x86.Build.0 = Release|Any CPU
		{7B0E3C65-34BF-48E0-99F1-7B28869F3F5B}.Debug|Any CPU.ActiveCfg = Debug|Any CPU
		{7B0E3C65-34BF-48E0-99F1-7B28869F3F5B}.Debug|Any CPU.Build.0 = Debug|Any CPU
		{7B0E3C65-34BF-48E0-99F1-7B28869F3F5B}.Debug|x86.ActiveCfg = Debug|x86
		{7B0E3C65-34BF-48E0-99F1-7B28869F3F5B}.Debug|x86.Build.0 = Debug|x86
		{7B0E3C65-34BF-48E0-99F1-7B28869F3F5B}.Release|Any CPU.ActiveCfg = Release|Any CPU
		{7B0E3C65-34BF-48E0-99F1-7B28869F3F5B}.Release|Any CPU.Build.0 = Release|Any CPU
		{7B0E3C65-34BF-48E0-99F1-7B28869F3F5B}.Release|x86.ActiveCfg = Release|x86
		{7B0E3C65-34BF-48E0-99F1-7B28869F3F5B}.Release|x86.Build.0 = Release|x86
		{157AD988-F4F3-4945-BC7E-F28181B39576}.Debug|Any CPU.ActiveCfg = Debug|Any CPU
		{157AD988-F4F3-4945-BC7E-F28181B39576}.Debug|Any CPU.Build.0 = Debug|Any CPU
		{157AD988-F4F3-4945-BC7E-F28181B39576}.Debug|x86.ActiveCfg = Debug|Any CPU
		{157AD988-F4F3-4945-BC7E-F28181B39576}.Debug|x86.Build.0 = Debug|Any CPU
		{157AD988-F4F3-4945-BC7E-F28181B39576}.Release|Any CPU.ActiveCfg = Release|Any CPU
		{157AD988-F4F3-4945-BC7E-F28181B39576}.Release|Any CPU.Build.0 = Release|Any CPU
		{157AD988-F4F3-4945-BC7E-F28181B39576}.Release|x86.ActiveCfg = Release|Any CPU
		{157AD988-F4F3-4945-BC7E-F28181B39576}.Release|x86.Build.0 = Release|Any CPU
		{D0593DC7-3FA9-4870-9738-24C72D6C621A}.Debug|Any CPU.ActiveCfg = Debug|Any CPU
		{D0593DC7-3FA9-4870-9738-24C72D6C621A}.Debug|Any CPU.Build.0 = Debug|Any CPU
		{D0593DC7-3FA9-4870-9738-24C72D6C621A}.Debug|x86.ActiveCfg = Debug|Any CPU
		{D0593DC7-3FA9-4870-9738-24C72D6C621A}.Debug|x86.Build.0 = Debug|Any CPU
		{D0593DC7-3FA9-4870-9738-24C72D6C621A}.Release|Any CPU.ActiveCfg = Release|Any CPU
		{D0593DC7-3FA9-4870-9738-24C72D6C621A}.Release|Any CPU.Build.0 = Release|Any CPU
		{D0593DC7-3FA9-4870-9738-24C72D6C621A}.Release|x86.ActiveCfg = Release|Any CPU
		{D0593DC7-3FA9-4870-9738-24C72D6C621A}.Release|x86.Build.0 = Release|Any CPU
		{66156D0E-7898-48DB-9368-83A864B5EC74}.Debug|Any CPU.ActiveCfg = Debug|Any CPU
		{66156D0E-7898-48DB-9368-83A864B5EC74}.Debug|Any CPU.Build.0 = Debug|Any CPU
		{66156D0E-7898-48DB-9368-83A864B5EC74}.Debug|x86.ActiveCfg = Debug|Any CPU
		{66156D0E-7898-48DB-9368-83A864B5EC74}.Debug|x86.Build.0 = Debug|Any CPU
		{66156D0E-7898-48DB-9368-83A864B5EC74}.Release|Any CPU.ActiveCfg = Release|Any CPU
		{66156D0E-7898-48DB-9368-83A864B5EC74}.Release|Any CPU.Build.0 = Release|Any CPU
		{66156D0E-7898-48DB-9368-83A864B5EC74}.Release|x86.ActiveCfg = Release|Any CPU
		{66156D0E-7898-48DB-9368-83A864B5EC74}.Release|x86.Build.0 = Release|Any CPU
		{CB66640E-62E0-4EFE-B2F2-5C06720275F3}.Debug|Any CPU.ActiveCfg = Debug|Any CPU
		{CB66640E-62E0-4EFE-B2F2-5C06720275F3}.Debug|Any CPU.Build.0 = Debug|Any CPU
		{CB66640E-62E0-4EFE-B2F2-5C06720275F3}.Debug|x86.ActiveCfg = Debug|Any CPU
		{CB66640E-62E0-4EFE-B2F2-5C06720275F3}.Debug|x86.Build.0 = Debug|Any CPU
		{CB66640E-62E0-4EFE-B2F2-5C06720275F3}.Release|Any CPU.ActiveCfg = Release|Any CPU
		{CB66640E-62E0-4EFE-B2F2-5C06720275F3}.Release|Any CPU.Build.0 = Release|Any CPU
		{CB66640E-62E0-4EFE-B2F2-5C06720275F3}.Release|x86.ActiveCfg = Release|Any CPU
		{CB66640E-62E0-4EFE-B2F2-5C06720275F3}.Release|x86.Build.0 = Release|Any CPU
		{1C3D86AA-C048-4798-BEC5-07D7269CCE53}.Debug|Any CPU.ActiveCfg = Debug|Any CPU
		{1C3D86AA-C048-4798-BEC5-07D7269CCE53}.Debug|Any CPU.Build.0 = Debug|Any CPU
		{1C3D86AA-C048-4798-BEC5-07D7269CCE53}.Debug|x86.ActiveCfg = Debug|x86
		{1C3D86AA-C048-4798-BEC5-07D7269CCE53}.Debug|x86.Build.0 = Debug|x86
		{1C3D86AA-C048-4798-BEC5-07D7269CCE53}.Release|Any CPU.ActiveCfg = Release|Any CPU
		{1C3D86AA-C048-4798-BEC5-07D7269CCE53}.Release|Any CPU.Build.0 = Release|Any CPU
		{1C3D86AA-C048-4798-BEC5-07D7269CCE53}.Release|x86.ActiveCfg = Release|x86
		{1C3D86AA-C048-4798-BEC5-07D7269CCE53}.Release|x86.Build.0 = Release|x86
		{D4A26528-42F7-4BE5-B08F-FCF367A593E4}.Debug|Any CPU.ActiveCfg = Debug|Any CPU
		{D4A26528-42F7-4BE5-B08F-FCF367A593E4}.Debug|Any CPU.Build.0 = Debug|Any CPU
		{D4A26528-42F7-4BE5-B08F-FCF367A593E4}.Debug|x86.ActiveCfg = Debug|Any CPU
		{D4A26528-42F7-4BE5-B08F-FCF367A593E4}.Debug|x86.Build.0 = Debug|Any CPU
		{D4A26528-42F7-4BE5-B08F-FCF367A593E4}.Release|Any CPU.ActiveCfg = Release|Any CPU
		{D4A26528-42F7-4BE5-B08F-FCF367A593E4}.Release|Any CPU.Build.0 = Release|Any CPU
		{D4A26528-42F7-4BE5-B08F-FCF367A593E4}.Release|x86.ActiveCfg = Release|Any CPU
		{D4A26528-42F7-4BE5-B08F-FCF367A593E4}.Release|x86.Build.0 = Release|Any CPU
		{023C7F23-485A-4EFC-BC0B-37F0C0DEA930}.Debug|Any CPU.ActiveCfg = Debug|Any CPU
		{023C7F23-485A-4EFC-BC0B-37F0C0DEA930}.Debug|Any CPU.Build.0 = Debug|Any CPU
		{023C7F23-485A-4EFC-BC0B-37F0C0DEA930}.Debug|x86.ActiveCfg = Debug|Any CPU
		{023C7F23-485A-4EFC-BC0B-37F0C0DEA930}.Debug|x86.Build.0 = Debug|Any CPU
		{023C7F23-485A-4EFC-BC0B-37F0C0DEA930}.Release|Any CPU.ActiveCfg = Release|Any CPU
		{023C7F23-485A-4EFC-BC0B-37F0C0DEA930}.Release|Any CPU.Build.0 = Release|Any CPU
		{023C7F23-485A-4EFC-BC0B-37F0C0DEA930}.Release|x86.ActiveCfg = Release|Any CPU
		{023C7F23-485A-4EFC-BC0B-37F0C0DEA930}.Release|x86.Build.0 = Release|Any CPU
		{9002AAED-277D-40F9-A6AC-91698952124C}.Debug|Any CPU.ActiveCfg = Debug|Any CPU
		{9002AAED-277D-40F9-A6AC-91698952124C}.Debug|Any CPU.Build.0 = Debug|Any CPU
		{9002AAED-277D-40F9-A6AC-91698952124C}.Debug|x86.ActiveCfg = Debug|Any CPU
		{9002AAED-277D-40F9-A6AC-91698952124C}.Debug|x86.Build.0 = Debug|Any CPU
		{9002AAED-277D-40F9-A6AC-91698952124C}.Release|Any CPU.ActiveCfg = Release|Any CPU
		{9002AAED-277D-40F9-A6AC-91698952124C}.Release|Any CPU.Build.0 = Release|Any CPU
		{9002AAED-277D-40F9-A6AC-91698952124C}.Release|x86.ActiveCfg = Release|Any CPU
		{9002AAED-277D-40F9-A6AC-91698952124C}.Release|x86.Build.0 = Release|Any CPU
		{EEF5D802-F0A2-43B4-BD27-16B8262C4DE4}.Debug|Any CPU.ActiveCfg = Debug|Any CPU
		{EEF5D802-F0A2-43B4-BD27-16B8262C4DE4}.Debug|Any CPU.Build.0 = Debug|Any CPU
		{EEF5D802-F0A2-43B4-BD27-16B8262C4DE4}.Debug|x86.ActiveCfg = Debug|Any CPU
		{EEF5D802-F0A2-43B4-BD27-16B8262C4DE4}.Debug|x86.Build.0 = Debug|Any CPU
		{EEF5D802-F0A2-43B4-BD27-16B8262C4DE4}.Release|Any CPU.ActiveCfg = Release|Any CPU
		{EEF5D802-F0A2-43B4-BD27-16B8262C4DE4}.Release|Any CPU.Build.0 = Release|Any CPU
		{EEF5D802-F0A2-43B4-BD27-16B8262C4DE4}.Release|x86.ActiveCfg = Release|Any CPU
		{EEF5D802-F0A2-43B4-BD27-16B8262C4DE4}.Release|x86.Build.0 = Release|Any CPU
		{16C65E62-E346-4AEA-809A-36EBC0442607}.Debug|Any CPU.ActiveCfg = Debug|Any CPU
		{16C65E62-E346-4AEA-809A-36EBC0442607}.Debug|Any CPU.Build.0 = Debug|Any CPU
		{16C65E62-E346-4AEA-809A-36EBC0442607}.Debug|x86.ActiveCfg = Debug|Any CPU
		{16C65E62-E346-4AEA-809A-36EBC0442607}.Debug|x86.Build.0 = Debug|Any CPU
		{16C65E62-E346-4AEA-809A-36EBC0442607}.Release|Any CPU.ActiveCfg = Release|Any CPU
		{16C65E62-E346-4AEA-809A-36EBC0442607}.Release|Any CPU.Build.0 = Release|Any CPU
		{16C65E62-E346-4AEA-809A-36EBC0442607}.Release|x86.ActiveCfg = Release|Any CPU
		{16C65E62-E346-4AEA-809A-36EBC0442607}.Release|x86.Build.0 = Release|Any CPU
		{B0EF91AB-2DD6-4240-98D9-E965ACF79F7C}.Debug|Any CPU.ActiveCfg = Debug|Any CPU
		{B0EF91AB-2DD6-4240-98D9-E965ACF79F7C}.Debug|Any CPU.Build.0 = Debug|Any CPU
		{B0EF91AB-2DD6-4240-98D9-E965ACF79F7C}.Debug|x86.ActiveCfg = Debug|x86
		{B0EF91AB-2DD6-4240-98D9-E965ACF79F7C}.Debug|x86.Build.0 = Debug|x86
		{B0EF91AB-2DD6-4240-98D9-E965ACF79F7C}.Release|Any CPU.ActiveCfg = Release|Any CPU
		{B0EF91AB-2DD6-4240-98D9-E965ACF79F7C}.Release|Any CPU.Build.0 = Release|Any CPU
		{B0EF91AB-2DD6-4240-98D9-E965ACF79F7C}.Release|x86.ActiveCfg = Release|x86
		{B0EF91AB-2DD6-4240-98D9-E965ACF79F7C}.Release|x86.Build.0 = Release|x86
		{E05A01C6-1543-4334-98DC-48E4D54AFC90}.Debug|Any CPU.ActiveCfg = Debug|Any CPU
		{E05A01C6-1543-4334-98DC-48E4D54AFC90}.Debug|Any CPU.Build.0 = Debug|Any CPU
		{E05A01C6-1543-4334-98DC-48E4D54AFC90}.Debug|x86.ActiveCfg = Debug|Any CPU
		{E05A01C6-1543-4334-98DC-48E4D54AFC90}.Debug|x86.Build.0 = Debug|Any CPU
		{E05A01C6-1543-4334-98DC-48E4D54AFC90}.Release|Any CPU.ActiveCfg = Release|Any CPU
		{E05A01C6-1543-4334-98DC-48E4D54AFC90}.Release|Any CPU.Build.0 = Release|Any CPU
		{E05A01C6-1543-4334-98DC-48E4D54AFC90}.Release|x86.ActiveCfg = Release|Any CPU
		{E05A01C6-1543-4334-98DC-48E4D54AFC90}.Release|x86.Build.0 = Release|Any CPU
		{3A1EDFB2-9CB9-4B27-B463-71C5521CA2DB}.Debug|Any CPU.ActiveCfg = Debug|Any CPU
		{3A1EDFB2-9CB9-4B27-B463-71C5521CA2DB}.Debug|Any CPU.Build.0 = Debug|Any CPU
		{3A1EDFB2-9CB9-4B27-B463-71C5521CA2DB}.Debug|x86.ActiveCfg = Debug|Any CPU
		{3A1EDFB2-9CB9-4B27-B463-71C5521CA2DB}.Debug|x86.Build.0 = Debug|Any CPU
		{3A1EDFB2-9CB9-4B27-B463-71C5521CA2DB}.Release|Any CPU.ActiveCfg = Release|Any CPU
		{3A1EDFB2-9CB9-4B27-B463-71C5521CA2DB}.Release|Any CPU.Build.0 = Release|Any CPU
		{3A1EDFB2-9CB9-4B27-B463-71C5521CA2DB}.Release|x86.ActiveCfg = Release|Any CPU
		{3A1EDFB2-9CB9-4B27-B463-71C5521CA2DB}.Release|x86.Build.0 = Release|Any CPU
		{06FA9172-30EF-41F6-95BC-175F61C8C669}.Debug|Any CPU.ActiveCfg = Debug|Any CPU
		{06FA9172-30EF-41F6-95BC-175F61C8C669}.Debug|Any CPU.Build.0 = Debug|Any CPU
		{06FA9172-30EF-41F6-95BC-175F61C8C669}.Debug|x86.ActiveCfg = Debug|Any CPU
		{06FA9172-30EF-41F6-95BC-175F61C8C669}.Debug|x86.Build.0 = Debug|Any CPU
		{06FA9172-30EF-41F6-95BC-175F61C8C669}.Release|Any CPU.ActiveCfg = Release|Any CPU
		{06FA9172-30EF-41F6-95BC-175F61C8C669}.Release|Any CPU.Build.0 = Release|Any CPU
		{06FA9172-30EF-41F6-95BC-175F61C8C669}.Release|x86.ActiveCfg = Release|Any CPU
		{06FA9172-30EF-41F6-95BC-175F61C8C669}.Release|x86.Build.0 = Release|Any CPU
		{5BE81C98-3845-4DFF-ADAB-E0B57CFD044B}.Debug|Any CPU.ActiveCfg = Debug|Any CPU
		{5BE81C98-3845-4DFF-ADAB-E0B57CFD044B}.Debug|Any CPU.Build.0 = Debug|Any CPU
		{5BE81C98-3845-4DFF-ADAB-E0B57CFD044B}.Debug|x86.ActiveCfg = Debug|Any CPU
		{5BE81C98-3845-4DFF-ADAB-E0B57CFD044B}.Debug|x86.Build.0 = Debug|Any CPU
		{5BE81C98-3845-4DFF-ADAB-E0B57CFD044B}.Release|Any CPU.ActiveCfg = Release|Any CPU
		{5BE81C98-3845-4DFF-ADAB-E0B57CFD044B}.Release|Any CPU.Build.0 = Release|Any CPU
		{5BE81C98-3845-4DFF-ADAB-E0B57CFD044B}.Release|x86.ActiveCfg = Release|Any CPU
		{5BE81C98-3845-4DFF-ADAB-E0B57CFD044B}.Release|x86.Build.0 = Release|Any CPU
		{273B7946-725E-4DCF-8A8C-0D9E5B2D2EEC}.Debug|Any CPU.ActiveCfg = Debug|Any CPU
		{273B7946-725E-4DCF-8A8C-0D9E5B2D2EEC}.Debug|Any CPU.Build.0 = Debug|Any CPU
		{273B7946-725E-4DCF-8A8C-0D9E5B2D2EEC}.Debug|x86.ActiveCfg = Debug|Any CPU
		{273B7946-725E-4DCF-8A8C-0D9E5B2D2EEC}.Debug|x86.Build.0 = Debug|Any CPU
		{273B7946-725E-4DCF-8A8C-0D9E5B2D2EEC}.Release|Any CPU.ActiveCfg = Release|Any CPU
		{273B7946-725E-4DCF-8A8C-0D9E5B2D2EEC}.Release|Any CPU.Build.0 = Release|Any CPU
		{273B7946-725E-4DCF-8A8C-0D9E5B2D2EEC}.Release|x86.ActiveCfg = Release|Any CPU
		{273B7946-725E-4DCF-8A8C-0D9E5B2D2EEC}.Release|x86.Build.0 = Release|Any CPU
		{A534CA13-4195-468F-93A6-C579CCA46058}.Debug|Any CPU.ActiveCfg = Debug|Any CPU
		{A534CA13-4195-468F-93A6-C579CCA46058}.Debug|Any CPU.Build.0 = Debug|Any CPU
		{A534CA13-4195-468F-93A6-C579CCA46058}.Debug|x86.ActiveCfg = Debug|x86
		{A534CA13-4195-468F-93A6-C579CCA46058}.Debug|x86.Build.0 = Debug|x86
		{A534CA13-4195-468F-93A6-C579CCA46058}.Release|Any CPU.ActiveCfg = Release|Any CPU
		{A534CA13-4195-468F-93A6-C579CCA46058}.Release|Any CPU.Build.0 = Release|Any CPU
		{A534CA13-4195-468F-93A6-C579CCA46058}.Release|x86.ActiveCfg = Release|x86
		{A534CA13-4195-468F-93A6-C579CCA46058}.Release|x86.Build.0 = Release|x86
		{0069E22A-8331-464C-8843-3ECA4C826B13}.Debug|Any CPU.ActiveCfg = Debug|Any CPU
		{0069E22A-8331-464C-8843-3ECA4C826B13}.Debug|Any CPU.Build.0 = Debug|Any CPU
		{0069E22A-8331-464C-8843-3ECA4C826B13}.Debug|x86.ActiveCfg = Debug|Any CPU
		{0069E22A-8331-464C-8843-3ECA4C826B13}.Debug|x86.Build.0 = Debug|Any CPU
		{0069E22A-8331-464C-8843-3ECA4C826B13}.Release|Any CPU.ActiveCfg = Release|Any CPU
		{0069E22A-8331-464C-8843-3ECA4C826B13}.Release|Any CPU.Build.0 = Release|Any CPU
		{0069E22A-8331-464C-8843-3ECA4C826B13}.Release|x86.ActiveCfg = Release|Any CPU
		{0069E22A-8331-464C-8843-3ECA4C826B13}.Release|x86.Build.0 = Release|Any CPU
		{EF05B96F-3776-488C-A283-79F55BACAD34}.Debug|Any CPU.ActiveCfg = Debug|Any CPU
		{EF05B96F-3776-488C-A283-79F55BACAD34}.Debug|Any CPU.Build.0 = Debug|Any CPU
		{EF05B96F-3776-488C-A283-79F55BACAD34}.Debug|x86.ActiveCfg = Debug|Any CPU
		{EF05B96F-3776-488C-A283-79F55BACAD34}.Debug|x86.Build.0 = Debug|Any CPU
		{EF05B96F-3776-488C-A283-79F55BACAD34}.Release|Any CPU.ActiveCfg = Release|Any CPU
		{EF05B96F-3776-488C-A283-79F55BACAD34}.Release|Any CPU.Build.0 = Release|Any CPU
		{EF05B96F-3776-488C-A283-79F55BACAD34}.Release|x86.ActiveCfg = Release|Any CPU
		{EF05B96F-3776-488C-A283-79F55BACAD34}.Release|x86.Build.0 = Release|Any CPU
		{6E9BA154-07EB-43C8-8E5A-94247FF28556}.Debug|Any CPU.ActiveCfg = Debug|Any CPU
		{6E9BA154-07EB-43C8-8E5A-94247FF28556}.Debug|Any CPU.Build.0 = Debug|Any CPU
		{6E9BA154-07EB-43C8-8E5A-94247FF28556}.Debug|x86.ActiveCfg = Debug|Any CPU
		{6E9BA154-07EB-43C8-8E5A-94247FF28556}.Debug|x86.Build.0 = Debug|Any CPU
		{6E9BA154-07EB-43C8-8E5A-94247FF28556}.Release|Any CPU.ActiveCfg = Release|Any CPU
		{6E9BA154-07EB-43C8-8E5A-94247FF28556}.Release|Any CPU.Build.0 = Release|Any CPU
		{6E9BA154-07EB-43C8-8E5A-94247FF28556}.Release|x86.ActiveCfg = Release|Any CPU
		{6E9BA154-07EB-43C8-8E5A-94247FF28556}.Release|x86.Build.0 = Release|Any CPU
		{BA657CB4-93ED-4C3A-A66E-86954BEB4CE6}.Debug|Any CPU.ActiveCfg = Debug|Any CPU
		{BA657CB4-93ED-4C3A-A66E-86954BEB4CE6}.Debug|Any CPU.Build.0 = Debug|Any CPU
		{BA657CB4-93ED-4C3A-A66E-86954BEB4CE6}.Debug|x86.ActiveCfg = Debug|Any CPU
		{BA657CB4-93ED-4C3A-A66E-86954BEB4CE6}.Debug|x86.Build.0 = Debug|Any CPU
		{BA657CB4-93ED-4C3A-A66E-86954BEB4CE6}.Release|Any CPU.ActiveCfg = Release|Any CPU
		{BA657CB4-93ED-4C3A-A66E-86954BEB4CE6}.Release|Any CPU.Build.0 = Release|Any CPU
		{BA657CB4-93ED-4C3A-A66E-86954BEB4CE6}.Release|x86.ActiveCfg = Release|Any CPU
		{BA657CB4-93ED-4C3A-A66E-86954BEB4CE6}.Release|x86.Build.0 = Release|Any CPU
		{1C1289BD-F40B-4343-AA8A-4F151F887463}.Debug|Any CPU.ActiveCfg = Debug|Any CPU
		{1C1289BD-F40B-4343-AA8A-4F151F887463}.Debug|Any CPU.Build.0 = Debug|Any CPU
		{1C1289BD-F40B-4343-AA8A-4F151F887463}.Debug|x86.ActiveCfg = Debug|Any CPU
		{1C1289BD-F40B-4343-AA8A-4F151F887463}.Debug|x86.Build.0 = Debug|Any CPU
		{1C1289BD-F40B-4343-AA8A-4F151F887463}.Release|Any CPU.ActiveCfg = Release|Any CPU
		{1C1289BD-F40B-4343-AA8A-4F151F887463}.Release|Any CPU.Build.0 = Release|Any CPU
		{1C1289BD-F40B-4343-AA8A-4F151F887463}.Release|x86.ActiveCfg = Release|Any CPU
		{1C1289BD-F40B-4343-AA8A-4F151F887463}.Release|x86.Build.0 = Release|Any CPU
		{F28843B1-B7D5-4FA1-976D-ED40908167E3}.Debug|Any CPU.ActiveCfg = Debug|Any CPU
		{F28843B1-B7D5-4FA1-976D-ED40908167E3}.Debug|Any CPU.Build.0 = Debug|Any CPU
		{F28843B1-B7D5-4FA1-976D-ED40908167E3}.Debug|x86.ActiveCfg = Debug|x86
		{F28843B1-B7D5-4FA1-976D-ED40908167E3}.Debug|x86.Build.0 = Debug|x86
		{F28843B1-B7D5-4FA1-976D-ED40908167E3}.Release|Any CPU.ActiveCfg = Release|Any CPU
		{F28843B1-B7D5-4FA1-976D-ED40908167E3}.Release|Any CPU.Build.0 = Release|Any CPU
		{F28843B1-B7D5-4FA1-976D-ED40908167E3}.Release|x86.ActiveCfg = Release|x86
		{F28843B1-B7D5-4FA1-976D-ED40908167E3}.Release|x86.Build.0 = Release|x86
		{E1CBD6A1-F9D8-4FAA-9D5D-BB1E49682FE6}.Debug|Any CPU.ActiveCfg = Debug|Any CPU
		{E1CBD6A1-F9D8-4FAA-9D5D-BB1E49682FE6}.Debug|Any CPU.Build.0 = Debug|Any CPU
		{E1CBD6A1-F9D8-4FAA-9D5D-BB1E49682FE6}.Debug|x86.ActiveCfg = Debug|x86
		{E1CBD6A1-F9D8-4FAA-9D5D-BB1E49682FE6}.Debug|x86.Build.0 = Debug|x86
		{E1CBD6A1-F9D8-4FAA-9D5D-BB1E49682FE6}.Release|Any CPU.ActiveCfg = Release|Any CPU
		{E1CBD6A1-F9D8-4FAA-9D5D-BB1E49682FE6}.Release|Any CPU.Build.0 = Release|Any CPU
		{E1CBD6A1-F9D8-4FAA-9D5D-BB1E49682FE6}.Release|x86.ActiveCfg = Release|x86
		{E1CBD6A1-F9D8-4FAA-9D5D-BB1E49682FE6}.Release|x86.Build.0 = Release|x86
		{B6405042-723E-40D3-BF94-51D93C16B076}.Debug|Any CPU.ActiveCfg = Debug|Any CPU
		{B6405042-723E-40D3-BF94-51D93C16B076}.Debug|Any CPU.Build.0 = Debug|Any CPU
		{B6405042-723E-40D3-BF94-51D93C16B076}.Debug|x86.ActiveCfg = Debug|Any CPU
		{B6405042-723E-40D3-BF94-51D93C16B076}.Debug|x86.Build.0 = Debug|Any CPU
		{B6405042-723E-40D3-BF94-51D93C16B076}.Release|Any CPU.ActiveCfg = Release|Any CPU
		{B6405042-723E-40D3-BF94-51D93C16B076}.Release|Any CPU.Build.0 = Release|Any CPU
		{B6405042-723E-40D3-BF94-51D93C16B076}.Release|x86.ActiveCfg = Release|Any CPU
		{B6405042-723E-40D3-BF94-51D93C16B076}.Release|x86.Build.0 = Release|Any CPU
		{34EAC087-758B-4D03-B597-9623286F482D}.Debug|Any CPU.ActiveCfg = Debug|Any CPU
		{34EAC087-758B-4D03-B597-9623286F482D}.Debug|Any CPU.Build.0 = Debug|Any CPU
		{34EAC087-758B-4D03-B597-9623286F482D}.Debug|x86.ActiveCfg = Debug|Any CPU
		{34EAC087-758B-4D03-B597-9623286F482D}.Debug|x86.Build.0 = Debug|Any CPU
		{34EAC087-758B-4D03-B597-9623286F482D}.Release|Any CPU.ActiveCfg = Release|Any CPU
		{34EAC087-758B-4D03-B597-9623286F482D}.Release|Any CPU.Build.0 = Release|Any CPU
		{34EAC087-758B-4D03-B597-9623286F482D}.Release|x86.ActiveCfg = Release|Any CPU
		{34EAC087-758B-4D03-B597-9623286F482D}.Release|x86.Build.0 = Release|Any CPU
		{2F72F9E0-8F3B-492D-B9A6-36E68F5A34ED}.Debug|Any CPU.ActiveCfg = Debug|Any CPU
		{2F72F9E0-8F3B-492D-B9A6-36E68F5A34ED}.Debug|Any CPU.Build.0 = Debug|Any CPU
		{2F72F9E0-8F3B-492D-B9A6-36E68F5A34ED}.Debug|x86.ActiveCfg = Debug|Any CPU
		{2F72F9E0-8F3B-492D-B9A6-36E68F5A34ED}.Debug|x86.Build.0 = Debug|Any CPU
		{2F72F9E0-8F3B-492D-B9A6-36E68F5A34ED}.Release|Any CPU.ActiveCfg = Release|Any CPU
		{2F72F9E0-8F3B-492D-B9A6-36E68F5A34ED}.Release|Any CPU.Build.0 = Release|Any CPU
		{2F72F9E0-8F3B-492D-B9A6-36E68F5A34ED}.Release|x86.ActiveCfg = Release|Any CPU
		{2F72F9E0-8F3B-492D-B9A6-36E68F5A34ED}.Release|x86.Build.0 = Release|Any CPU
		{28AA2641-4E18-415D-B0AF-6BBE3846E50B}.Debug|Any CPU.ActiveCfg = Debug|Any CPU
		{28AA2641-4E18-415D-B0AF-6BBE3846E50B}.Debug|Any CPU.Build.0 = Debug|Any CPU
		{28AA2641-4E18-415D-B0AF-6BBE3846E50B}.Debug|x86.ActiveCfg = Debug|Any CPU
		{28AA2641-4E18-415D-B0AF-6BBE3846E50B}.Debug|x86.Build.0 = Debug|Any CPU
		{28AA2641-4E18-415D-B0AF-6BBE3846E50B}.Release|Any CPU.ActiveCfg = Release|Any CPU
		{28AA2641-4E18-415D-B0AF-6BBE3846E50B}.Release|Any CPU.Build.0 = Release|Any CPU
		{28AA2641-4E18-415D-B0AF-6BBE3846E50B}.Release|x86.ActiveCfg = Release|Any CPU
		{28AA2641-4E18-415D-B0AF-6BBE3846E50B}.Release|x86.Build.0 = Release|Any CPU
		{A4B257C6-803A-4CC8-82F9-86AB0FDFDC28}.Debug|Any CPU.ActiveCfg = Debug|Any CPU
		{A4B257C6-803A-4CC8-82F9-86AB0FDFDC28}.Debug|Any CPU.Build.0 = Debug|Any CPU
		{A4B257C6-803A-4CC8-82F9-86AB0FDFDC28}.Debug|x86.ActiveCfg = Debug|Any CPU
		{A4B257C6-803A-4CC8-82F9-86AB0FDFDC28}.Debug|x86.Build.0 = Debug|Any CPU
		{A4B257C6-803A-4CC8-82F9-86AB0FDFDC28}.Release|Any CPU.ActiveCfg = Release|Any CPU
		{A4B257C6-803A-4CC8-82F9-86AB0FDFDC28}.Release|Any CPU.Build.0 = Release|Any CPU
		{A4B257C6-803A-4CC8-82F9-86AB0FDFDC28}.Release|x86.ActiveCfg = Release|Any CPU
		{A4B257C6-803A-4CC8-82F9-86AB0FDFDC28}.Release|x86.Build.0 = Release|Any CPU
		{EE693FDC-A9B6-447B-A647-B0BD78137C65}.Debug|Any CPU.ActiveCfg = Debug|Any CPU
		{EE693FDC-A9B6-447B-A647-B0BD78137C65}.Debug|Any CPU.Build.0 = Debug|Any CPU
		{EE693FDC-A9B6-447B-A647-B0BD78137C65}.Debug|x86.ActiveCfg = Debug|Any CPU
		{EE693FDC-A9B6-447B-A647-B0BD78137C65}.Debug|x86.Build.0 = Debug|Any CPU
		{EE693FDC-A9B6-447B-A647-B0BD78137C65}.Release|Any CPU.ActiveCfg = Release|Any CPU
		{EE693FDC-A9B6-447B-A647-B0BD78137C65}.Release|Any CPU.Build.0 = Release|Any CPU
		{EE693FDC-A9B6-447B-A647-B0BD78137C65}.Release|x86.ActiveCfg = Release|Any CPU
		{EE693FDC-A9B6-447B-A647-B0BD78137C65}.Release|x86.Build.0 = Release|Any CPU
		{F516D462-4A51-4414-BFA5-E82761AF15E5}.Debug|Any CPU.ActiveCfg = Debug|Any CPU
		{F516D462-4A51-4414-BFA5-E82761AF15E5}.Debug|Any CPU.Build.0 = Debug|Any CPU
		{F516D462-4A51-4414-BFA5-E82761AF15E5}.Debug|x86.ActiveCfg = Debug|Any CPU
		{F516D462-4A51-4414-BFA5-E82761AF15E5}.Debug|x86.Build.0 = Debug|Any CPU
		{F516D462-4A51-4414-BFA5-E82761AF15E5}.Release|Any CPU.ActiveCfg = Release|Any CPU
		{F516D462-4A51-4414-BFA5-E82761AF15E5}.Release|Any CPU.Build.0 = Release|Any CPU
		{F516D462-4A51-4414-BFA5-E82761AF15E5}.Release|x86.ActiveCfg = Release|Any CPU
		{F516D462-4A51-4414-BFA5-E82761AF15E5}.Release|x86.Build.0 = Release|Any CPU
		{505F7D71-20B2-4010-AC06-79B1229A74C6}.Debug|Any CPU.ActiveCfg = Debug|Any CPU
		{505F7D71-20B2-4010-AC06-79B1229A74C6}.Debug|Any CPU.Build.0 = Debug|Any CPU
		{505F7D71-20B2-4010-AC06-79B1229A74C6}.Debug|x86.ActiveCfg = Debug|Any CPU
		{505F7D71-20B2-4010-AC06-79B1229A74C6}.Debug|x86.Build.0 = Debug|Any CPU
		{505F7D71-20B2-4010-AC06-79B1229A74C6}.Release|Any CPU.ActiveCfg = Release|Any CPU
		{505F7D71-20B2-4010-AC06-79B1229A74C6}.Release|Any CPU.Build.0 = Release|Any CPU
		{505F7D71-20B2-4010-AC06-79B1229A74C6}.Release|x86.ActiveCfg = Release|Any CPU
		{505F7D71-20B2-4010-AC06-79B1229A74C6}.Release|x86.Build.0 = Release|Any CPU
		{B0BB0171-260E-40FE-95DC-4377CE916FF0}.Debug|Any CPU.ActiveCfg = Debug|Any CPU
		{B0BB0171-260E-40FE-95DC-4377CE916FF0}.Debug|Any CPU.Build.0 = Debug|Any CPU
		{B0BB0171-260E-40FE-95DC-4377CE916FF0}.Debug|x86.ActiveCfg = Debug|Any CPU
		{B0BB0171-260E-40FE-95DC-4377CE916FF0}.Debug|x86.Build.0 = Debug|Any CPU
		{B0BB0171-260E-40FE-95DC-4377CE916FF0}.Release|Any CPU.ActiveCfg = Release|Any CPU
		{B0BB0171-260E-40FE-95DC-4377CE916FF0}.Release|Any CPU.Build.0 = Release|Any CPU
		{B0BB0171-260E-40FE-95DC-4377CE916FF0}.Release|x86.ActiveCfg = Release|Any CPU
		{B0BB0171-260E-40FE-95DC-4377CE916FF0}.Release|x86.Build.0 = Release|Any CPU
		{BBFD98D1-255C-41ED-AA74-E965FED1ECB2}.Debug|Any CPU.ActiveCfg = Debug|Any CPU
		{BBFD98D1-255C-41ED-AA74-E965FED1ECB2}.Debug|Any CPU.Build.0 = Debug|Any CPU
		{BBFD98D1-255C-41ED-AA74-E965FED1ECB2}.Debug|x86.ActiveCfg = Debug|Any CPU
		{BBFD98D1-255C-41ED-AA74-E965FED1ECB2}.Debug|x86.Build.0 = Debug|Any CPU
		{BBFD98D1-255C-41ED-AA74-E965FED1ECB2}.Release|Any CPU.ActiveCfg = Release|Any CPU
		{BBFD98D1-255C-41ED-AA74-E965FED1ECB2}.Release|Any CPU.Build.0 = Release|Any CPU
		{BBFD98D1-255C-41ED-AA74-E965FED1ECB2}.Release|x86.ActiveCfg = Release|Any CPU
		{BBFD98D1-255C-41ED-AA74-E965FED1ECB2}.Release|x86.Build.0 = Release|Any CPU
	EndGlobalSection
	GlobalSection(SolutionProperties) = preSolution
		HideSolutionNode = FALSE
	EndGlobalSection
	GlobalSection(NestedProjects) = preSolution
		{E4ABA12F-F8B7-4135-9AE3-9BA9CD021BA4} = {F17372E6-ACE5-4175-9A9F-C9A4C4EBA5B8}
		{D0593DC7-3FA9-4870-9738-24C72D6C621A} = {F17372E6-ACE5-4175-9A9F-C9A4C4EBA5B8}
		{66156D0E-7898-48DB-9368-83A864B5EC74} = {F17372E6-ACE5-4175-9A9F-C9A4C4EBA5B8}
		{D4A26528-42F7-4BE5-B08F-FCF367A593E4} = {F17372E6-ACE5-4175-9A9F-C9A4C4EBA5B8}
		{EF05B96F-3776-488C-A283-79F55BACAD34} = {F17372E6-ACE5-4175-9A9F-C9A4C4EBA5B8}
		{F28843B1-B7D5-4FA1-976D-ED40908167E3} = {F17372E6-ACE5-4175-9A9F-C9A4C4EBA5B8}
		{2F72F9E0-8F3B-492D-B9A6-36E68F5A34ED} = {F17372E6-ACE5-4175-9A9F-C9A4C4EBA5B8}
	EndGlobalSection
	GlobalSection(ExtensibilityGlobals) = postSolution
		SolutionGuid = {38EB01DD-BAE8-4977-9815-463F5F434FBF}
	EndGlobalSection
EndGlobal
