
Microsoft Visual Studio Solution File, Format Version 12.00
# Visual Studio Version 16
VisualStudioVersion = 16.0.30002.166
MinimumVisualStudioVersion = 10.0.40219.1
Project("{2150E333-8FDC-42A3-9474-1A3956D46DE8}") = "_root", "_root", "{622B2762-903D-417C-8E20-810F9ED2731F}"
	ProjectSection(SolutionItems) = preProject
		.gitattributes = .gitattributes
		.gitignore = .gitignore
		common.targets = common.targets
		mod-list.txt = mod-list.txt
		README.md = README.md
	EndProjectSection
EndProject
Project("{2150E333-8FDC-42A3-9474-1A3956D46DE8}") = "archived", "archived", "{1D5A35B8-DA8E-4D1B-81E6-B6833BD0D55A}"
EndProject
Project("{9A19103F-16F7-4668-BE54-9A1E7A4F7556}") = "Cobalt", "Cobalt\Cobalt.csproj", "{E8613D11-0362-4E9F-A9F6-577C09DC41BA}"
EndProject
Project("{9A19103F-16F7-4668-BE54-9A1E7A4F7556}") = "CustomCrops", "CustomCrops\CustomCrops.csproj", "{2BD1F637-3578-454F-9030-D97732D979FC}"
EndProject
Project("{9A19103F-16F7-4668-BE54-9A1E7A4F7556}") = "CustomFarmTypes", "CustomFarmTypes\CustomFarmTypes.csproj", "{E1DD4A8A-0D10-4855-BC58-9BF720C2EC04}"
EndProject
Project("{9A19103F-16F7-4668-BE54-9A1E7A4F7556}") = "EventRemembrance", "EventRemembrance\EventRemembrance.csproj", "{CD451254-7EE7-4A54-8B2A-2E7C4FBCB66D}"
EndProject
Project("{9A19103F-16F7-4668-BE54-9A1E7A4F7556}") = "MoreMachines", "MoreMachines\MoreMachines.csproj", "{4A6F7534-3366-488D-AAEB-6884F65D5BA6}"
EndProject
Project("{9A19103F-16F7-4668-BE54-9A1E7A4F7556}") = "ShipAnywhere", "ShipAnywhere\ShipAnywhere.csproj", "{A47699E0-DC84-4EB2-816B-FDBBF82D41E6}"
EndProject
Project("{9A19103F-16F7-4668-BE54-9A1E7A4F7556}") = "StardewValleyMP", "StardewValleyMP\StardewValleyMP.csproj", "{41648D3C-A029-4995-952E-E10278A1EA3F}"
EndProject
Project("{9A19103F-16F7-4668-BE54-9A1E7A4F7556}") = "AnimalSocialMenu", "AnimalSocialMenu\AnimalSocialMenu.csproj", "{025B269F-0075-4388-A7DA-0D9C90ED3A95}"
EndProject
Project("{9A19103F-16F7-4668-BE54-9A1E7A4F7556}") = "AnotherHungerMod", "AnotherHungerMod\AnotherHungerMod.csproj", "{EFFD6F85-4075-4A81-B468-C480434989EC}"
EndProject
Project("{9A19103F-16F7-4668-BE54-9A1E7A4F7556}") = "BetterMeteorites", "BetterMeteorites\BetterMeteorites.csproj", "{7014C24C-A7B8-446A-8B13-ECA54EEA1F88}"
EndProject
Project("{9A19103F-16F7-4668-BE54-9A1E7A4F7556}") = "BetterShopMenu", "BetterShopMenu\BetterShopMenu.csproj", "{F918B9A5-24CE-44F7-BCBB-0B6FFEBC1F0A}"
EndProject
Project("{9A19103F-16F7-4668-BE54-9A1E7A4F7556}") = "Bow", "Bow\Bow.csproj", "{0F284FD1-EC9A-4B52-93F9-7ABACDFAC24C}"
EndProject
Project("{9A19103F-16F7-4668-BE54-9A1E7A4F7556}") = "BugNet", "BugNet\BugNet.csproj", "{F97E01F6-8CE5-47DC-9A33-27094DD35C33}"
EndProject
Project("{9A19103F-16F7-4668-BE54-9A1E7A4F7556}") = "CarryChest", "CarryChest\CarryChest.csproj", "{3762F270-268B-4DCC-8D07-6978304E46EA}"
EndProject
Project("{9A19103F-16F7-4668-BE54-9A1E7A4F7556}") = "ColorfulChests", "ColorfulChests\ColorfulChests.csproj", "{604D3117-996C-4BFD-B5EB-CAE32F534FA9}"
EndProject
Project("{9A19103F-16F7-4668-BE54-9A1E7A4F7556}") = "CombatLevelDamageScaler", "CombatLevelDamageScaler\CombatLevelDamageScaler.csproj", "{431FE13F-E505-4841-9675-E05FC4F3C39C}"
EndProject
Project("{9A19103F-16F7-4668-BE54-9A1E7A4F7556}") = "ConsoleCode", "ConsoleCode\ConsoleCode.csproj", "{B16B5D6C-04A9-4C84-8FE6-7EC09156E983}"
EndProject
Project("{9A19103F-16F7-4668-BE54-9A1E7A4F7556}") = "ContentPatcherAnimations", "ContentPatcherAnimations\ContentPatcherAnimations.csproj", "{0CEBC4DD-F289-4599-93A7-9BB1FE82DE9F}"
EndProject
Project("{9A19103F-16F7-4668-BE54-9A1E7A4F7556}") = "CookingSkill", "CookingSkill\CookingSkill.csproj", "{4B3774D6-8E15-4DCB-8EE6-E1EF010B0C7F}"
EndProject
Project("{9A19103F-16F7-4668-BE54-9A1E7A4F7556}") = "CustomCritters", "CustomCritters\CustomCritters.csproj", "{CC4F85D2-34C9-46C7-94EA-EBF40AD84CDD}"
EndProject
Project("{9A19103F-16F7-4668-BE54-9A1E7A4F7556}") = "CustomizeExterior", "CustomizeExterior\CustomizeExterior.csproj", "{57ECF2DB-3026-43C0-BB48-489AC41274E2}"
EndProject
Project("{9A19103F-16F7-4668-BE54-9A1E7A4F7556}") = "CustomNPCFixes", "CustomNPCFixes\CustomNPCFixes.csproj", "{8BC5DFD8-6F82-4756-8031-3397FC2F663C}"
EndProject
Project("{9A19103F-16F7-4668-BE54-9A1E7A4F7556}") = "ExperienceBars", "ExperienceBars\ExperienceBars.csproj", "{FF59AF5B-5FE0-4390-B48D-C98289435500}"
EndProject
Project("{9A19103F-16F7-4668-BE54-9A1E7A4F7556}") = "ExtendedReach", "ExtendedReach\ExtendedReach.csproj", "{4464DC37-8337-471A-A786-5DF70D47D48B}"
EndProject
Project("{9A19103F-16F7-4668-BE54-9A1E7A4F7556}") = "FlowerColorPicker", "FlowerColorPicker\FlowerColorPicker.csproj", "{2568B223-FCBA-4899-AF3C-D281EE48049D}"
EndProject
Project("{9A19103F-16F7-4668-BE54-9A1E7A4F7556}") = "GenericModConfigMenu", "GenericModConfigMenu\GenericModConfigMenu.csproj", "{314E0FE5-BED2-46BD-8412-780DC2F9ADCA}"
EndProject
Project("{9A19103F-16F7-4668-BE54-9A1E7A4F7556}") = "JsonAssets", "JsonAssets\JsonAssets.csproj", "{57068B86-94F2-4F96-83BB-86B658140FE8}"
EndProject
Project("{9A19103F-16F7-4668-BE54-9A1E7A4F7556}") = "JumpOver", "JumpOver\JumpOver.csproj", "{6CF382D4-A385-451E-A960-912AB2C734CD}"
EndProject
Project("{9A19103F-16F7-4668-BE54-9A1E7A4F7556}") = "LuckSkill", "LuckSkill\LuckSkill.csproj", "{F22788C7-4489-49A7-83B9-FA0360749899}"
EndProject
Project("{9A19103F-16F7-4668-BE54-9A1E7A4F7556}") = "Magic", "Magic\Magic.csproj", "{F1238510-5ED3-4799-97E9-18170E6FDE26}"
EndProject
Project("{9A19103F-16F7-4668-BE54-9A1E7A4F7556}") = "MapImageExporter", "MapImageExporter\MapImageExporter.csproj", "{F3024BEF-0E4E-4D0C-A0F3-04A7C0FFCDA1}"
EndProject
Project("{9A19103F-16F7-4668-BE54-9A1E7A4F7556}") = "MoreBuildings", "MoreBuildings\MoreBuildings.csproj", "{BAB88AA4-6B45-43CE-83E1-CAA1B52591CC}"
EndProject
Project("{9A19103F-16F7-4668-BE54-9A1E7A4F7556}") = "MoreGrassStarters", "MoreGrassStarters\MoreGrassStarters.csproj", "{C80ACE12-9653-4EA7-95AF-E669BDC4BA35}"
EndProject
Project("{9A19103F-16F7-4668-BE54-9A1E7A4F7556}") = "MoreRings", "MoreRings\MoreRings.csproj", "{3EC64024-6DBA-4CB6-9AEC-4CC5FEB1FAA2}"
EndProject
Project("{9A19103F-16F7-4668-BE54-9A1E7A4F7556}") = "ObjectTimeLeft", "ObjectTimeLeft\ObjectTimeLeft.csproj", "{11AEC8C0-72A3-4836-88FC-E9E888D69078}"
EndProject
Project("{9A19103F-16F7-4668-BE54-9A1E7A4F7556}") = "ProfitCalculator", "StardewProfitCalculator\ProfitCalculator.csproj", "{8180D3F1-EBB4-46E6-9C49-B267DB2C13AE}"
EndProject
Project("{9A19103F-16F7-4668-BE54-9A1E7A4F7556}") = "RushOrders", "RushOrders\RushOrders.csproj", "{DD16A042-9B79-4FB0-9849-33C05E452A30}"
EndProject
Project("{9A19103F-16F7-4668-BE54-9A1E7A4F7556}") = "SeedCatalogue", "SeedCatalogue\SeedCatalogue.csproj", "{7B113474-5188-402E-8847-930107300455}"
EndProject
Project("{9A19103F-16F7-4668-BE54-9A1E7A4F7556}") = "SleepyEye", "SleepyEye\SleepyEye.csproj", "{914341E2-99E7-4822-A3B4-44404B951BE6}"
EndProject
Project("{9A19103F-16F7-4668-BE54-9A1E7A4F7556}") = "SpaceCore", "SpaceCore_SDV\SpaceCore.csproj", "{3C3A0935-9882-4B1A-9D31-A78987FB61A4}"
EndProject
Project("{D954291E-2A0B-460D-934E-DC6B0785DB48}") = "SpaceShared", "SpaceShared\SpaceShared.shproj", "{061610A4-7D02-4F52-A921-F59ED123C2A9}"
EndProject
Project("{9A19103F-16F7-4668-BE54-9A1E7A4F7556}") = "Spenny", "Spenny\Spenny.csproj", "{A08BB762-E8A1-4004-9C84-1E103E2187D1}"
EndProject
Project("{9A19103F-16F7-4668-BE54-9A1E7A4F7556}") = "Terraforming", "Terraforming\Terraforming.csproj", "{45C1965B-7E78-4162-A794-CBAD8A2B59FA}"
EndProject
Project("{9A19103F-16F7-4668-BE54-9A1E7A4F7556}") = "TheftOfTheWinterStar", "TheftOfTheWinterStar\TheftOfTheWinterStar.csproj", "{71BFB8CF-2042-42F9-B29A-3AAD64B91910}"
EndProject
Project("{9A19103F-16F7-4668-BE54-9A1E7A4F7556}") = "ThreeHeartDancePartner", "ThreeHeartDancePartner\ThreeHeartDancePartner.csproj", "{28C4FB2B-BDA1-41E7-95BC-DE9D5400A86B}"
EndProject
Project("{9A19103F-16F7-4668-BE54-9A1E7A4F7556}") = "ThrowableAxe", "ThrowableAxe\ThrowableAxe.csproj", "{CAF348A9-A65C-4C81-AC59-A43159301154}"
EndProject
Project("{9A19103F-16F7-4668-BE54-9A1E7A4F7556}") = "Tiled.Net", "Tiled.Net\Tiled.Net\Tiled.Net.csproj", "{929A9863-80F0-42DF-8849-6D22095C94F3}"
EndProject
Project("{9A19103F-16F7-4668-BE54-9A1E7A4F7556}") = "ToolGeodes", "ToolGeodes\ToolGeodes.csproj", "{42E8FB49-D740-4C64-8DA8-EE63EA9BAF04}"
EndProject
Project("{9A19103F-16F7-4668-BE54-9A1E7A4F7556}") = "WeaponReskinner", "WeaponReskinner\WeaponReskinner.csproj", "{1D062D75-8CE0-410C-B307-B388E2800EAD}"
EndProject
Project("{FAE04EC0-301F-11D3-BF4B-00C04F79EFBC}") = "MoreGiantCrops", "MoreGiantCrops\MoreGiantCrops.csproj", "{6FA9A976-C843-405F-B7A1-FC6AA3E6FAA7}"
EndProject
Project("{FAE04EC0-301F-11D3-BF4B-00C04F79EFBC}") = "CustomBuildings", "CustomBuildings\CustomBuildings.csproj", "{5ECB259A-6E3C-46B7-980C-E71730B34C19}"
EndProject
Project("{FAE04EC0-301F-11D3-BF4B-00C04F79EFBC}") = "CaveFarm", "CaveFarm\CaveFarm.csproj", "{992BE23F-A878-4788-8009-0AA9B099A707}"
EndProject
Project("{FAE04EC0-301F-11D3-BF4B-00C04F79EFBC}") = "MushroomDepths", "MushroomDepths\MushroomDepths.csproj", "{655CDB1C-1390-4FCD-9205-18DCE3A799B9}"
EndProject
Project("{FAE04EC0-301F-11D3-BF4B-00C04F79EFBC}") = "FlowerRain", "FlowerRain\FlowerRain.csproj", "{0ABED0CB-F0E2-4232-A0DE-FD170537C7C8}"
EndProject
Global
	GlobalSection(SharedMSBuildProjectFiles) = preSolution
		SpaceShared\SpaceShared.projitems*{025b269f-0075-4388-a7da-0d9c90ed3a95}*SharedItemsImports = 5
		SpaceShared\SpaceShared.projitems*{061610a4-7d02-4f52-a921-f59ed123c2a9}*SharedItemsImports = 13
		SpaceShared\SpaceShared.projitems*{0cebc4dd-f289-4599-93a7-9bb1fe82de9f}*SharedItemsImports = 5
		SpaceShared\SpaceShared.projitems*{0f284fd1-ec9a-4b52-93f9-7abacdfac24c}*SharedItemsImports = 5
		SpaceShared\SpaceShared.projitems*{11aec8c0-72a3-4836-88fc-e9e888d69078}*SharedItemsImports = 5
		SpaceShared\SpaceShared.projitems*{1d062d75-8ce0-410c-b307-b388e2800ead}*SharedItemsImports = 5
		SpaceShared\SpaceShared.projitems*{2568b223-fcba-4899-af3c-d281ee48049d}*SharedItemsImports = 5
		SpaceShared\SpaceShared.projitems*{28c4fb2b-bda1-41e7-95bc-de9d5400a86b}*SharedItemsImports = 5
		SpaceShared\SpaceShared.projitems*{2bd1f637-3578-454f-9030-d97732d979fc}*SharedItemsImports = 5
		SpaceShared\SpaceShared.projitems*{314e0fe5-bed2-46bd-8412-780dc2f9adca}*SharedItemsImports = 5
		SpaceShared\SpaceShared.projitems*{3762f270-268b-4dcc-8d07-6978304e46ea}*SharedItemsImports = 5
		SpaceShared\SpaceShared.projitems*{3c3a0935-9882-4b1a-9d31-a78987fb61a4}*SharedItemsImports = 5
		SpaceShared\SpaceShared.projitems*{3ec64024-6dba-4cb6-9aec-4cc5feb1faa2}*SharedItemsImports = 5
		SpaceShared\SpaceShared.projitems*{41648d3c-a029-4995-952e-e10278a1ea3f}*SharedItemsImports = 5
		SpaceShared\SpaceShared.projitems*{42e8fb49-d740-4c64-8da8-ee63ea9baf04}*SharedItemsImports = 5
		SpaceShared\SpaceShared.projitems*{431fe13f-e505-4841-9675-e05fc4f3c39c}*SharedItemsImports = 5
		SpaceShared\SpaceShared.projitems*{4464dc37-8337-471a-a786-5df70d47d48b}*SharedItemsImports = 5
		SpaceShared\SpaceShared.projitems*{45c1965b-7e78-4162-a794-cbad8a2b59fa}*SharedItemsImports = 5
		SpaceShared\SpaceShared.projitems*{4a6f7534-3366-488d-aaeb-6884f65d5ba6}*SharedItemsImports = 5
		SpaceShared\SpaceShared.projitems*{4b3774d6-8e15-4dcb-8ee6-e1ef010b0c7f}*SharedItemsImports = 5
		SpaceShared\SpaceShared.projitems*{57068b86-94f2-4f96-83bb-86b658140fe8}*SharedItemsImports = 5
		SpaceShared\SpaceShared.projitems*{57ecf2db-3026-43c0-bb48-489ac41274e2}*SharedItemsImports = 5
		SpaceShared\SpaceShared.projitems*{604d3117-996c-4bfd-b5eb-cae32f534fa9}*SharedItemsImports = 5
		SpaceShared\SpaceShared.projitems*{6cf382d4-a385-451e-a960-912ab2c734cd}*SharedItemsImports = 5
		SpaceShared\SpaceShared.projitems*{7014c24c-a7b8-446a-8b13-eca54eea1f88}*SharedItemsImports = 5
		SpaceShared\SpaceShared.projitems*{71bfb8cf-2042-42f9-b29a-3aad64b91910}*SharedItemsImports = 5
		SpaceShared\SpaceShared.projitems*{7b113474-5188-402e-8847-930107300455}*SharedItemsImports = 5
		SpaceShared\SpaceShared.projitems*{8180d3f1-ebb4-46e6-9c49-b267db2c13ae}*SharedItemsImports = 5
		SpaceShared\SpaceShared.projitems*{8bc5dfd8-6f82-4756-8031-3397fc2f663c}*SharedItemsImports = 5
		SpaceShared\SpaceShared.projitems*{914341e2-99e7-4822-a3b4-44404b951be6}*SharedItemsImports = 5
		SpaceShared\SpaceShared.projitems*{a08bb762-e8a1-4004-9c84-1e103e2187d1}*SharedItemsImports = 5
		SpaceShared\SpaceShared.projitems*{a47699e0-dc84-4eb2-816b-fdbbf82d41e6}*SharedItemsImports = 5
		SpaceShared\SpaceShared.projitems*{b16b5d6c-04a9-4c84-8fe6-7ec09156e983}*SharedItemsImports = 5
		SpaceShared\SpaceShared.projitems*{bab88aa4-6b45-43ce-83e1-caa1b52591cc}*SharedItemsImports = 5
		SpaceShared\SpaceShared.projitems*{c80ace12-9653-4ea7-95af-e669bdc4ba35}*SharedItemsImports = 5
		SpaceShared\SpaceShared.projitems*{caf348a9-a65c-4c81-ac59-a43159301154}*SharedItemsImports = 5
		SpaceShared\SpaceShared.projitems*{cc4f85d2-34c9-46c7-94ea-ebf40ad84cdd}*SharedItemsImports = 5
		SpaceShared\SpaceShared.projitems*{cd451254-7ee7-4a54-8b2a-2e7c4fbcb66d}*SharedItemsImports = 5
		SpaceShared\SpaceShared.projitems*{dd16a042-9b79-4fb0-9849-33c05e452a30}*SharedItemsImports = 5
		SpaceShared\SpaceShared.projitems*{e1dd4a8a-0d10-4855-bc58-9bf720c2ec04}*SharedItemsImports = 5
		SpaceShared\SpaceShared.projitems*{e8613d11-0362-4e9f-a9f6-577c09dc41ba}*SharedItemsImports = 5
		SpaceShared\SpaceShared.projitems*{effd6f85-4075-4a81-b468-c480434989ec}*SharedItemsImports = 5
		SpaceShared\SpaceShared.projitems*{f1238510-5ed3-4799-97e9-18170e6fde26}*SharedItemsImports = 5
		SpaceShared\SpaceShared.projitems*{f22788c7-4489-49a7-83b9-fa0360749899}*SharedItemsImports = 5
		SpaceShared\SpaceShared.projitems*{f3024bef-0e4e-4d0c-a0f3-04a7c0ffcda1}*SharedItemsImports = 5
		SpaceShared\SpaceShared.projitems*{f918b9a5-24ce-44f7-bcbb-0b6ffebc1f0a}*SharedItemsImports = 5
		SpaceShared\SpaceShared.projitems*{f97e01f6-8ce5-47dc-9a33-27094dd35c33}*SharedItemsImports = 5
		SpaceShared\SpaceShared.projitems*{ff59af5b-5fe0-4390-b48d-c98289435500}*SharedItemsImports = 5
	EndGlobalSection
	GlobalSection(SolutionConfigurationPlatforms) = preSolution
		Debug|Any CPU = Debug|Any CPU
		Debug|x86 = Debug|x86
		Release|Any CPU = Release|Any CPU
		Release|x86 = Release|x86
	EndGlobalSection
	GlobalSection(ProjectConfigurationPlatforms) = postSolution
		{E8613D11-0362-4E9F-A9F6-577C09DC41BA}.Debug|Any CPU.ActiveCfg = Debug|x86
		{E8613D11-0362-4E9F-A9F6-577C09DC41BA}.Debug|x86.ActiveCfg = Debug|x86
		{E8613D11-0362-4E9F-A9F6-577C09DC41BA}.Debug|x86.Build.0 = Debug|x86
		{E8613D11-0362-4E9F-A9F6-577C09DC41BA}.Release|Any CPU.ActiveCfg = Release|x86
		{E8613D11-0362-4E9F-A9F6-577C09DC41BA}.Release|x86.ActiveCfg = Release|x86
		{E8613D11-0362-4E9F-A9F6-577C09DC41BA}.Release|x86.Build.0 = Release|x86
		{2BD1F637-3578-454F-9030-D97732D979FC}.Debug|Any CPU.ActiveCfg = Debug|x86
		{2BD1F637-3578-454F-9030-D97732D979FC}.Debug|x86.ActiveCfg = Debug|x86
		{2BD1F637-3578-454F-9030-D97732D979FC}.Debug|x86.Build.0 = Debug|x86
		{2BD1F637-3578-454F-9030-D97732D979FC}.Release|Any CPU.ActiveCfg = Release|x86
		{2BD1F637-3578-454F-9030-D97732D979FC}.Release|x86.ActiveCfg = Release|x86
		{2BD1F637-3578-454F-9030-D97732D979FC}.Release|x86.Build.0 = Release|x86
		{E1DD4A8A-0D10-4855-BC58-9BF720C2EC04}.Debug|Any CPU.ActiveCfg = Debug|x86
		{E1DD4A8A-0D10-4855-BC58-9BF720C2EC04}.Debug|x86.ActiveCfg = Debug|x86
		{E1DD4A8A-0D10-4855-BC58-9BF720C2EC04}.Debug|x86.Build.0 = Debug|x86
		{E1DD4A8A-0D10-4855-BC58-9BF720C2EC04}.Release|Any CPU.ActiveCfg = Release|x86
		{E1DD4A8A-0D10-4855-BC58-9BF720C2EC04}.Release|x86.ActiveCfg = Release|x86
		{E1DD4A8A-0D10-4855-BC58-9BF720C2EC04}.Release|x86.Build.0 = Release|x86
		{CD451254-7EE7-4A54-8B2A-2E7C4FBCB66D}.Debug|Any CPU.ActiveCfg = Debug|x86
		{CD451254-7EE7-4A54-8B2A-2E7C4FBCB66D}.Debug|x86.ActiveCfg = Debug|x86
		{CD451254-7EE7-4A54-8B2A-2E7C4FBCB66D}.Debug|x86.Build.0 = Debug|x86
		{CD451254-7EE7-4A54-8B2A-2E7C4FBCB66D}.Release|Any CPU.ActiveCfg = Release|x86
		{CD451254-7EE7-4A54-8B2A-2E7C4FBCB66D}.Release|x86.ActiveCfg = Release|x86
		{CD451254-7EE7-4A54-8B2A-2E7C4FBCB66D}.Release|x86.Build.0 = Release|x86
		{4A6F7534-3366-488D-AAEB-6884F65D5BA6}.Debug|Any CPU.ActiveCfg = Debug|x86
		{4A6F7534-3366-488D-AAEB-6884F65D5BA6}.Debug|x86.ActiveCfg = Debug|x86
		{4A6F7534-3366-488D-AAEB-6884F65D5BA6}.Debug|x86.Build.0 = Debug|x86
		{4A6F7534-3366-488D-AAEB-6884F65D5BA6}.Release|Any CPU.ActiveCfg = Release|x86
		{4A6F7534-3366-488D-AAEB-6884F65D5BA6}.Release|x86.ActiveCfg = Release|x86
		{4A6F7534-3366-488D-AAEB-6884F65D5BA6}.Release|x86.Build.0 = Release|x86
		{A47699E0-DC84-4EB2-816B-FDBBF82D41E6}.Debug|Any CPU.ActiveCfg = Debug|x86
		{A47699E0-DC84-4EB2-816B-FDBBF82D41E6}.Debug|x86.ActiveCfg = Debug|x86
		{A47699E0-DC84-4EB2-816B-FDBBF82D41E6}.Debug|x86.Build.0 = Debug|x86
		{A47699E0-DC84-4EB2-816B-FDBBF82D41E6}.Release|Any CPU.ActiveCfg = Release|x86
		{A47699E0-DC84-4EB2-816B-FDBBF82D41E6}.Release|x86.ActiveCfg = Release|x86
		{A47699E0-DC84-4EB2-816B-FDBBF82D41E6}.Release|x86.Build.0 = Release|x86
		{41648D3C-A029-4995-952E-E10278A1EA3F}.Debug|Any CPU.ActiveCfg = Debug|x86
		{41648D3C-A029-4995-952E-E10278A1EA3F}.Debug|x86.ActiveCfg = Debug|x86
		{41648D3C-A029-4995-952E-E10278A1EA3F}.Debug|x86.Build.0 = Debug|x86
		{41648D3C-A029-4995-952E-E10278A1EA3F}.Release|Any CPU.ActiveCfg = Release|x86
		{41648D3C-A029-4995-952E-E10278A1EA3F}.Release|x86.ActiveCfg = Release|x86
		{41648D3C-A029-4995-952E-E10278A1EA3F}.Release|x86.Build.0 = Release|x86
		{025B269F-0075-4388-A7DA-0D9C90ED3A95}.Debug|Any CPU.ActiveCfg = Debug|x86
		{025B269F-0075-4388-A7DA-0D9C90ED3A95}.Debug|x86.ActiveCfg = Debug|x86
		{025B269F-0075-4388-A7DA-0D9C90ED3A95}.Debug|x86.Build.0 = Debug|x86
		{025B269F-0075-4388-A7DA-0D9C90ED3A95}.Release|Any CPU.ActiveCfg = Release|x86
		{025B269F-0075-4388-A7DA-0D9C90ED3A95}.Release|x86.ActiveCfg = Release|x86
		{025B269F-0075-4388-A7DA-0D9C90ED3A95}.Release|x86.Build.0 = Release|x86
		{EFFD6F85-4075-4A81-B468-C480434989EC}.Debug|Any CPU.ActiveCfg = Debug|x86
		{EFFD6F85-4075-4A81-B468-C480434989EC}.Debug|x86.ActiveCfg = Debug|x86
		{EFFD6F85-4075-4A81-B468-C480434989EC}.Debug|x86.Build.0 = Debug|x86
		{EFFD6F85-4075-4A81-B468-C480434989EC}.Release|Any CPU.ActiveCfg = Release|x86
		{EFFD6F85-4075-4A81-B468-C480434989EC}.Release|x86.ActiveCfg = Release|x86
		{EFFD6F85-4075-4A81-B468-C480434989EC}.Release|x86.Build.0 = Release|x86
		{7014C24C-A7B8-446A-8B13-ECA54EEA1F88}.Debug|Any CPU.ActiveCfg = Debug|x86
		{7014C24C-A7B8-446A-8B13-ECA54EEA1F88}.Debug|x86.ActiveCfg = Debug|x86
		{7014C24C-A7B8-446A-8B13-ECA54EEA1F88}.Debug|x86.Build.0 = Debug|x86
		{7014C24C-A7B8-446A-8B13-ECA54EEA1F88}.Release|Any CPU.ActiveCfg = Release|x86
		{7014C24C-A7B8-446A-8B13-ECA54EEA1F88}.Release|x86.ActiveCfg = Release|x86
		{7014C24C-A7B8-446A-8B13-ECA54EEA1F88}.Release|x86.Build.0 = Release|x86
		{F918B9A5-24CE-44F7-BCBB-0B6FFEBC1F0A}.Debug|Any CPU.ActiveCfg = Debug|x86
		{F918B9A5-24CE-44F7-BCBB-0B6FFEBC1F0A}.Debug|x86.ActiveCfg = Debug|x86
		{F918B9A5-24CE-44F7-BCBB-0B6FFEBC1F0A}.Debug|x86.Build.0 = Debug|x86
		{F918B9A5-24CE-44F7-BCBB-0B6FFEBC1F0A}.Release|Any CPU.ActiveCfg = Release|x86
		{F918B9A5-24CE-44F7-BCBB-0B6FFEBC1F0A}.Release|x86.ActiveCfg = Release|x86
		{F918B9A5-24CE-44F7-BCBB-0B6FFEBC1F0A}.Release|x86.Build.0 = Release|x86
		{0F284FD1-EC9A-4B52-93F9-7ABACDFAC24C}.Debug|Any CPU.ActiveCfg = Debug|x86
		{0F284FD1-EC9A-4B52-93F9-7ABACDFAC24C}.Debug|x86.ActiveCfg = Debug|x86
		{0F284FD1-EC9A-4B52-93F9-7ABACDFAC24C}.Debug|x86.Build.0 = Debug|x86
		{0F284FD1-EC9A-4B52-93F9-7ABACDFAC24C}.Release|Any CPU.ActiveCfg = Release|x86
		{0F284FD1-EC9A-4B52-93F9-7ABACDFAC24C}.Release|x86.ActiveCfg = Release|x86
		{0F284FD1-EC9A-4B52-93F9-7ABACDFAC24C}.Release|x86.Build.0 = Release|x86
		{F97E01F6-8CE5-47DC-9A33-27094DD35C33}.Debug|Any CPU.ActiveCfg = Debug|x86
		{F97E01F6-8CE5-47DC-9A33-27094DD35C33}.Debug|x86.ActiveCfg = Debug|x86
		{F97E01F6-8CE5-47DC-9A33-27094DD35C33}.Debug|x86.Build.0 = Debug|x86
		{F97E01F6-8CE5-47DC-9A33-27094DD35C33}.Release|Any CPU.ActiveCfg = Release|x86
		{F97E01F6-8CE5-47DC-9A33-27094DD35C33}.Release|x86.ActiveCfg = Release|x86
		{F97E01F6-8CE5-47DC-9A33-27094DD35C33}.Release|x86.Build.0 = Release|x86
		{3762F270-268B-4DCC-8D07-6978304E46EA}.Debug|Any CPU.ActiveCfg = Debug|x86
		{3762F270-268B-4DCC-8D07-6978304E46EA}.Debug|x86.ActiveCfg = Debug|x86
		{3762F270-268B-4DCC-8D07-6978304E46EA}.Debug|x86.Build.0 = Debug|x86
		{3762F270-268B-4DCC-8D07-6978304E46EA}.Release|Any CPU.ActiveCfg = Release|x86
		{3762F270-268B-4DCC-8D07-6978304E46EA}.Release|x86.ActiveCfg = Release|x86
		{3762F270-268B-4DCC-8D07-6978304E46EA}.Release|x86.Build.0 = Release|x86
		{604D3117-996C-4BFD-B5EB-CAE32F534FA9}.Debug|Any CPU.ActiveCfg = Debug|x86
		{604D3117-996C-4BFD-B5EB-CAE32F534FA9}.Debug|x86.ActiveCfg = Debug|x86
		{604D3117-996C-4BFD-B5EB-CAE32F534FA9}.Debug|x86.Build.0 = Debug|x86
		{604D3117-996C-4BFD-B5EB-CAE32F534FA9}.Release|Any CPU.ActiveCfg = Release|x86
		{604D3117-996C-4BFD-B5EB-CAE32F534FA9}.Release|x86.ActiveCfg = Release|x86
		{604D3117-996C-4BFD-B5EB-CAE32F534FA9}.Release|x86.Build.0 = Release|x86
		{431FE13F-E505-4841-9675-E05FC4F3C39C}.Debug|Any CPU.ActiveCfg = Debug|x86
		{431FE13F-E505-4841-9675-E05FC4F3C39C}.Debug|x86.ActiveCfg = Debug|x86
		{431FE13F-E505-4841-9675-E05FC4F3C39C}.Debug|x86.Build.0 = Debug|x86
		{431FE13F-E505-4841-9675-E05FC4F3C39C}.Release|Any CPU.ActiveCfg = Release|x86
		{431FE13F-E505-4841-9675-E05FC4F3C39C}.Release|x86.ActiveCfg = Release|x86
		{431FE13F-E505-4841-9675-E05FC4F3C39C}.Release|x86.Build.0 = Release|x86
		{B16B5D6C-04A9-4C84-8FE6-7EC09156E983}.Debug|Any CPU.ActiveCfg = Debug|x86
		{B16B5D6C-04A9-4C84-8FE6-7EC09156E983}.Debug|x86.ActiveCfg = Debug|x86
		{B16B5D6C-04A9-4C84-8FE6-7EC09156E983}.Debug|x86.Build.0 = Debug|x86
		{B16B5D6C-04A9-4C84-8FE6-7EC09156E983}.Release|Any CPU.ActiveCfg = Release|x86
		{B16B5D6C-04A9-4C84-8FE6-7EC09156E983}.Release|x86.ActiveCfg = Release|x86
		{B16B5D6C-04A9-4C84-8FE6-7EC09156E983}.Release|x86.Build.0 = Release|x86
		{0CEBC4DD-F289-4599-93A7-9BB1FE82DE9F}.Debug|Any CPU.ActiveCfg = Debug|x86
		{0CEBC4DD-F289-4599-93A7-9BB1FE82DE9F}.Debug|x86.ActiveCfg = Debug|x86
		{0CEBC4DD-F289-4599-93A7-9BB1FE82DE9F}.Debug|x86.Build.0 = Debug|x86
		{0CEBC4DD-F289-4599-93A7-9BB1FE82DE9F}.Release|Any CPU.ActiveCfg = Release|x86
		{0CEBC4DD-F289-4599-93A7-9BB1FE82DE9F}.Release|x86.ActiveCfg = Release|x86
		{0CEBC4DD-F289-4599-93A7-9BB1FE82DE9F}.Release|x86.Build.0 = Release|x86
		{4B3774D6-8E15-4DCB-8EE6-E1EF010B0C7F}.Debug|Any CPU.ActiveCfg = Debug|x86
		{4B3774D6-8E15-4DCB-8EE6-E1EF010B0C7F}.Debug|x86.ActiveCfg = Debug|x86
		{4B3774D6-8E15-4DCB-8EE6-E1EF010B0C7F}.Debug|x86.Build.0 = Debug|x86
		{4B3774D6-8E15-4DCB-8EE6-E1EF010B0C7F}.Release|Any CPU.ActiveCfg = Release|x86
		{4B3774D6-8E15-4DCB-8EE6-E1EF010B0C7F}.Release|x86.ActiveCfg = Release|x86
		{4B3774D6-8E15-4DCB-8EE6-E1EF010B0C7F}.Release|x86.Build.0 = Release|x86
		{CC4F85D2-34C9-46C7-94EA-EBF40AD84CDD}.Debug|Any CPU.ActiveCfg = Debug|x86
		{CC4F85D2-34C9-46C7-94EA-EBF40AD84CDD}.Debug|x86.ActiveCfg = Debug|x86
		{CC4F85D2-34C9-46C7-94EA-EBF40AD84CDD}.Debug|x86.Build.0 = Debug|x86
		{CC4F85D2-34C9-46C7-94EA-EBF40AD84CDD}.Release|Any CPU.ActiveCfg = Release|x86
		{CC4F85D2-34C9-46C7-94EA-EBF40AD84CDD}.Release|x86.ActiveCfg = Release|x86
		{CC4F85D2-34C9-46C7-94EA-EBF40AD84CDD}.Release|x86.Build.0 = Release|x86
		{57ECF2DB-3026-43C0-BB48-489AC41274E2}.Debug|Any CPU.ActiveCfg = Debug|x86
		{57ECF2DB-3026-43C0-BB48-489AC41274E2}.Debug|x86.ActiveCfg = Debug|x86
		{57ECF2DB-3026-43C0-BB48-489AC41274E2}.Debug|x86.Build.0 = Debug|x86
		{57ECF2DB-3026-43C0-BB48-489AC41274E2}.Release|Any CPU.ActiveCfg = Release|x86
		{57ECF2DB-3026-43C0-BB48-489AC41274E2}.Release|x86.ActiveCfg = Release|x86
		{57ECF2DB-3026-43C0-BB48-489AC41274E2}.Release|x86.Build.0 = Release|x86
		{8BC5DFD8-6F82-4756-8031-3397FC2F663C}.Debug|Any CPU.ActiveCfg = Debug|x86
		{8BC5DFD8-6F82-4756-8031-3397FC2F663C}.Debug|x86.ActiveCfg = Debug|x86
		{8BC5DFD8-6F82-4756-8031-3397FC2F663C}.Debug|x86.Build.0 = Debug|x86
		{8BC5DFD8-6F82-4756-8031-3397FC2F663C}.Release|Any CPU.ActiveCfg = Release|x86
		{8BC5DFD8-6F82-4756-8031-3397FC2F663C}.Release|x86.ActiveCfg = Release|x86
		{8BC5DFD8-6F82-4756-8031-3397FC2F663C}.Release|x86.Build.0 = Release|x86
		{FF59AF5B-5FE0-4390-B48D-C98289435500}.Debug|Any CPU.ActiveCfg = Debug|x86
		{FF59AF5B-5FE0-4390-B48D-C98289435500}.Debug|x86.ActiveCfg = Debug|x86
		{FF59AF5B-5FE0-4390-B48D-C98289435500}.Debug|x86.Build.0 = Debug|x86
		{FF59AF5B-5FE0-4390-B48D-C98289435500}.Release|Any CPU.ActiveCfg = Release|x86
		{FF59AF5B-5FE0-4390-B48D-C98289435500}.Release|x86.ActiveCfg = Release|x86
		{FF59AF5B-5FE0-4390-B48D-C98289435500}.Release|x86.Build.0 = Release|x86
		{4464DC37-8337-471A-A786-5DF70D47D48B}.Debug|Any CPU.ActiveCfg = Debug|x86
		{4464DC37-8337-471A-A786-5DF70D47D48B}.Debug|x86.ActiveCfg = Debug|x86
		{4464DC37-8337-471A-A786-5DF70D47D48B}.Debug|x86.Build.0 = Debug|x86
		{4464DC37-8337-471A-A786-5DF70D47D48B}.Release|Any CPU.ActiveCfg = Release|x86
		{4464DC37-8337-471A-A786-5DF70D47D48B}.Release|x86.ActiveCfg = Release|x86
		{4464DC37-8337-471A-A786-5DF70D47D48B}.Release|x86.Build.0 = Release|x86
		{2568B223-FCBA-4899-AF3C-D281EE48049D}.Debug|Any CPU.ActiveCfg = Debug|x86
		{2568B223-FCBA-4899-AF3C-D281EE48049D}.Debug|x86.ActiveCfg = Debug|x86
		{2568B223-FCBA-4899-AF3C-D281EE48049D}.Debug|x86.Build.0 = Debug|x86
		{2568B223-FCBA-4899-AF3C-D281EE48049D}.Release|Any CPU.ActiveCfg = Release|x86
		{2568B223-FCBA-4899-AF3C-D281EE48049D}.Release|x86.ActiveCfg = Release|x86
		{2568B223-FCBA-4899-AF3C-D281EE48049D}.Release|x86.Build.0 = Release|x86
		{314E0FE5-BED2-46BD-8412-780DC2F9ADCA}.Debug|Any CPU.ActiveCfg = Debug|x86
		{314E0FE5-BED2-46BD-8412-780DC2F9ADCA}.Debug|x86.ActiveCfg = Debug|x86
		{314E0FE5-BED2-46BD-8412-780DC2F9ADCA}.Debug|x86.Build.0 = Debug|x86
		{314E0FE5-BED2-46BD-8412-780DC2F9ADCA}.Release|Any CPU.ActiveCfg = Release|x86
		{314E0FE5-BED2-46BD-8412-780DC2F9ADCA}.Release|x86.ActiveCfg = Release|x86
		{314E0FE5-BED2-46BD-8412-780DC2F9ADCA}.Release|x86.Build.0 = Release|x86
		{57068B86-94F2-4F96-83BB-86B658140FE8}.Debug|Any CPU.ActiveCfg = Debug|x86
		{57068B86-94F2-4F96-83BB-86B658140FE8}.Debug|x86.ActiveCfg = Debug|x86
		{57068B86-94F2-4F96-83BB-86B658140FE8}.Debug|x86.Build.0 = Debug|x86
		{57068B86-94F2-4F96-83BB-86B658140FE8}.Release|Any CPU.ActiveCfg = Release|x86
		{57068B86-94F2-4F96-83BB-86B658140FE8}.Release|x86.ActiveCfg = Release|x86
		{57068B86-94F2-4F96-83BB-86B658140FE8}.Release|x86.Build.0 = Release|x86
		{6CF382D4-A385-451E-A960-912AB2C734CD}.Debug|Any CPU.ActiveCfg = Debug|x86
		{6CF382D4-A385-451E-A960-912AB2C734CD}.Debug|x86.ActiveCfg = Debug|x86
		{6CF382D4-A385-451E-A960-912AB2C734CD}.Debug|x86.Build.0 = Debug|x86
		{6CF382D4-A385-451E-A960-912AB2C734CD}.Release|Any CPU.ActiveCfg = Release|x86
		{6CF382D4-A385-451E-A960-912AB2C734CD}.Release|x86.ActiveCfg = Release|x86
		{6CF382D4-A385-451E-A960-912AB2C734CD}.Release|x86.Build.0 = Release|x86
		{F22788C7-4489-49A7-83B9-FA0360749899}.Debug|Any CPU.ActiveCfg = Debug|x86
		{F22788C7-4489-49A7-83B9-FA0360749899}.Debug|x86.ActiveCfg = Debug|x86
		{F22788C7-4489-49A7-83B9-FA0360749899}.Debug|x86.Build.0 = Debug|x86
		{F22788C7-4489-49A7-83B9-FA0360749899}.Release|Any CPU.ActiveCfg = Release|x86
		{F22788C7-4489-49A7-83B9-FA0360749899}.Release|x86.ActiveCfg = Release|x86
		{F22788C7-4489-49A7-83B9-FA0360749899}.Release|x86.Build.0 = Release|x86
		{F1238510-5ED3-4799-97E9-18170E6FDE26}.Debug|Any CPU.ActiveCfg = Debug|x86
		{F1238510-5ED3-4799-97E9-18170E6FDE26}.Debug|x86.ActiveCfg = Debug|x86
		{F1238510-5ED3-4799-97E9-18170E6FDE26}.Debug|x86.Build.0 = Debug|x86
		{F1238510-5ED3-4799-97E9-18170E6FDE26}.Release|Any CPU.ActiveCfg = Release|x86
		{F1238510-5ED3-4799-97E9-18170E6FDE26}.Release|x86.ActiveCfg = Release|x86
		{F1238510-5ED3-4799-97E9-18170E6FDE26}.Release|x86.Build.0 = Release|x86
		{F3024BEF-0E4E-4D0C-A0F3-04A7C0FFCDA1}.Debug|Any CPU.ActiveCfg = Debug|x86
		{F3024BEF-0E4E-4D0C-A0F3-04A7C0FFCDA1}.Debug|x86.ActiveCfg = Debug|x86
		{F3024BEF-0E4E-4D0C-A0F3-04A7C0FFCDA1}.Debug|x86.Build.0 = Debug|x86
		{F3024BEF-0E4E-4D0C-A0F3-04A7C0FFCDA1}.Release|Any CPU.ActiveCfg = Release|x86
		{F3024BEF-0E4E-4D0C-A0F3-04A7C0FFCDA1}.Release|x86.ActiveCfg = Release|x86
		{F3024BEF-0E4E-4D0C-A0F3-04A7C0FFCDA1}.Release|x86.Build.0 = Release|x86
		{BAB88AA4-6B45-43CE-83E1-CAA1B52591CC}.Debug|Any CPU.ActiveCfg = Debug|x86
		{BAB88AA4-6B45-43CE-83E1-CAA1B52591CC}.Debug|x86.ActiveCfg = Debug|x86
		{BAB88AA4-6B45-43CE-83E1-CAA1B52591CC}.Debug|x86.Build.0 = Debug|x86
		{BAB88AA4-6B45-43CE-83E1-CAA1B52591CC}.Release|Any CPU.ActiveCfg = Release|x86
		{BAB88AA4-6B45-43CE-83E1-CAA1B52591CC}.Release|x86.ActiveCfg = Release|x86
		{BAB88AA4-6B45-43CE-83E1-CAA1B52591CC}.Release|x86.Build.0 = Release|x86
		{C80ACE12-9653-4EA7-95AF-E669BDC4BA35}.Debug|Any CPU.ActiveCfg = Debug|x86
		{C80ACE12-9653-4EA7-95AF-E669BDC4BA35}.Debug|x86.ActiveCfg = Debug|x86
		{C80ACE12-9653-4EA7-95AF-E669BDC4BA35}.Debug|x86.Build.0 = Debug|x86
		{C80ACE12-9653-4EA7-95AF-E669BDC4BA35}.Release|Any CPU.ActiveCfg = Release|x86
		{C80ACE12-9653-4EA7-95AF-E669BDC4BA35}.Release|x86.ActiveCfg = Release|x86
		{C80ACE12-9653-4EA7-95AF-E669BDC4BA35}.Release|x86.Build.0 = Release|x86
		{3EC64024-6DBA-4CB6-9AEC-4CC5FEB1FAA2}.Debug|Any CPU.ActiveCfg = Debug|x86
		{3EC64024-6DBA-4CB6-9AEC-4CC5FEB1FAA2}.Debug|x86.ActiveCfg = Debug|x86
		{3EC64024-6DBA-4CB6-9AEC-4CC5FEB1FAA2}.Debug|x86.Build.0 = Debug|x86
		{3EC64024-6DBA-4CB6-9AEC-4CC5FEB1FAA2}.Release|Any CPU.ActiveCfg = Release|x86
		{3EC64024-6DBA-4CB6-9AEC-4CC5FEB1FAA2}.Release|x86.ActiveCfg = Release|x86
		{3EC64024-6DBA-4CB6-9AEC-4CC5FEB1FAA2}.Release|x86.Build.0 = Release|x86
		{11AEC8C0-72A3-4836-88FC-E9E888D69078}.Debug|Any CPU.ActiveCfg = Debug|x86
		{11AEC8C0-72A3-4836-88FC-E9E888D69078}.Debug|x86.ActiveCfg = Debug|x86
		{11AEC8C0-72A3-4836-88FC-E9E888D69078}.Debug|x86.Build.0 = Debug|x86
		{11AEC8C0-72A3-4836-88FC-E9E888D69078}.Release|Any CPU.ActiveCfg = Release|x86
		{11AEC8C0-72A3-4836-88FC-E9E888D69078}.Release|x86.ActiveCfg = Release|x86
		{11AEC8C0-72A3-4836-88FC-E9E888D69078}.Release|x86.Build.0 = Release|x86
		{8180D3F1-EBB4-46E6-9C49-B267DB2C13AE}.Debug|Any CPU.ActiveCfg = Debug|x86
		{8180D3F1-EBB4-46E6-9C49-B267DB2C13AE}.Debug|x86.ActiveCfg = Debug|x86
		{8180D3F1-EBB4-46E6-9C49-B267DB2C13AE}.Debug|x86.Build.0 = Debug|x86
		{8180D3F1-EBB4-46E6-9C49-B267DB2C13AE}.Release|Any CPU.ActiveCfg = Release|x86
		{8180D3F1-EBB4-46E6-9C49-B267DB2C13AE}.Release|x86.ActiveCfg = Release|x86
		{8180D3F1-EBB4-46E6-9C49-B267DB2C13AE}.Release|x86.Build.0 = Release|x86
		{DD16A042-9B79-4FB0-9849-33C05E452A30}.Debug|Any CPU.ActiveCfg = Debug|x86
		{DD16A042-9B79-4FB0-9849-33C05E452A30}.Debug|x86.ActiveCfg = Debug|x86
		{DD16A042-9B79-4FB0-9849-33C05E452A30}.Debug|x86.Build.0 = Debug|x86
		{DD16A042-9B79-4FB0-9849-33C05E452A30}.Release|Any CPU.ActiveCfg = Release|x86
		{DD16A042-9B79-4FB0-9849-33C05E452A30}.Release|x86.ActiveCfg = Release|x86
		{DD16A042-9B79-4FB0-9849-33C05E452A30}.Release|x86.Build.0 = Release|x86
		{7B113474-5188-402E-8847-930107300455}.Debug|Any CPU.ActiveCfg = Debug|x86
		{7B113474-5188-402E-8847-930107300455}.Debug|x86.ActiveCfg = Debug|x86
		{7B113474-5188-402E-8847-930107300455}.Debug|x86.Build.0 = Debug|x86
		{7B113474-5188-402E-8847-930107300455}.Release|Any CPU.ActiveCfg = Release|x86
		{7B113474-5188-402E-8847-930107300455}.Release|x86.ActiveCfg = Release|x86
		{7B113474-5188-402E-8847-930107300455}.Release|x86.Build.0 = Release|x86
		{914341E2-99E7-4822-A3B4-44404B951BE6}.Debug|Any CPU.ActiveCfg = Debug|x86
		{914341E2-99E7-4822-A3B4-44404B951BE6}.Debug|x86.ActiveCfg = Debug|x86
		{914341E2-99E7-4822-A3B4-44404B951BE6}.Debug|x86.Build.0 = Debug|x86
		{914341E2-99E7-4822-A3B4-44404B951BE6}.Release|Any CPU.ActiveCfg = Release|x86
		{914341E2-99E7-4822-A3B4-44404B951BE6}.Release|x86.ActiveCfg = Release|x86
		{914341E2-99E7-4822-A3B4-44404B951BE6}.Release|x86.Build.0 = Release|x86
		{3C3A0935-9882-4B1A-9D31-A78987FB61A4}.Debug|Any CPU.ActiveCfg = Debug|x86
		{3C3A0935-9882-4B1A-9D31-A78987FB61A4}.Debug|x86.ActiveCfg = Debug|x86
		{3C3A0935-9882-4B1A-9D31-A78987FB61A4}.Debug|x86.Build.0 = Debug|x86
		{3C3A0935-9882-4B1A-9D31-A78987FB61A4}.Release|Any CPU.ActiveCfg = Release|x86
		{3C3A0935-9882-4B1A-9D31-A78987FB61A4}.Release|x86.ActiveCfg = Release|x86
		{3C3A0935-9882-4B1A-9D31-A78987FB61A4}.Release|x86.Build.0 = Release|x86
		{A08BB762-E8A1-4004-9C84-1E103E2187D1}.Debug|Any CPU.ActiveCfg = Debug|x86
		{A08BB762-E8A1-4004-9C84-1E103E2187D1}.Debug|x86.ActiveCfg = Debug|x86
		{A08BB762-E8A1-4004-9C84-1E103E2187D1}.Debug|x86.Build.0 = Debug|x86
		{A08BB762-E8A1-4004-9C84-1E103E2187D1}.Release|Any CPU.ActiveCfg = Release|x86
		{A08BB762-E8A1-4004-9C84-1E103E2187D1}.Release|x86.ActiveCfg = Release|x86
		{A08BB762-E8A1-4004-9C84-1E103E2187D1}.Release|x86.Build.0 = Release|x86
		{45C1965B-7E78-4162-A794-CBAD8A2B59FA}.Debug|Any CPU.ActiveCfg = Debug|x86
		{45C1965B-7E78-4162-A794-CBAD8A2B59FA}.Debug|x86.ActiveCfg = Debug|x86
		{45C1965B-7E78-4162-A794-CBAD8A2B59FA}.Debug|x86.Build.0 = Debug|x86
		{45C1965B-7E78-4162-A794-CBAD8A2B59FA}.Release|Any CPU.ActiveCfg = Release|x86
		{45C1965B-7E78-4162-A794-CBAD8A2B59FA}.Release|x86.ActiveCfg = Release|x86
		{45C1965B-7E78-4162-A794-CBAD8A2B59FA}.Release|x86.Build.0 = Release|x86
		{71BFB8CF-2042-42F9-B29A-3AAD64B91910}.Debug|Any CPU.ActiveCfg = Debug|x86
		{71BFB8CF-2042-42F9-B29A-3AAD64B91910}.Debug|x86.ActiveCfg = Debug|x86
		{71BFB8CF-2042-42F9-B29A-3AAD64B91910}.Debug|x86.Build.0 = Debug|x86
		{71BFB8CF-2042-42F9-B29A-3AAD64B91910}.Release|Any CPU.ActiveCfg = Release|x86
		{71BFB8CF-2042-42F9-B29A-3AAD64B91910}.Release|x86.ActiveCfg = Release|x86
		{71BFB8CF-2042-42F9-B29A-3AAD64B91910}.Release|x86.Build.0 = Release|x86
		{28C4FB2B-BDA1-41E7-95BC-DE9D5400A86B}.Debug|Any CPU.ActiveCfg = Debug|x86
		{28C4FB2B-BDA1-41E7-95BC-DE9D5400A86B}.Debug|x86.ActiveCfg = Debug|x86
		{28C4FB2B-BDA1-41E7-95BC-DE9D5400A86B}.Debug|x86.Build.0 = Debug|x86
		{28C4FB2B-BDA1-41E7-95BC-DE9D5400A86B}.Release|Any CPU.ActiveCfg = Release|x86
		{28C4FB2B-BDA1-41E7-95BC-DE9D5400A86B}.Release|x86.ActiveCfg = Release|x86
		{28C4FB2B-BDA1-41E7-95BC-DE9D5400A86B}.Release|x86.Build.0 = Release|x86
		{CAF348A9-A65C-4C81-AC59-A43159301154}.Debug|Any CPU.ActiveCfg = Debug|x86
		{CAF348A9-A65C-4C81-AC59-A43159301154}.Debug|x86.ActiveCfg = Debug|x86
		{CAF348A9-A65C-4C81-AC59-A43159301154}.Debug|x86.Build.0 = Debug|x86
		{CAF348A9-A65C-4C81-AC59-A43159301154}.Release|Any CPU.ActiveCfg = Release|x86
		{CAF348A9-A65C-4C81-AC59-A43159301154}.Release|x86.ActiveCfg = Release|x86
		{CAF348A9-A65C-4C81-AC59-A43159301154}.Release|x86.Build.0 = Release|x86
		{929A9863-80F0-42DF-8849-6D22095C94F3}.Debug|Any CPU.ActiveCfg = Debug|Any CPU
		{929A9863-80F0-42DF-8849-6D22095C94F3}.Debug|Any CPU.Build.0 = Debug|Any CPU
		{929A9863-80F0-42DF-8849-6D22095C94F3}.Debug|x86.ActiveCfg = Debug|Any CPU
		{929A9863-80F0-42DF-8849-6D22095C94F3}.Debug|x86.Build.0 = Debug|Any CPU
		{929A9863-80F0-42DF-8849-6D22095C94F3}.Release|Any CPU.ActiveCfg = Release|Any CPU
		{929A9863-80F0-42DF-8849-6D22095C94F3}.Release|Any CPU.Build.0 = Release|Any CPU
		{929A9863-80F0-42DF-8849-6D22095C94F3}.Release|x86.ActiveCfg = Release|Any CPU
		{929A9863-80F0-42DF-8849-6D22095C94F3}.Release|x86.Build.0 = Release|Any CPU
		{42E8FB49-D740-4C64-8DA8-EE63EA9BAF04}.Debug|Any CPU.ActiveCfg = Debug|x86
		{42E8FB49-D740-4C64-8DA8-EE63EA9BAF04}.Debug|x86.ActiveCfg = Debug|x86
		{42E8FB49-D740-4C64-8DA8-EE63EA9BAF04}.Debug|x86.Build.0 = Debug|x86
		{42E8FB49-D740-4C64-8DA8-EE63EA9BAF04}.Release|Any CPU.ActiveCfg = Release|x86
		{42E8FB49-D740-4C64-8DA8-EE63EA9BAF04}.Release|x86.ActiveCfg = Release|x86
		{42E8FB49-D740-4C64-8DA8-EE63EA9BAF04}.Release|x86.Build.0 = Release|x86
		{1D062D75-8CE0-410C-B307-B388E2800EAD}.Debug|Any CPU.ActiveCfg = Debug|x86
		{1D062D75-8CE0-410C-B307-B388E2800EAD}.Debug|x86.ActiveCfg = Debug|x86
		{1D062D75-8CE0-410C-B307-B388E2800EAD}.Debug|x86.Build.0 = Debug|x86
		{1D062D75-8CE0-410C-B307-B388E2800EAD}.Release|Any CPU.ActiveCfg = Release|x86
		{1D062D75-8CE0-410C-B307-B388E2800EAD}.Release|x86.ActiveCfg = Release|x86
		{1D062D75-8CE0-410C-B307-B388E2800EAD}.Release|x86.Build.0 = Release|x86
	EndGlobalSection
	GlobalSection(SolutionProperties) = preSolution
		HideSolutionNode = FALSE
	EndGlobalSection
	GlobalSection(NestedProjects) = preSolution
		{E8613D11-0362-4E9F-A9F6-577C09DC41BA} = {1D5A35B8-DA8E-4D1B-81E6-B6833BD0D55A}
		{2BD1F637-3578-454F-9030-D97732D979FC} = {1D5A35B8-DA8E-4D1B-81E6-B6833BD0D55A}
		{E1DD4A8A-0D10-4855-BC58-9BF720C2EC04} = {1D5A35B8-DA8E-4D1B-81E6-B6833BD0D55A}
		{CD451254-7EE7-4A54-8B2A-2E7C4FBCB66D} = {1D5A35B8-DA8E-4D1B-81E6-B6833BD0D55A}
		{4A6F7534-3366-488D-AAEB-6884F65D5BA6} = {1D5A35B8-DA8E-4D1B-81E6-B6833BD0D55A}
		{A47699E0-DC84-4EB2-816B-FDBBF82D41E6} = {1D5A35B8-DA8E-4D1B-81E6-B6833BD0D55A}
		{41648D3C-A029-4995-952E-E10278A1EA3F} = {1D5A35B8-DA8E-4D1B-81E6-B6833BD0D55A}
	EndGlobalSection
	GlobalSection(ExtensibilityGlobals) = postSolution
		SolutionGuid = {38EB01DD-BAE8-4977-9815-463F5F434FBF}
	EndGlobalSection
EndGlobal
