
Microsoft Visual Studio Solution File, Format Version 12.00
# Visual Studio Express 2013 for Windows Desktop
VisualStudioVersion = 12.0.21005.1
MinimumVisualStudioVersion = 10.0.40219.1
Project("{FAE04EC0-301F-11D3-BF4B-00C04F79EFBC}") = "ThreeHeartDancePartner", "StardewValleyMP\ThreeHeartDancePartner.csproj", "{E1CBD6A1-F9D8-4FAA-9D5D-BB1E49682FE6}"
EndProject
Global
	GlobalSection(SolutionConfigurationPlatforms) = preSolution
		Debug|Any CPU = Debug|Any CPU
		Debug|x86 = Debug|x86
		Release|Any CPU = Release|Any CPU
		Release|x86 = Release|x86
	EndGlobalSection
	GlobalSection(ProjectConfigurationPlatforms) = postSolution
		{E1CBD6A1-F9D8-4FAA-9D5D-BB1E49682FE6}.Debug|Any CPU.ActiveCfg = Debug|Any CPU
		{E1CBD6A1-F9D8-4FAA-9D5D-BB1E49682FE6}.Debug|Any CPU.Build.0 = Debug|Any CPU
		{E1CBD6A1-F9D8-4FAA-9D5D-BB1E49682FE6}.Debug|x86.ActiveCfg = Debug|x86
		{E1CBD6A1-F9D8-4FAA-9D5D-BB1E49682FE6}.Debug|x86.Build.0 = Debug|x86
		{E1CBD6A1-F9D8-4FAA-9D5D-BB1E49682FE6}.Release|Any CPU.ActiveCfg = Release|Any CPU
		{E1CBD6A1-F9D8-4FAA-9D5D-BB1E49682FE6}.Release|Any CPU.Build.0 = Release|Any CPU
		{E1CBD6A1-F9D8-4FAA-9D5D-BB1E49682FE6}.Release|x86.ActiveCfg = Release|x86
		{E1CBD6A1-F9D8-4FAA-9D5D-BB1E49682FE6}.Release|x86.Build.0 = Release|x86
	EndGlobalSection
	GlobalSection(SolutionProperties) = preSolution
		HideSolutionNode = FALSE
	EndGlobalSection
EndGlobal
